
Microsoft Visual Studio Solution File, Format Version 12.00
# Visual Studio Version 17
VisualStudioVersion = 17.14.36301.6
MinimumVisualStudioVersion = 10.0.40219.1
Project("{9A19103F-16F7-4668-BE54-9A1E7A4F7556}") = "MrKupido.RecipeUpload.MindMegette", "MrKupido.RecipeUpload.MindMegette\MrKupido.RecipeUpload.MindMegette.csproj", "{B212328C-8464-4E99-8EB4-1702650284CE}"
EndProject
Project("{9A19103F-16F7-4668-BE54-9A1E7A4F7556}") = "MrKupido.Model", "MrKupido.Model\MrKupido.Model.csproj", "{35A67DC3-381C-43E3-B424-6C170E216D49}"
EndProject
Project("{9A19103F-16F7-4668-BE54-9A1E7A4F7556}") = "MrKupido.DataAccess", "MrKupido.DataAccess\MrKupido.DataAccess.csproj", "{8BD91A7F-5098-4728-BDBD-02E0802D04D2}"
EndProject
Project("{9A19103F-16F7-4668-BE54-9A1E7A4F7556}") = "MrKupido.RecipeUpload.AllRecipes", "MrKupido.RecipeUpload.AllRecipes\MrKupido.RecipeUpload.AllRecipes.csproj", "{C03A6875-EF1A-41EC-8EB1-F4AE9E986F6C}"
EndProject
Project("{9A19103F-16F7-4668-BE54-9A1E7A4F7556}") = "MrKupido.Utils", "MrKupido.Utils\MrKupido.Utils.csproj", "{00DAE49E-6106-4252-902D-AACC3D4018D2}"
EndProject
Project("{FAE04EC0-301F-11D3-BF4B-00C04F79EFBC}") = "MrKupido.Web", "MrKupido.Web\MrKupido.Web.csproj", "{F1DD9F8F-8E3B-4F21-B0DA-99B038A1718E}"
EndProject
Project("{9A19103F-16F7-4668-BE54-9A1E7A4F7556}") = "MrKupido.Library", "MrKupido.Library\MrKupido.Library.csproj", "{44930A70-2BFF-4634-BD17-1ECB20D9C683}"
EndProject
Project("{9A19103F-16F7-4668-BE54-9A1E7A4F7556}") = "MrKupido.Library.Recipe", "MrKupido.Library.Recipe\MrKupido.Library.Recipe.csproj", "{A11FE062-4069-4EC5-B2FF-967DC473F1CC}"
	ProjectSection(ProjectDependencies) = postProject
		{8FEC2D94-732E-4C80-87C0-CD34BF2E5814} = {8FEC2D94-732E-4C80-87C0-CD34BF2E5814}
	EndProjectSection
EndProject
Project("{9A19103F-16F7-4668-BE54-9A1E7A4F7556}") = "MrKupido.Processor", "MrKupido.Processor\MrKupido.Processor.csproj", "{B6B63F3C-1D38-4AF5-94AE-55B2160A61FE}"
EndProject
Project("{9A19103F-16F7-4668-BE54-9A1E7A4F7556}") = "MrKupido.Patcher", "MrKupido.Patcher\MrKupido.Patcher.csproj", "{8FEC2D94-732E-4C80-87C0-CD34BF2E5814}"
	ProjectSection(ProjectDependencies) = postProject
		{B6B63F3C-1D38-4AF5-94AE-55B2160A61FE} = {B6B63F3C-1D38-4AF5-94AE-55B2160A61FE}
	EndProjectSection
EndProject
Project("{9A19103F-16F7-4668-BE54-9A1E7A4F7556}") = "MrKupido.IngredientRanking", "MrKupido.IngredientRanking\MrKupido.IngredientRanking.csproj", "{CEB67D35-07A3-4104-BCD5-5C80A621C1F4}"
EndProject
Project("{2150E333-8FDC-42A3-9474-1A3956D46DE8}") = "Solution Items", "Solution Items", "{61B76AEA-E109-4490-A677-EEE2A10388AD}"
	ProjectSection(SolutionItems) = preProject
		WE-browsers.xml = WE-browsers.xml
		WE-settings.xml = WE-settings.xml
	EndProjectSection
EndProject
Project("{9A19103F-16F7-4668-BE54-9A1E7A4F7556}") = "MrKupido.Library.Provider", "MrKupido.Library.Provider\MrKupido.Library.Provider.csproj", "{1341FB74-CF05-4CF0-897F-D181F308848D}"
EndProject
Project("{2150E333-8FDC-42A3-9474-1A3956D46DE8}") = ".nuget", ".nuget", "{BE275D11-927B-475B-BBD3-E10597BC2298}"
EndProject
Project("{9A19103F-16F7-4668-BE54-9A1E7A4F7556}") = "MrKupido.Web.Authentication", "MrKupido.Web.Authentication\MrKupido.Web.Authentication.csproj", "{AA78D112-D889-414B-A7D4-467B34C7B663}"
EndProject
Global
	GlobalSection(SolutionConfigurationPlatforms) = preSolution
		CodeAnalysis|Any CPU = CodeAnalysis|Any CPU
		CodeAnalysis|Mixed Platforms = CodeAnalysis|Mixed Platforms
		CodeAnalysis|x86 = CodeAnalysis|x86
		Debug (x86)|Any CPU = Debug (x86)|Any CPU
		Debug (x86)|Mixed Platforms = Debug (x86)|Mixed Platforms
		Debug (x86)|x86 = Debug (x86)|x86
		Debug|Any CPU = Debug|Any CPU
		Debug|Mixed Platforms = Debug|Mixed Platforms
		Debug|x86 = Debug|x86
		net_4_0_Debug|Any CPU = net_4_0_Debug|Any CPU
		net_4_0_Debug|Mixed Platforms = net_4_0_Debug|Mixed Platforms
		net_4_0_Debug|x86 = net_4_0_Debug|x86
		net_4_0_Release|Any CPU = net_4_0_Release|Any CPU
		net_4_0_Release|Mixed Platforms = net_4_0_Release|Mixed Platforms
		net_4_0_Release|x86 = net_4_0_Release|x86
		Release_at_HFL|Any CPU = Release_at_HFL|Any CPU
		Release_at_HFL|Mixed Platforms = Release_at_HFL|Mixed Platforms
		Release_at_HFL|x86 = Release_at_HFL|x86
		Release|Any CPU = Release|Any CPU
		Release|Mixed Platforms = Release|Mixed Platforms
		Release|x86 = Release|x86
	EndGlobalSection
	GlobalSection(ProjectConfigurationPlatforms) = postSolution
		{B212328C-8464-4E99-8EB4-1702650284CE}.CodeAnalysis|Any CPU.ActiveCfg = Release|Any CPU
		{B212328C-8464-4E99-8EB4-1702650284CE}.CodeAnalysis|Any CPU.Build.0 = Release|Any CPU
		{B212328C-8464-4E99-8EB4-1702650284CE}.CodeAnalysis|Mixed Platforms.ActiveCfg = Release|Any CPU
		{B212328C-8464-4E99-8EB4-1702650284CE}.CodeAnalysis|Mixed Platforms.Build.0 = Release|Any CPU
		{B212328C-8464-4E99-8EB4-1702650284CE}.CodeAnalysis|x86.ActiveCfg = Release|Any CPU
		{B212328C-8464-4E99-8EB4-1702650284CE}.CodeAnalysis|x86.Build.0 = Release|Any CPU
		{B212328C-8464-4E99-8EB4-1702650284CE}.Debug (x86)|Any CPU.ActiveCfg = Debug|Any CPU
		{B212328C-8464-4E99-8EB4-1702650284CE}.Debug (x86)|Any CPU.Build.0 = Debug|Any CPU
		{B212328C-8464-4E99-8EB4-1702650284CE}.Debug (x86)|Mixed Platforms.ActiveCfg = Debug|Any CPU
		{B212328C-8464-4E99-8EB4-1702650284CE}.Debug (x86)|Mixed Platforms.Build.0 = Debug|Any CPU
		{B212328C-8464-4E99-8EB4-1702650284CE}.Debug (x86)|x86.ActiveCfg = Debug|Any CPU
		{B212328C-8464-4E99-8EB4-1702650284CE}.Debug (x86)|x86.Build.0 = Debug|Any CPU
		{B212328C-8464-4E99-8EB4-1702650284CE}.Debug|Any CPU.ActiveCfg = Debug|Any CPU
		{B212328C-8464-4E99-8EB4-1702650284CE}.Debug|Mixed Platforms.ActiveCfg = Debug|Any CPU
		{B212328C-8464-4E99-8EB4-1702650284CE}.Debug|Mixed Platforms.Build.0 = Debug|Any CPU
		{B212328C-8464-4E99-8EB4-1702650284CE}.Debug|x86.ActiveCfg = Debug|Any CPU
		{B212328C-8464-4E99-8EB4-1702650284CE}.Debug|x86.Build.0 = Debug|Any CPU
		{B212328C-8464-4E99-8EB4-1702650284CE}.net_4_0_Debug|Any CPU.ActiveCfg = Debug|Any CPU
		{B212328C-8464-4E99-8EB4-1702650284CE}.net_4_0_Debug|Any CPU.Build.0 = Debug|Any CPU
		{B212328C-8464-4E99-8EB4-1702650284CE}.net_4_0_Debug|Mixed Platforms.ActiveCfg = Debug|Any CPU
		{B212328C-8464-4E99-8EB4-1702650284CE}.net_4_0_Debug|Mixed Platforms.Build.0 = Debug|Any CPU
		{B212328C-8464-4E99-8EB4-1702650284CE}.net_4_0_Debug|x86.ActiveCfg = Debug|Any CPU
		{B212328C-8464-4E99-8EB4-1702650284CE}.net_4_0_Debug|x86.Build.0 = Debug|Any CPU
		{B212328C-8464-4E99-8EB4-1702650284CE}.net_4_0_Release|Any CPU.ActiveCfg = Release|Any CPU
		{B212328C-8464-4E99-8EB4-1702650284CE}.net_4_0_Release|Any CPU.Build.0 = Release|Any CPU
		{B212328C-8464-4E99-8EB4-1702650284CE}.net_4_0_Release|Mixed Platforms.ActiveCfg = Release|Any CPU
		{B212328C-8464-4E99-8EB4-1702650284CE}.net_4_0_Release|Mixed Platforms.Build.0 = Release|Any CPU
		{B212328C-8464-4E99-8EB4-1702650284CE}.net_4_0_Release|x86.ActiveCfg = Release|Any CPU
		{B212328C-8464-4E99-8EB4-1702650284CE}.net_4_0_Release|x86.Build.0 = Release|Any CPU
		{B212328C-8464-4E99-8EB4-1702650284CE}.Release_at_HFL|Any CPU.ActiveCfg = Release|Any CPU
		{B212328C-8464-4E99-8EB4-1702650284CE}.Release_at_HFL|Any CPU.Build.0 = Release|Any CPU
		{B212328C-8464-4E99-8EB4-1702650284CE}.Release_at_HFL|Mixed Platforms.ActiveCfg = Release|Any CPU
		{B212328C-8464-4E99-8EB4-1702650284CE}.Release_at_HFL|Mixed Platforms.Build.0 = Release|Any CPU
		{B212328C-8464-4E99-8EB4-1702650284CE}.Release_at_HFL|x86.ActiveCfg = Release|Any CPU
		{B212328C-8464-4E99-8EB4-1702650284CE}.Release_at_HFL|x86.Build.0 = Release|Any CPU
		{B212328C-8464-4E99-8EB4-1702650284CE}.Release|Any CPU.ActiveCfg = Release|Any CPU
		{B212328C-8464-4E99-8EB4-1702650284CE}.Release|Any CPU.Build.0 = Release|Any CPU
		{B212328C-8464-4E99-8EB4-1702650284CE}.Release|Mixed Platforms.ActiveCfg = Release|Any CPU
		{B212328C-8464-4E99-8EB4-1702650284CE}.Release|Mixed Platforms.Build.0 = Release|Any CPU
		{B212328C-8464-4E99-8EB4-1702650284CE}.Release|x86.ActiveCfg = Release|Any CPU
		{B212328C-8464-4E99-8EB4-1702650284CE}.Release|x86.Build.0 = Release|Any CPU
		{35A67DC3-381C-43E3-B424-6C170E216D49}.CodeAnalysis|Any CPU.ActiveCfg = Release|Any CPU
		{35A67DC3-381C-43E3-B424-6C170E216D49}.CodeAnalysis|Any CPU.Build.0 = Release|Any CPU
		{35A67DC3-381C-43E3-B424-6C170E216D49}.CodeAnalysis|Mixed Platforms.ActiveCfg = Release|Any CPU
		{35A67DC3-381C-43E3-B424-6C170E216D49}.CodeAnalysis|Mixed Platforms.Build.0 = Release|Any CPU
		{35A67DC3-381C-43E3-B424-6C170E216D49}.CodeAnalysis|x86.ActiveCfg = Release|Any CPU
		{35A67DC3-381C-43E3-B424-6C170E216D49}.Debug (x86)|Any CPU.ActiveCfg = Debug|Any CPU
		{35A67DC3-381C-43E3-B424-6C170E216D49}.Debug (x86)|Any CPU.Build.0 = Debug|Any CPU
		{35A67DC3-381C-43E3-B424-6C170E216D49}.Debug (x86)|Mixed Platforms.ActiveCfg = Debug|Any CPU
		{35A67DC3-381C-43E3-B424-6C170E216D49}.Debug (x86)|Mixed Platforms.Build.0 = Debug|Any CPU
		{35A67DC3-381C-43E3-B424-6C170E216D49}.Debug (x86)|x86.ActiveCfg = Debug|Any CPU
		{35A67DC3-381C-43E3-B424-6C170E216D49}.Debug (x86)|x86.Build.0 = Debug|Any CPU
		{35A67DC3-381C-43E3-B424-6C170E216D49}.Debug|Any CPU.ActiveCfg = Debug|Any CPU
		{35A67DC3-381C-43E3-B424-6C170E216D49}.Debug|Any CPU.Build.0 = Debug|Any CPU
		{35A67DC3-381C-43E3-B424-6C170E216D49}.Debug|Mixed Platforms.ActiveCfg = Debug|Any CPU
		{35A67DC3-381C-43E3-B424-6C170E216D49}.Debug|Mixed Platforms.Build.0 = Debug|Any CPU
		{35A67DC3-381C-43E3-B424-6C170E216D49}.Debug|x86.ActiveCfg = Debug|Any CPU
		{35A67DC3-381C-43E3-B424-6C170E216D49}.Debug|x86.Build.0 = Debug|Any CPU
		{35A67DC3-381C-43E3-B424-6C170E216D49}.net_4_0_Debug|Any CPU.ActiveCfg = Debug|Any CPU
		{35A67DC3-381C-43E3-B424-6C170E216D49}.net_4_0_Debug|Any CPU.Build.0 = Debug|Any CPU
		{35A67DC3-381C-43E3-B424-6C170E216D49}.net_4_0_Debug|Mixed Platforms.ActiveCfg = Debug|Any CPU
		{35A67DC3-381C-43E3-B424-6C170E216D49}.net_4_0_Debug|Mixed Platforms.Build.0 = Debug|Any CPU
		{35A67DC3-381C-43E3-B424-6C170E216D49}.net_4_0_Debug|x86.ActiveCfg = Debug|Any CPU
		{35A67DC3-381C-43E3-B424-6C170E216D49}.net_4_0_Release|Any CPU.ActiveCfg = Release|Any CPU
		{35A67DC3-381C-43E3-B424-6C170E216D49}.net_4_0_Release|Any CPU.Build.0 = Release|Any CPU
		{35A67DC3-381C-43E3-B424-6C170E216D49}.net_4_0_Release|Mixed Platforms.ActiveCfg = Release|Any CPU
		{35A67DC3-381C-43E3-B424-6C170E216D49}.net_4_0_Release|Mixed Platforms.Build.0 = Release|Any CPU
		{35A67DC3-381C-43E3-B424-6C170E216D49}.net_4_0_Release|x86.ActiveCfg = Release|Any CPU
		{35A67DC3-381C-43E3-B424-6C170E216D49}.Release_at_HFL|Any CPU.ActiveCfg = Release|Any CPU
		{35A67DC3-381C-43E3-B424-6C170E216D49}.Release_at_HFL|Any CPU.Build.0 = Release|Any CPU
		{35A67DC3-381C-43E3-B424-6C170E216D49}.Release_at_HFL|Mixed Platforms.ActiveCfg = Release|Any CPU
		{35A67DC3-381C-43E3-B424-6C170E216D49}.Release_at_HFL|Mixed Platforms.Build.0 = Release|Any CPU
		{35A67DC3-381C-43E3-B424-6C170E216D49}.Release_at_HFL|x86.ActiveCfg = Release|Any CPU
		{35A67DC3-381C-43E3-B424-6C170E216D49}.Release_at_HFL|x86.Build.0 = Release|Any CPU
		{35A67DC3-381C-43E3-B424-6C170E216D49}.Release|Any CPU.ActiveCfg = Release|Any CPU
		{35A67DC3-381C-43E3-B424-6C170E216D49}.Release|Any CPU.Build.0 = Release|Any CPU
		{35A67DC3-381C-43E3-B424-6C170E216D49}.Release|Mixed Platforms.ActiveCfg = Release|Any CPU
		{35A67DC3-381C-43E3-B424-6C170E216D49}.Release|Mixed Platforms.Build.0 = Release|Any CPU
		{35A67DC3-381C-43E3-B424-6C170E216D49}.Release|x86.ActiveCfg = Release|Any CPU
		{8BD91A7F-5098-4728-BDBD-02E0802D04D2}.CodeAnalysis|Any CPU.ActiveCfg = Release|Any CPU
		{8BD91A7F-5098-4728-BDBD-02E0802D04D2}.CodeAnalysis|Any CPU.Build.0 = Release|Any CPU
		{8BD91A7F-5098-4728-BDBD-02E0802D04D2}.CodeAnalysis|Mixed Platforms.ActiveCfg = Release|Any CPU
		{8BD91A7F-5098-4728-BDBD-02E0802D04D2}.CodeAnalysis|Mixed Platforms.Build.0 = Release|Any CPU
		{8BD91A7F-5098-4728-BDBD-02E0802D04D2}.CodeAnalysis|x86.ActiveCfg = Release|Any CPU
		{8BD91A7F-5098-4728-BDBD-02E0802D04D2}.Debug (x86)|Any CPU.ActiveCfg = Debug|Any CPU
		{8BD91A7F-5098-4728-BDBD-02E0802D04D2}.Debug (x86)|Any CPU.Build.0 = Debug|Any CPU
		{8BD91A7F-5098-4728-BDBD-02E0802D04D2}.Debug (x86)|Mixed Platforms.ActiveCfg = Debug|Any CPU
		{8BD91A7F-5098-4728-BDBD-02E0802D04D2}.Debug (x86)|Mixed Platforms.Build.0 = Debug|Any CPU
		{8BD91A7F-5098-4728-BDBD-02E0802D04D2}.Debug (x86)|x86.ActiveCfg = Debug|Any CPU
		{8BD91A7F-5098-4728-BDBD-02E0802D04D2}.Debug (x86)|x86.Build.0 = Debug|Any CPU
		{8BD91A7F-5098-4728-BDBD-02E0802D04D2}.Debug|Any CPU.ActiveCfg = Debug|Any CPU
		{8BD91A7F-5098-4728-BDBD-02E0802D04D2}.Debug|Any CPU.Build.0 = Debug|Any CPU
		{8BD91A7F-5098-4728-BDBD-02E0802D04D2}.Debug|Mixed Platforms.ActiveCfg = Debug|Any CPU
		{8BD91A7F-5098-4728-BDBD-02E0802D04D2}.Debug|Mixed Platforms.Build.0 = Debug|Any CPU
		{8BD91A7F-5098-4728-BDBD-02E0802D04D2}.Debug|x86.ActiveCfg = Debug|Any CPU
		{8BD91A7F-5098-4728-BDBD-02E0802D04D2}.Debug|x86.Build.0 = Debug|Any CPU
		{8BD91A7F-5098-4728-BDBD-02E0802D04D2}.net_4_0_Debug|Any CPU.ActiveCfg = Debug|Any CPU
		{8BD91A7F-5098-4728-BDBD-02E0802D04D2}.net_4_0_Debug|Any CPU.Build.0 = Debug|Any CPU
		{8BD91A7F-5098-4728-BDBD-02E0802D04D2}.net_4_0_Debug|Mixed Platforms.ActiveCfg = Debug|Any CPU
		{8BD91A7F-5098-4728-BDBD-02E0802D04D2}.net_4_0_Debug|Mixed Platforms.Build.0 = Debug|Any CPU
		{8BD91A7F-5098-4728-BDBD-02E0802D04D2}.net_4_0_Debug|x86.ActiveCfg = Debug|Any CPU
		{8BD91A7F-5098-4728-BDBD-02E0802D04D2}.net_4_0_Release|Any CPU.ActiveCfg = Release|Any CPU
		{8BD91A7F-5098-4728-BDBD-02E0802D04D2}.net_4_0_Release|Any CPU.Build.0 = Release|Any CPU
		{8BD91A7F-5098-4728-BDBD-02E0802D04D2}.net_4_0_Release|Mixed Platforms.ActiveCfg = Release|Any CPU
		{8BD91A7F-5098-4728-BDBD-02E0802D04D2}.net_4_0_Release|Mixed Platforms.Build.0 = Release|Any CPU
		{8BD91A7F-5098-4728-BDBD-02E0802D04D2}.net_4_0_Release|x86.ActiveCfg = Release|Any CPU
		{8BD91A7F-5098-4728-BDBD-02E0802D04D2}.Release_at_HFL|Any CPU.ActiveCfg = Release|Any CPU
		{8BD91A7F-5098-4728-BDBD-02E0802D04D2}.Release_at_HFL|Any CPU.Build.0 = Release|Any CPU
		{8BD91A7F-5098-4728-BDBD-02E0802D04D2}.Release_at_HFL|Mixed Platforms.ActiveCfg = Release|Any CPU
		{8BD91A7F-5098-4728-BDBD-02E0802D04D2}.Release_at_HFL|Mixed Platforms.Build.0 = Release|Any CPU
		{8BD91A7F-5098-4728-BDBD-02E0802D04D2}.Release_at_HFL|x86.ActiveCfg = Release|Any CPU
		{8BD91A7F-5098-4728-BDBD-02E0802D04D2}.Release_at_HFL|x86.Build.0 = Release|Any CPU
		{8BD91A7F-5098-4728-BDBD-02E0802D04D2}.Release|Any CPU.ActiveCfg = Release|Any CPU
		{8BD91A7F-5098-4728-BDBD-02E0802D04D2}.Release|Any CPU.Build.0 = Release|Any CPU
		{8BD91A7F-5098-4728-BDBD-02E0802D04D2}.Release|Mixed Platforms.ActiveCfg = Release|Any CPU
		{8BD91A7F-5098-4728-BDBD-02E0802D04D2}.Release|Mixed Platforms.Build.0 = Release|Any CPU
		{8BD91A7F-5098-4728-BDBD-02E0802D04D2}.Release|x86.ActiveCfg = Release|Any CPU
		{C03A6875-EF1A-41EC-8EB1-F4AE9E986F6C}.CodeAnalysis|Any CPU.ActiveCfg = Release|Any CPU
		{C03A6875-EF1A-41EC-8EB1-F4AE9E986F6C}.CodeAnalysis|Any CPU.Build.0 = Release|Any CPU
		{C03A6875-EF1A-41EC-8EB1-F4AE9E986F6C}.CodeAnalysis|Mixed Platforms.ActiveCfg = Release|Any CPU
		{C03A6875-EF1A-41EC-8EB1-F4AE9E986F6C}.CodeAnalysis|Mixed Platforms.Build.0 = Release|Any CPU
		{C03A6875-EF1A-41EC-8EB1-F4AE9E986F6C}.CodeAnalysis|x86.ActiveCfg = Release|Any CPU
		{C03A6875-EF1A-41EC-8EB1-F4AE9E986F6C}.CodeAnalysis|x86.Build.0 = Release|Any CPU
		{C03A6875-EF1A-41EC-8EB1-F4AE9E986F6C}.Debug (x86)|Any CPU.ActiveCfg = Debug|Any CPU
		{C03A6875-EF1A-41EC-8EB1-F4AE9E986F6C}.Debug (x86)|Any CPU.Build.0 = Debug|Any CPU
		{C03A6875-EF1A-41EC-8EB1-F4AE9E986F6C}.Debug (x86)|Mixed Platforms.ActiveCfg = Debug|Any CPU
		{C03A6875-EF1A-41EC-8EB1-F4AE9E986F6C}.Debug (x86)|Mixed Platforms.Build.0 = Debug|Any CPU
		{C03A6875-EF1A-41EC-8EB1-F4AE9E986F6C}.Debug (x86)|x86.ActiveCfg = Debug|Any CPU
		{C03A6875-EF1A-41EC-8EB1-F4AE9E986F6C}.Debug (x86)|x86.Build.0 = Debug|Any CPU
		{C03A6875-EF1A-41EC-8EB1-F4AE9E986F6C}.Debug|Any CPU.ActiveCfg = Debug|Any CPU
		{C03A6875-EF1A-41EC-8EB1-F4AE9E986F6C}.Debug|Mixed Platforms.ActiveCfg = Debug|Any CPU
		{C03A6875-EF1A-41EC-8EB1-F4AE9E986F6C}.Debug|Mixed Platforms.Build.0 = Debug|Any CPU
		{C03A6875-EF1A-41EC-8EB1-F4AE9E986F6C}.Debug|x86.ActiveCfg = Debug|Any CPU
		{C03A6875-EF1A-41EC-8EB1-F4AE9E986F6C}.Debug|x86.Build.0 = Debug|Any CPU
		{C03A6875-EF1A-41EC-8EB1-F4AE9E986F6C}.net_4_0_Debug|Any CPU.ActiveCfg = Debug|Any CPU
		{C03A6875-EF1A-41EC-8EB1-F4AE9E986F6C}.net_4_0_Debug|Any CPU.Build.0 = Debug|Any CPU
		{C03A6875-EF1A-41EC-8EB1-F4AE9E986F6C}.net_4_0_Debug|Mixed Platforms.ActiveCfg = Debug|Any CPU
		{C03A6875-EF1A-41EC-8EB1-F4AE9E986F6C}.net_4_0_Debug|Mixed Platforms.Build.0 = Debug|Any CPU
		{C03A6875-EF1A-41EC-8EB1-F4AE9E986F6C}.net_4_0_Debug|x86.ActiveCfg = Debug|Any CPU
		{C03A6875-EF1A-41EC-8EB1-F4AE9E986F6C}.net_4_0_Debug|x86.Build.0 = Debug|Any CPU
		{C03A6875-EF1A-41EC-8EB1-F4AE9E986F6C}.net_4_0_Release|Any CPU.ActiveCfg = Release|Any CPU
		{C03A6875-EF1A-41EC-8EB1-F4AE9E986F6C}.net_4_0_Release|Any CPU.Build.0 = Release|Any CPU
		{C03A6875-EF1A-41EC-8EB1-F4AE9E986F6C}.net_4_0_Release|Mixed Platforms.ActiveCfg = Release|Any CPU
		{C03A6875-EF1A-41EC-8EB1-F4AE9E986F6C}.net_4_0_Release|Mixed Platforms.Build.0 = Release|Any CPU
		{C03A6875-EF1A-41EC-8EB1-F4AE9E986F6C}.net_4_0_Release|x86.ActiveCfg = Release|Any CPU
		{C03A6875-EF1A-41EC-8EB1-F4AE9E986F6C}.net_4_0_Release|x86.Build.0 = Release|Any CPU
		{C03A6875-EF1A-41EC-8EB1-F4AE9E986F6C}.Release_at_HFL|Any CPU.ActiveCfg = Release|Any CPU
		{C03A6875-EF1A-41EC-8EB1-F4AE9E986F6C}.Release_at_HFL|Any CPU.Build.0 = Release|Any CPU
		{C03A6875-EF1A-41EC-8EB1-F4AE9E986F6C}.Release_at_HFL|Mixed Platforms.ActiveCfg = Release|Any CPU
		{C03A6875-EF1A-41EC-8EB1-F4AE9E986F6C}.Release_at_HFL|Mixed Platforms.Build.0 = Release|Any CPU
		{C03A6875-EF1A-41EC-8EB1-F4AE9E986F6C}.Release_at_HFL|x86.ActiveCfg = Release|Any CPU
		{C03A6875-EF1A-41EC-8EB1-F4AE9E986F6C}.Release_at_HFL|x86.Build.0 = Release|Any CPU
		{C03A6875-EF1A-41EC-8EB1-F4AE9E986F6C}.Release|Any CPU.ActiveCfg = Release|Any CPU
		{C03A6875-EF1A-41EC-8EB1-F4AE9E986F6C}.Release|Any CPU.Build.0 = Release|Any CPU
		{C03A6875-EF1A-41EC-8EB1-F4AE9E986F6C}.Release|Mixed Platforms.ActiveCfg = Release|Any CPU
		{C03A6875-EF1A-41EC-8EB1-F4AE9E986F6C}.Release|Mixed Platforms.Build.0 = Release|Any CPU
		{C03A6875-EF1A-41EC-8EB1-F4AE9E986F6C}.Release|x86.ActiveCfg = Release|Any CPU
		{C03A6875-EF1A-41EC-8EB1-F4AE9E986F6C}.Release|x86.Build.0 = Release|Any CPU
		{00DAE49E-6106-4252-902D-AACC3D4018D2}.CodeAnalysis|Any CPU.ActiveCfg = Release|Any CPU
		{00DAE49E-6106-4252-902D-AACC3D4018D2}.CodeAnalysis|Any CPU.Build.0 = Release|Any CPU
		{00DAE49E-6106-4252-902D-AACC3D4018D2}.CodeAnalysis|Mixed Platforms.ActiveCfg = Release|Any CPU
		{00DAE49E-6106-4252-902D-AACC3D4018D2}.CodeAnalysis|Mixed Platforms.Build.0 = Release|Any CPU
		{00DAE49E-6106-4252-902D-AACC3D4018D2}.CodeAnalysis|x86.ActiveCfg = Release|Any CPU
		{00DAE49E-6106-4252-902D-AACC3D4018D2}.Debug (x86)|Any CPU.ActiveCfg = Debug|Any CPU
		{00DAE49E-6106-4252-902D-AACC3D4018D2}.Debug (x86)|Any CPU.Build.0 = Debug|Any CPU
		{00DAE49E-6106-4252-902D-AACC3D4018D2}.Debug (x86)|Mixed Platforms.ActiveCfg = Debug|Any CPU
		{00DAE49E-6106-4252-902D-AACC3D4018D2}.Debug (x86)|Mixed Platforms.Build.0 = Debug|Any CPU
		{00DAE49E-6106-4252-902D-AACC3D4018D2}.Debug (x86)|x86.ActiveCfg = Debug|Any CPU
		{00DAE49E-6106-4252-902D-AACC3D4018D2}.Debug (x86)|x86.Build.0 = Debug|Any CPU
		{00DAE49E-6106-4252-902D-AACC3D4018D2}.Debug|Any CPU.ActiveCfg = Debug|Any CPU
		{00DAE49E-6106-4252-902D-AACC3D4018D2}.Debug|Any CPU.Build.0 = Debug|Any CPU
		{00DAE49E-6106-4252-902D-AACC3D4018D2}.Debug|Mixed Platforms.ActiveCfg = Debug|Any CPU
		{00DAE49E-6106-4252-902D-AACC3D4018D2}.Debug|Mixed Platforms.Build.0 = Debug|Any CPU
		{00DAE49E-6106-4252-902D-AACC3D4018D2}.Debug|x86.ActiveCfg = Debug|Any CPU
		{00DAE49E-6106-4252-902D-AACC3D4018D2}.Debug|x86.Build.0 = Debug|Any CPU
		{00DAE49E-6106-4252-902D-AACC3D4018D2}.net_4_0_Debug|Any CPU.ActiveCfg = Debug|Any CPU
		{00DAE49E-6106-4252-902D-AACC3D4018D2}.net_4_0_Debug|Any CPU.Build.0 = Debug|Any CPU
		{00DAE49E-6106-4252-902D-AACC3D4018D2}.net_4_0_Debug|Mixed Platforms.ActiveCfg = Debug|Any CPU
		{00DAE49E-6106-4252-902D-AACC3D4018D2}.net_4_0_Debug|Mixed Platforms.Build.0 = Debug|Any CPU
		{00DAE49E-6106-4252-902D-AACC3D4018D2}.net_4_0_Debug|x86.ActiveCfg = Debug|Any CPU
		{00DAE49E-6106-4252-902D-AACC3D4018D2}.net_4_0_Release|Any CPU.ActiveCfg = Release|Any CPU
		{00DAE49E-6106-4252-902D-AACC3D4018D2}.net_4_0_Release|Any CPU.Build.0 = Release|Any CPU
		{00DAE49E-6106-4252-902D-AACC3D4018D2}.net_4_0_Release|Mixed Platforms.ActiveCfg = Release|Any CPU
		{00DAE49E-6106-4252-902D-AACC3D4018D2}.net_4_0_Release|Mixed Platforms.Build.0 = Release|Any CPU
		{00DAE49E-6106-4252-902D-AACC3D4018D2}.net_4_0_Release|x86.ActiveCfg = Release|Any CPU
		{00DAE49E-6106-4252-902D-AACC3D4018D2}.Release_at_HFL|Any CPU.ActiveCfg = Release|Any CPU
		{00DAE49E-6106-4252-902D-AACC3D4018D2}.Release_at_HFL|Any CPU.Build.0 = Release|Any CPU
		{00DAE49E-6106-4252-902D-AACC3D4018D2}.Release_at_HFL|Mixed Platforms.ActiveCfg = Release|Any CPU
		{00DAE49E-6106-4252-902D-AACC3D4018D2}.Release_at_HFL|Mixed Platforms.Build.0 = Release|Any CPU
		{00DAE49E-6106-4252-902D-AACC3D4018D2}.Release_at_HFL|x86.ActiveCfg = Release|Any CPU
		{00DAE49E-6106-4252-902D-AACC3D4018D2}.Release_at_HFL|x86.Build.0 = Release|Any CPU
		{00DAE49E-6106-4252-902D-AACC3D4018D2}.Release|Any CPU.ActiveCfg = Release|Any CPU
		{00DAE49E-6106-4252-902D-AACC3D4018D2}.Release|Any CPU.Build.0 = Release|Any CPU
		{00DAE49E-6106-4252-902D-AACC3D4018D2}.Release|Mixed Platforms.ActiveCfg = Release|Any CPU
		{00DAE49E-6106-4252-902D-AACC3D4018D2}.Release|Mixed Platforms.Build.0 = Release|Any CPU
		{00DAE49E-6106-4252-902D-AACC3D4018D2}.Release|x86.ActiveCfg = Release|Any CPU
		{F1DD9F8F-8E3B-4F21-B0DA-99B038A1718E}.CodeAnalysis|Any CPU.ActiveCfg = Release|Any CPU
		{F1DD9F8F-8E3B-4F21-B0DA-99B038A1718E}.CodeAnalysis|Any CPU.Build.0 = Release|Any CPU
		{F1DD9F8F-8E3B-4F21-B0DA-99B038A1718E}.CodeAnalysis|Mixed Platforms.ActiveCfg = Release|Any CPU
		{F1DD9F8F-8E3B-4F21-B0DA-99B038A1718E}.CodeAnalysis|Mixed Platforms.Build.0 = Release|Any CPU
		{F1DD9F8F-8E3B-4F21-B0DA-99B038A1718E}.CodeAnalysis|x86.ActiveCfg = Release|Any CPU
		{F1DD9F8F-8E3B-4F21-B0DA-99B038A1718E}.Debug (x86)|Any CPU.ActiveCfg = Debug|Any CPU
		{F1DD9F8F-8E3B-4F21-B0DA-99B038A1718E}.Debug (x86)|Any CPU.Build.0 = Debug|Any CPU
		{F1DD9F8F-8E3B-4F21-B0DA-99B038A1718E}.Debug (x86)|Mixed Platforms.ActiveCfg = Debug|Any CPU
		{F1DD9F8F-8E3B-4F21-B0DA-99B038A1718E}.Debug (x86)|Mixed Platforms.Build.0 = Debug|Any CPU
		{F1DD9F8F-8E3B-4F21-B0DA-99B038A1718E}.Debug (x86)|x86.ActiveCfg = Debug|x86
		{F1DD9F8F-8E3B-4F21-B0DA-99B038A1718E}.Debug (x86)|x86.Build.0 = Debug|x86
		{F1DD9F8F-8E3B-4F21-B0DA-99B038A1718E}.Debug|Any CPU.ActiveCfg = Debug|Any CPU
		{F1DD9F8F-8E3B-4F21-B0DA-99B038A1718E}.Debug|Any CPU.Build.0 = Debug|Any CPU
		{F1DD9F8F-8E3B-4F21-B0DA-99B038A1718E}.Debug|Mixed Platforms.ActiveCfg = Debug|Any CPU
		{F1DD9F8F-8E3B-4F21-B0DA-99B038A1718E}.Debug|Mixed Platforms.Build.0 = Debug|Any CPU
		{F1DD9F8F-8E3B-4F21-B0DA-99B038A1718E}.Debug|x86.ActiveCfg = Debug|Any CPU
		{F1DD9F8F-8E3B-4F21-B0DA-99B038A1718E}.Debug|x86.Build.0 = Debug|Any CPU
		{F1DD9F8F-8E3B-4F21-B0DA-99B038A1718E}.net_4_0_Debug|Any CPU.ActiveCfg = Debug|Any CPU
		{F1DD9F8F-8E3B-4F21-B0DA-99B038A1718E}.net_4_0_Debug|Any CPU.Build.0 = Debug|Any CPU
		{F1DD9F8F-8E3B-4F21-B0DA-99B038A1718E}.net_4_0_Debug|Mixed Platforms.ActiveCfg = Debug|Any CPU
		{F1DD9F8F-8E3B-4F21-B0DA-99B038A1718E}.net_4_0_Debug|Mixed Platforms.Build.0 = Debug|Any CPU
		{F1DD9F8F-8E3B-4F21-B0DA-99B038A1718E}.net_4_0_Debug|x86.ActiveCfg = Debug|Any CPU
		{F1DD9F8F-8E3B-4F21-B0DA-99B038A1718E}.net_4_0_Release|Any CPU.ActiveCfg = Release|Any CPU
		{F1DD9F8F-8E3B-4F21-B0DA-99B038A1718E}.net_4_0_Release|Any CPU.Build.0 = Release|Any CPU
		{F1DD9F8F-8E3B-4F21-B0DA-99B038A1718E}.net_4_0_Release|Mixed Platforms.ActiveCfg = Release|Any CPU
		{F1DD9F8F-8E3B-4F21-B0DA-99B038A1718E}.net_4_0_Release|Mixed Platforms.Build.0 = Release|Any CPU
		{F1DD9F8F-8E3B-4F21-B0DA-99B038A1718E}.net_4_0_Release|x86.ActiveCfg = Release|Any CPU
		{F1DD9F8F-8E3B-4F21-B0DA-99B038A1718E}.Release_at_HFL|Any CPU.ActiveCfg = Release_at_HFL|Any CPU
		{F1DD9F8F-8E3B-4F21-B0DA-99B038A1718E}.Release_at_HFL|Any CPU.Build.0 = Release_at_HFL|Any CPU
		{F1DD9F8F-8E3B-4F21-B0DA-99B038A1718E}.Release_at_HFL|Mixed Platforms.ActiveCfg = Release_at_HFL|x86
		{F1DD9F8F-8E3B-4F21-B0DA-99B038A1718E}.Release_at_HFL|Mixed Platforms.Build.0 = Release_at_HFL|x86
		{F1DD9F8F-8E3B-4F21-B0DA-99B038A1718E}.Release_at_HFL|x86.ActiveCfg = Release_at_HFL|x86
		{F1DD9F8F-8E3B-4F21-B0DA-99B038A1718E}.Release_at_HFL|x86.Build.0 = Release_at_HFL|x86
		{F1DD9F8F-8E3B-4F21-B0DA-99B038A1718E}.Release|Any CPU.ActiveCfg = Release|Any CPU
		{F1DD9F8F-8E3B-4F21-B0DA-99B038A1718E}.Release|Any CPU.Build.0 = Release|Any CPU
		{F1DD9F8F-8E3B-4F21-B0DA-99B038A1718E}.Release|Mixed Platforms.ActiveCfg = Release|Any CPU
		{F1DD9F8F-8E3B-4F21-B0DA-99B038A1718E}.Release|Mixed Platforms.Build.0 = Release|Any CPU
		{F1DD9F8F-8E3B-4F21-B0DA-99B038A1718E}.Release|x86.ActiveCfg = Release|Any CPU
		{44930A70-2BFF-4634-BD17-1ECB20D9C683}.CodeAnalysis|Any CPU.ActiveCfg = Release|Any CPU
		{44930A70-2BFF-4634-BD17-1ECB20D9C683}.CodeAnalysis|Any CPU.Build.0 = Release|Any CPU
		{44930A70-2BFF-4634-BD17-1ECB20D9C683}.CodeAnalysis|Mixed Platforms.ActiveCfg = Release|Any CPU
		{44930A70-2BFF-4634-BD17-1ECB20D9C683}.CodeAnalysis|Mixed Platforms.Build.0 = Release|Any CPU
		{44930A70-2BFF-4634-BD17-1ECB20D9C683}.CodeAnalysis|x86.ActiveCfg = Release|Any CPU
		{44930A70-2BFF-4634-BD17-1ECB20D9C683}.Debug (x86)|Any CPU.ActiveCfg = Debug|Any CPU
		{44930A70-2BFF-4634-BD17-1ECB20D9C683}.Debug (x86)|Any CPU.Build.0 = Debug|Any CPU
		{44930A70-2BFF-4634-BD17-1ECB20D9C683}.Debug (x86)|Mixed Platforms.ActiveCfg = Debug|Any CPU
		{44930A70-2BFF-4634-BD17-1ECB20D9C683}.Debug (x86)|Mixed Platforms.Build.0 = Debug|Any CPU
		{44930A70-2BFF-4634-BD17-1ECB20D9C683}.Debug (x86)|x86.ActiveCfg = Debug|Any CPU
		{44930A70-2BFF-4634-BD17-1ECB20D9C683}.Debug (x86)|x86.Build.0 = Debug|Any CPU
		{44930A70-2BFF-4634-BD17-1ECB20D9C683}.Debug|Any CPU.ActiveCfg = Debug|Any CPU
		{44930A70-2BFF-4634-BD17-1ECB20D9C683}.Debug|Any CPU.Build.0 = Debug|Any CPU
		{44930A70-2BFF-4634-BD17-1ECB20D9C683}.Debug|Mixed Platforms.ActiveCfg = Debug|Any CPU
		{44930A70-2BFF-4634-BD17-1ECB20D9C683}.Debug|Mixed Platforms.Build.0 = Debug|Any CPU
		{44930A70-2BFF-4634-BD17-1ECB20D9C683}.Debug|x86.ActiveCfg = Debug|Any CPU
		{44930A70-2BFF-4634-BD17-1ECB20D9C683}.Debug|x86.Build.0 = Debug|Any CPU
		{44930A70-2BFF-4634-BD17-1ECB20D9C683}.net_4_0_Debug|Any CPU.ActiveCfg = Debug|Any CPU
		{44930A70-2BFF-4634-BD17-1ECB20D9C683}.net_4_0_Debug|Any CPU.Build.0 = Debug|Any CPU
		{44930A70-2BFF-4634-BD17-1ECB20D9C683}.net_4_0_Debug|Mixed Platforms.ActiveCfg = Debug|Any CPU
		{44930A70-2BFF-4634-BD17-1ECB20D9C683}.net_4_0_Debug|Mixed Platforms.Build.0 = Debug|Any CPU
		{44930A70-2BFF-4634-BD17-1ECB20D9C683}.net_4_0_Debug|x86.ActiveCfg = Debug|Any CPU
		{44930A70-2BFF-4634-BD17-1ECB20D9C683}.net_4_0_Release|Any CPU.ActiveCfg = Release|Any CPU
		{44930A70-2BFF-4634-BD17-1ECB20D9C683}.net_4_0_Release|Any CPU.Build.0 = Release|Any CPU
		{44930A70-2BFF-4634-BD17-1ECB20D9C683}.net_4_0_Release|Mixed Platforms.ActiveCfg = Release|Any CPU
		{44930A70-2BFF-4634-BD17-1ECB20D9C683}.net_4_0_Release|Mixed Platforms.Build.0 = Release|Any CPU
		{44930A70-2BFF-4634-BD17-1ECB20D9C683}.net_4_0_Release|x86.ActiveCfg = Release|Any CPU
		{44930A70-2BFF-4634-BD17-1ECB20D9C683}.Release_at_HFL|Any CPU.ActiveCfg = Release|Any CPU
		{44930A70-2BFF-4634-BD17-1ECB20D9C683}.Release_at_HFL|Any CPU.Build.0 = Release|Any CPU
		{44930A70-2BFF-4634-BD17-1ECB20D9C683}.Release_at_HFL|Mixed Platforms.ActiveCfg = Release|Any CPU
		{44930A70-2BFF-4634-BD17-1ECB20D9C683}.Release_at_HFL|Mixed Platforms.Build.0 = Release|Any CPU
		{44930A70-2BFF-4634-BD17-1ECB20D9C683}.Release_at_HFL|x86.ActiveCfg = Release|Any CPU
		{44930A70-2BFF-4634-BD17-1ECB20D9C683}.Release_at_HFL|x86.Build.0 = Release|Any CPU
		{44930A70-2BFF-4634-BD17-1ECB20D9C683}.Release|Any CPU.ActiveCfg = Release|Any CPU
		{44930A70-2BFF-4634-BD17-1ECB20D9C683}.Release|Any CPU.Build.0 = Release|Any CPU
		{44930A70-2BFF-4634-BD17-1ECB20D9C683}.Release|Mixed Platforms.ActiveCfg = Release|Any CPU
		{44930A70-2BFF-4634-BD17-1ECB20D9C683}.Release|Mixed Platforms.Build.0 = Release|Any CPU
		{44930A70-2BFF-4634-BD17-1ECB20D9C683}.Release|x86.ActiveCfg = Release|Any CPU
		{A11FE062-4069-4EC5-B2FF-967DC473F1CC}.CodeAnalysis|Any CPU.ActiveCfg = Release|Any CPU
		{A11FE062-4069-4EC5-B2FF-967DC473F1CC}.CodeAnalysis|Any CPU.Build.0 = Release|Any CPU
		{A11FE062-4069-4EC5-B2FF-967DC473F1CC}.CodeAnalysis|Mixed Platforms.ActiveCfg = Release|Any CPU
		{A11FE062-4069-4EC5-B2FF-967DC473F1CC}.CodeAnalysis|Mixed Platforms.Build.0 = Release|Any CPU
		{A11FE062-4069-4EC5-B2FF-967DC473F1CC}.CodeAnalysis|x86.ActiveCfg = Release|Any CPU
		{A11FE062-4069-4EC5-B2FF-967DC473F1CC}.Debug (x86)|Any CPU.ActiveCfg = Debug|Any CPU
		{A11FE062-4069-4EC5-B2FF-967DC473F1CC}.Debug (x86)|Any CPU.Build.0 = Debug|Any CPU
		{A11FE062-4069-4EC5-B2FF-967DC473F1CC}.Debug (x86)|Mixed Platforms.ActiveCfg = Debug|Any CPU
		{A11FE062-4069-4EC5-B2FF-967DC473F1CC}.Debug (x86)|Mixed Platforms.Build.0 = Debug|Any CPU
		{A11FE062-4069-4EC5-B2FF-967DC473F1CC}.Debug (x86)|x86.ActiveCfg = Debug|Any CPU
		{A11FE062-4069-4EC5-B2FF-967DC473F1CC}.Debug (x86)|x86.Build.0 = Debug|Any CPU
		{A11FE062-4069-4EC5-B2FF-967DC473F1CC}.Debug|Any CPU.ActiveCfg = Debug|Any CPU
		{A11FE062-4069-4EC5-B2FF-967DC473F1CC}.Debug|Any CPU.Build.0 = Debug|Any CPU
		{A11FE062-4069-4EC5-B2FF-967DC473F1CC}.Debug|Mixed Platforms.ActiveCfg = Debug|Any CPU
		{A11FE062-4069-4EC5-B2FF-967DC473F1CC}.Debug|Mixed Platforms.Build.0 = Debug|Any CPU
		{A11FE062-4069-4EC5-B2FF-967DC473F1CC}.Debug|x86.ActiveCfg = Debug|Any CPU
		{A11FE062-4069-4EC5-B2FF-967DC473F1CC}.Debug|x86.Build.0 = Debug|Any CPU
		{A11FE062-4069-4EC5-B2FF-967DC473F1CC}.net_4_0_Debug|Any CPU.ActiveCfg = Debug|Any CPU
		{A11FE062-4069-4EC5-B2FF-967DC473F1CC}.net_4_0_Debug|Any CPU.Build.0 = Debug|Any CPU
		{A11FE062-4069-4EC5-B2FF-967DC473F1CC}.net_4_0_Debug|Mixed Platforms.ActiveCfg = Debug|Any CPU
		{A11FE062-4069-4EC5-B2FF-967DC473F1CC}.net_4_0_Debug|Mixed Platforms.Build.0 = Debug|Any CPU
		{A11FE062-4069-4EC5-B2FF-967DC473F1CC}.net_4_0_Debug|x86.ActiveCfg = Debug|Any CPU
		{A11FE062-4069-4EC5-B2FF-967DC473F1CC}.net_4_0_Release|Any CPU.ActiveCfg = Release|Any CPU
		{A11FE062-4069-4EC5-B2FF-967DC473F1CC}.net_4_0_Release|Any CPU.Build.0 = Release|Any CPU
		{A11FE062-4069-4EC5-B2FF-967DC473F1CC}.net_4_0_Release|Mixed Platforms.ActiveCfg = Release|Any CPU
		{A11FE062-4069-4EC5-B2FF-967DC473F1CC}.net_4_0_Release|Mixed Platforms.Build.0 = Release|Any CPU
		{A11FE062-4069-4EC5-B2FF-967DC473F1CC}.net_4_0_Release|x86.ActiveCfg = Release|Any CPU
		{A11FE062-4069-4EC5-B2FF-967DC473F1CC}.Release_at_HFL|Any CPU.ActiveCfg = Release|Any CPU
		{A11FE062-4069-4EC5-B2FF-967DC473F1CC}.Release_at_HFL|Any CPU.Build.0 = Release|Any CPU
		{A11FE062-4069-4EC5-B2FF-967DC473F1CC}.Release_at_HFL|Mixed Platforms.ActiveCfg = Release|Any CPU
		{A11FE062-4069-4EC5-B2FF-967DC473F1CC}.Release_at_HFL|Mixed Platforms.Build.0 = Release|Any CPU
		{A11FE062-4069-4EC5-B2FF-967DC473F1CC}.Release_at_HFL|x86.ActiveCfg = Release|Any CPU
		{A11FE062-4069-4EC5-B2FF-967DC473F1CC}.Release_at_HFL|x86.Build.0 = Release|Any CPU
		{A11FE062-4069-4EC5-B2FF-967DC473F1CC}.Release|Any CPU.ActiveCfg = Release|Any CPU
		{A11FE062-4069-4EC5-B2FF-967DC473F1CC}.Release|Any CPU.Build.0 = Release|Any CPU
		{A11FE062-4069-4EC5-B2FF-967DC473F1CC}.Release|Mixed Platforms.ActiveCfg = Release|Any CPU
		{A11FE062-4069-4EC5-B2FF-967DC473F1CC}.Release|Mixed Platforms.Build.0 = Release|Any CPU
		{A11FE062-4069-4EC5-B2FF-967DC473F1CC}.Release|x86.ActiveCfg = Release|Any CPU
		{B6B63F3C-1D38-4AF5-94AE-55B2160A61FE}.CodeAnalysis|Any CPU.ActiveCfg = Release|Any CPU
		{B6B63F3C-1D38-4AF5-94AE-55B2160A61FE}.CodeAnalysis|Any CPU.Build.0 = Release|Any CPU
		{B6B63F3C-1D38-4AF5-94AE-55B2160A61FE}.CodeAnalysis|Mixed Platforms.ActiveCfg = Release|Any CPU
		{B6B63F3C-1D38-4AF5-94AE-55B2160A61FE}.CodeAnalysis|Mixed Platforms.Build.0 = Release|Any CPU
		{B6B63F3C-1D38-4AF5-94AE-55B2160A61FE}.CodeAnalysis|x86.ActiveCfg = Release|Any CPU
		{B6B63F3C-1D38-4AF5-94AE-55B2160A61FE}.Debug (x86)|Any CPU.ActiveCfg = Debug|Any CPU
		{B6B63F3C-1D38-4AF5-94AE-55B2160A61FE}.Debug (x86)|Any CPU.Build.0 = Debug|Any CPU
		{B6B63F3C-1D38-4AF5-94AE-55B2160A61FE}.Debug (x86)|Mixed Platforms.ActiveCfg = Debug|Any CPU
		{B6B63F3C-1D38-4AF5-94AE-55B2160A61FE}.Debug (x86)|Mixed Platforms.Build.0 = Debug|Any CPU
		{B6B63F3C-1D38-4AF5-94AE-55B2160A61FE}.Debug (x86)|x86.ActiveCfg = Debug|Any CPU
		{B6B63F3C-1D38-4AF5-94AE-55B2160A61FE}.Debug (x86)|x86.Build.0 = Debug|Any CPU
		{B6B63F3C-1D38-4AF5-94AE-55B2160A61FE}.Debug|Any CPU.ActiveCfg = Debug|Any CPU
		{B6B63F3C-1D38-4AF5-94AE-55B2160A61FE}.Debug|Any CPU.Build.0 = Debug|Any CPU
		{B6B63F3C-1D38-4AF5-94AE-55B2160A61FE}.Debug|Mixed Platforms.ActiveCfg = Debug|Any CPU
		{B6B63F3C-1D38-4AF5-94AE-55B2160A61FE}.Debug|Mixed Platforms.Build.0 = Debug|Any CPU
		{B6B63F3C-1D38-4AF5-94AE-55B2160A61FE}.Debug|x86.ActiveCfg = Debug|Any CPU
		{B6B63F3C-1D38-4AF5-94AE-55B2160A61FE}.Debug|x86.Build.0 = Debug|Any CPU
		{B6B63F3C-1D38-4AF5-94AE-55B2160A61FE}.net_4_0_Debug|Any CPU.ActiveCfg = Debug|Any CPU
		{B6B63F3C-1D38-4AF5-94AE-55B2160A61FE}.net_4_0_Debug|Any CPU.Build.0 = Debug|Any CPU
		{B6B63F3C-1D38-4AF5-94AE-55B2160A61FE}.net_4_0_Debug|Mixed Platforms.ActiveCfg = Debug|Any CPU
		{B6B63F3C-1D38-4AF5-94AE-55B2160A61FE}.net_4_0_Debug|Mixed Platforms.Build.0 = Debug|Any CPU
		{B6B63F3C-1D38-4AF5-94AE-55B2160A61FE}.net_4_0_Debug|x86.ActiveCfg = Debug|Any CPU
		{B6B63F3C-1D38-4AF5-94AE-55B2160A61FE}.net_4_0_Release|Any CPU.ActiveCfg = Release|Any CPU
		{B6B63F3C-1D38-4AF5-94AE-55B2160A61FE}.net_4_0_Release|Any CPU.Build.0 = Release|Any CPU
		{B6B63F3C-1D38-4AF5-94AE-55B2160A61FE}.net_4_0_Release|Mixed Platforms.ActiveCfg = Release|Any CPU
		{B6B63F3C-1D38-4AF5-94AE-55B2160A61FE}.net_4_0_Release|Mixed Platforms.Build.0 = Release|Any CPU
		{B6B63F3C-1D38-4AF5-94AE-55B2160A61FE}.net_4_0_Release|x86.ActiveCfg = Release|Any CPU
		{B6B63F3C-1D38-4AF5-94AE-55B2160A61FE}.Release_at_HFL|Any CPU.ActiveCfg = Release|Any CPU
		{B6B63F3C-1D38-4AF5-94AE-55B2160A61FE}.Release_at_HFL|Any CPU.Build.0 = Release|Any CPU
		{B6B63F3C-1D38-4AF5-94AE-55B2160A61FE}.Release_at_HFL|Mixed Platforms.ActiveCfg = Release|Any CPU
		{B6B63F3C-1D38-4AF5-94AE-55B2160A61FE}.Release_at_HFL|Mixed Platforms.Build.0 = Release|Any CPU
		{B6B63F3C-1D38-4AF5-94AE-55B2160A61FE}.Release_at_HFL|x86.ActiveCfg = Release|Any CPU
		{B6B63F3C-1D38-4AF5-94AE-55B2160A61FE}.Release_at_HFL|x86.Build.0 = Release|Any CPU
		{B6B63F3C-1D38-4AF5-94AE-55B2160A61FE}.Release|Any CPU.ActiveCfg = Release|Any CPU
		{B6B63F3C-1D38-4AF5-94AE-55B2160A61FE}.Release|Any CPU.Build.0 = Release|Any CPU
		{B6B63F3C-1D38-4AF5-94AE-55B2160A61FE}.Release|Mixed Platforms.ActiveCfg = Release|Any CPU
		{B6B63F3C-1D38-4AF5-94AE-55B2160A61FE}.Release|Mixed Platforms.Build.0 = Release|Any CPU
		{B6B63F3C-1D38-4AF5-94AE-55B2160A61FE}.Release|x86.ActiveCfg = Release|Any CPU
		{8FEC2D94-732E-4C80-87C0-CD34BF2E5814}.CodeAnalysis|Any CPU.ActiveCfg = Release|Any CPU
		{8FEC2D94-732E-4C80-87C0-CD34BF2E5814}.CodeAnalysis|Any CPU.Build.0 = Release|Any CPU
		{8FEC2D94-732E-4C80-87C0-CD34BF2E5814}.CodeAnalysis|Mixed Platforms.ActiveCfg = Release|Any CPU
		{8FEC2D94-732E-4C80-87C0-CD34BF2E5814}.CodeAnalysis|Mixed Platforms.Build.0 = Release|Any CPU
		{8FEC2D94-732E-4C80-87C0-CD34BF2E5814}.CodeAnalysis|x86.ActiveCfg = Release|Any CPU
		{8FEC2D94-732E-4C80-87C0-CD34BF2E5814}.CodeAnalysis|x86.Build.0 = Release|Any CPU
		{8FEC2D94-732E-4C80-87C0-CD34BF2E5814}.Debug (x86)|Any CPU.ActiveCfg = Debug|Any CPU
		{8FEC2D94-732E-4C80-87C0-CD34BF2E5814}.Debug (x86)|Any CPU.Build.0 = Debug|Any CPU
		{8FEC2D94-732E-4C80-87C0-CD34BF2E5814}.Debug (x86)|Mixed Platforms.ActiveCfg = Debug|Any CPU
		{8FEC2D94-732E-4C80-87C0-CD34BF2E5814}.Debug (x86)|Mixed Platforms.Build.0 = Debug|Any CPU
		{8FEC2D94-732E-4C80-87C0-CD34BF2E5814}.Debug (x86)|x86.ActiveCfg = Debug|Any CPU
		{8FEC2D94-732E-4C80-87C0-CD34BF2E5814}.Debug (x86)|x86.Build.0 = Debug|Any CPU
		{8FEC2D94-732E-4C80-87C0-CD34BF2E5814}.Debug|Any CPU.ActiveCfg = Debug|Any CPU
		{8FEC2D94-732E-4C80-87C0-CD34BF2E5814}.Debug|Mixed Platforms.ActiveCfg = Debug|Any CPU
		{8FEC2D94-732E-4C80-87C0-CD34BF2E5814}.Debug|Mixed Platforms.Build.0 = Debug|Any CPU
		{8FEC2D94-732E-4C80-87C0-CD34BF2E5814}.Debug|x86.ActiveCfg = Debug|Any CPU
		{8FEC2D94-732E-4C80-87C0-CD34BF2E5814}.Debug|x86.Build.0 = Debug|Any CPU
		{8FEC2D94-732E-4C80-87C0-CD34BF2E5814}.net_4_0_Debug|Any CPU.ActiveCfg = Debug|Any CPU
		{8FEC2D94-732E-4C80-87C0-CD34BF2E5814}.net_4_0_Debug|Any CPU.Build.0 = Debug|Any CPU
		{8FEC2D94-732E-4C80-87C0-CD34BF2E5814}.net_4_0_Debug|Mixed Platforms.ActiveCfg = Debug|Any CPU
		{8FEC2D94-732E-4C80-87C0-CD34BF2E5814}.net_4_0_Debug|Mixed Platforms.Build.0 = Debug|Any CPU
		{8FEC2D94-732E-4C80-87C0-CD34BF2E5814}.net_4_0_Debug|x86.ActiveCfg = Debug|Any CPU
		{8FEC2D94-732E-4C80-87C0-CD34BF2E5814}.net_4_0_Debug|x86.Build.0 = Debug|Any CPU
		{8FEC2D94-732E-4C80-87C0-CD34BF2E5814}.net_4_0_Release|Any CPU.ActiveCfg = Release|Any CPU
		{8FEC2D94-732E-4C80-87C0-CD34BF2E5814}.net_4_0_Release|Any CPU.Build.0 = Release|Any CPU
		{8FEC2D94-732E-4C80-87C0-CD34BF2E5814}.net_4_0_Release|Mixed Platforms.ActiveCfg = Release|Any CPU
		{8FEC2D94-732E-4C80-87C0-CD34BF2E5814}.net_4_0_Release|Mixed Platforms.Build.0 = Release|Any CPU
		{8FEC2D94-732E-4C80-87C0-CD34BF2E5814}.net_4_0_Release|x86.ActiveCfg = Release|Any CPU
		{8FEC2D94-732E-4C80-87C0-CD34BF2E5814}.net_4_0_Release|x86.Build.0 = Release|Any CPU
		{8FEC2D94-732E-4C80-87C0-CD34BF2E5814}.Release_at_HFL|Any CPU.ActiveCfg = Release|Any CPU
		{8FEC2D94-732E-4C80-87C0-CD34BF2E5814}.Release_at_HFL|Any CPU.Build.0 = Release|Any CPU
		{8FEC2D94-732E-4C80-87C0-CD34BF2E5814}.Release_at_HFL|Mixed Platforms.ActiveCfg = Release|Any CPU
		{8FEC2D94-732E-4C80-87C0-CD34BF2E5814}.Release_at_HFL|Mixed Platforms.Build.0 = Release|Any CPU
		{8FEC2D94-732E-4C80-87C0-CD34BF2E5814}.Release_at_HFL|x86.ActiveCfg = Release|Any CPU
		{8FEC2D94-732E-4C80-87C0-CD34BF2E5814}.Release_at_HFL|x86.Build.0 = Release|Any CPU
		{8FEC2D94-732E-4C80-87C0-CD34BF2E5814}.Release|Any CPU.ActiveCfg = Release|Any CPU
		{8FEC2D94-732E-4C80-87C0-CD34BF2E5814}.Release|Any CPU.Build.0 = Release|Any CPU
		{8FEC2D94-732E-4C80-87C0-CD34BF2E5814}.Release|Mixed Platforms.ActiveCfg = Release|Any CPU
		{8FEC2D94-732E-4C80-87C0-CD34BF2E5814}.Release|Mixed Platforms.Build.0 = Release|Any CPU
		{8FEC2D94-732E-4C80-87C0-CD34BF2E5814}.Release|x86.ActiveCfg = Release|Any CPU
		{8FEC2D94-732E-4C80-87C0-CD34BF2E5814}.Release|x86.Build.0 = Release|Any CPU
		{CEB67D35-07A3-4104-BCD5-5C80A621C1F4}.CodeAnalysis|Any CPU.ActiveCfg = Release|Any CPU
		{CEB67D35-07A3-4104-BCD5-5C80A621C1F4}.CodeAnalysis|Any CPU.Build.0 = Release|Any CPU
		{CEB67D35-07A3-4104-BCD5-5C80A621C1F4}.CodeAnalysis|Mixed Platforms.ActiveCfg = Release|Any CPU
		{CEB67D35-07A3-4104-BCD5-5C80A621C1F4}.CodeAnalysis|Mixed Platforms.Build.0 = Release|Any CPU
		{CEB67D35-07A3-4104-BCD5-5C80A621C1F4}.CodeAnalysis|x86.ActiveCfg = Release|Any CPU
		{CEB67D35-07A3-4104-BCD5-5C80A621C1F4}.Debug (x86)|Any CPU.ActiveCfg = Debug|Any CPU
		{CEB67D35-07A3-4104-BCD5-5C80A621C1F4}.Debug (x86)|Any CPU.Build.0 = Debug|Any CPU
		{CEB67D35-07A3-4104-BCD5-5C80A621C1F4}.Debug (x86)|Mixed Platforms.ActiveCfg = Debug|Any CPU
		{CEB67D35-07A3-4104-BCD5-5C80A621C1F4}.Debug (x86)|Mixed Platforms.Build.0 = Debug|Any CPU
		{CEB67D35-07A3-4104-BCD5-5C80A621C1F4}.Debug (x86)|x86.ActiveCfg = Debug|Any CPU
		{CEB67D35-07A3-4104-BCD5-5C80A621C1F4}.Debug|Any CPU.ActiveCfg = Debug|Any CPU
		{CEB67D35-07A3-4104-BCD5-5C80A621C1F4}.Debug|Any CPU.Build.0 = Debug|Any CPU
		{CEB67D35-07A3-4104-BCD5-5C80A621C1F4}.Debug|Mixed Platforms.ActiveCfg = Debug|Any CPU
		{CEB67D35-07A3-4104-BCD5-5C80A621C1F4}.Debug|Mixed Platforms.Build.0 = Debug|Any CPU
		{CEB67D35-07A3-4104-BCD5-5C80A621C1F4}.Debug|x86.ActiveCfg = Debug|Any CPU
		{CEB67D35-07A3-4104-BCD5-5C80A621C1F4}.net_4_0_Debug|Any CPU.ActiveCfg = Debug|Any CPU
		{CEB67D35-07A3-4104-BCD5-5C80A621C1F4}.net_4_0_Debug|Any CPU.Build.0 = Debug|Any CPU
		{CEB67D35-07A3-4104-BCD5-5C80A621C1F4}.net_4_0_Debug|Mixed Platforms.ActiveCfg = Debug|Any CPU
		{CEB67D35-07A3-4104-BCD5-5C80A621C1F4}.net_4_0_Debug|Mixed Platforms.Build.0 = Debug|Any CPU
		{CEB67D35-07A3-4104-BCD5-5C80A621C1F4}.net_4_0_Debug|x86.ActiveCfg = Debug|Any CPU
		{CEB67D35-07A3-4104-BCD5-5C80A621C1F4}.net_4_0_Release|Any CPU.ActiveCfg = Release|Any CPU
		{CEB67D35-07A3-4104-BCD5-5C80A621C1F4}.net_4_0_Release|Any CPU.Build.0 = Release|Any CPU
		{CEB67D35-07A3-4104-BCD5-5C80A621C1F4}.net_4_0_Release|Mixed Platforms.ActiveCfg = Release|Any CPU
		{CEB67D35-07A3-4104-BCD5-5C80A621C1F4}.net_4_0_Release|Mixed Platforms.Build.0 = Release|Any CPU
		{CEB67D35-07A3-4104-BCD5-5C80A621C1F4}.net_4_0_Release|x86.ActiveCfg = Release|Any CPU
		{CEB67D35-07A3-4104-BCD5-5C80A621C1F4}.Release_at_HFL|Any CPU.ActiveCfg = Release|Any CPU
		{CEB67D35-07A3-4104-BCD5-5C80A621C1F4}.Release_at_HFL|Any CPU.Build.0 = Release|Any CPU
		{CEB67D35-07A3-4104-BCD5-5C80A621C1F4}.Release_at_HFL|Mixed Platforms.ActiveCfg = Release|Any CPU
		{CEB67D35-07A3-4104-BCD5-5C80A621C1F4}.Release_at_HFL|Mixed Platforms.Build.0 = Release|Any CPU
		{CEB67D35-07A3-4104-BCD5-5C80A621C1F4}.Release_at_HFL|x86.ActiveCfg = Release|Any CPU
		{CEB67D35-07A3-4104-BCD5-5C80A621C1F4}.Release|Any CPU.ActiveCfg = Release|Any CPU
		{CEB67D35-07A3-4104-BCD5-5C80A621C1F4}.Release|Any CPU.Build.0 = Release|Any CPU
		{CEB67D35-07A3-4104-BCD5-5C80A621C1F4}.Release|Mixed Platforms.ActiveCfg = Release|Any CPU
		{CEB67D35-07A3-4104-BCD5-5C80A621C1F4}.Release|Mixed Platforms.Build.0 = Release|Any CPU
		{CEB67D35-07A3-4104-BCD5-5C80A621C1F4}.Release|x86.ActiveCfg = Release|Any CPU
		{1341FB74-CF05-4CF0-897F-D181F308848D}.CodeAnalysis|Any CPU.ActiveCfg = Release|Any CPU
		{1341FB74-CF05-4CF0-897F-D181F308848D}.CodeAnalysis|Any CPU.Build.0 = Release|Any CPU
		{1341FB74-CF05-4CF0-897F-D181F308848D}.CodeAnalysis|Mixed Platforms.ActiveCfg = Release|Any CPU
		{1341FB74-CF05-4CF0-897F-D181F308848D}.CodeAnalysis|Mixed Platforms.Build.0 = Release|Any CPU
		{1341FB74-CF05-4CF0-897F-D181F308848D}.CodeAnalysis|x86.ActiveCfg = Release|Any CPU
		{1341FB74-CF05-4CF0-897F-D181F308848D}.Debug (x86)|Any CPU.ActiveCfg = Debug|Any CPU
		{1341FB74-CF05-4CF0-897F-D181F308848D}.Debug (x86)|Any CPU.Build.0 = Debug|Any CPU
		{1341FB74-CF05-4CF0-897F-D181F308848D}.Debug (x86)|Mixed Platforms.ActiveCfg = Debug|Any CPU
		{1341FB74-CF05-4CF0-897F-D181F308848D}.Debug (x86)|Mixed Platforms.Build.0 = Debug|Any CPU
		{1341FB74-CF05-4CF0-897F-D181F308848D}.Debug (x86)|x86.ActiveCfg = Debug|Any CPU
		{1341FB74-CF05-4CF0-897F-D181F308848D}.Debug|Any CPU.ActiveCfg = Debug|Any CPU
		{1341FB74-CF05-4CF0-897F-D181F308848D}.Debug|Any CPU.Build.0 = Debug|Any CPU
		{1341FB74-CF05-4CF0-897F-D181F308848D}.Debug|Mixed Platforms.ActiveCfg = Debug|Any CPU
		{1341FB74-CF05-4CF0-897F-D181F308848D}.Debug|Mixed Platforms.Build.0 = Debug|Any CPU
		{1341FB74-CF05-4CF0-897F-D181F308848D}.Debug|x86.ActiveCfg = Debug|Any CPU
		{1341FB74-CF05-4CF0-897F-D181F308848D}.net_4_0_Debug|Any CPU.ActiveCfg = Debug|Any CPU
		{1341FB74-CF05-4CF0-897F-D181F308848D}.net_4_0_Debug|Any CPU.Build.0 = Debug|Any CPU
		{1341FB74-CF05-4CF0-897F-D181F308848D}.net_4_0_Debug|Mixed Platforms.ActiveCfg = Debug|Any CPU
		{1341FB74-CF05-4CF0-897F-D181F308848D}.net_4_0_Debug|Mixed Platforms.Build.0 = Debug|Any CPU
		{1341FB74-CF05-4CF0-897F-D181F308848D}.net_4_0_Debug|x86.ActiveCfg = Debug|Any CPU
		{1341FB74-CF05-4CF0-897F-D181F308848D}.net_4_0_Release|Any CPU.ActiveCfg = Release|Any CPU
		{1341FB74-CF05-4CF0-897F-D181F308848D}.net_4_0_Release|Any CPU.Build.0 = Release|Any CPU
		{1341FB74-CF05-4CF0-897F-D181F308848D}.net_4_0_Release|Mixed Platforms.ActiveCfg = Release|Any CPU
		{1341FB74-CF05-4CF0-897F-D181F308848D}.net_4_0_Release|Mixed Platforms.Build.0 = Release|Any CPU
		{1341FB74-CF05-4CF0-897F-D181F308848D}.net_4_0_Release|x86.ActiveCfg = Release|Any CPU
		{1341FB74-CF05-4CF0-897F-D181F308848D}.Release_at_HFL|Any CPU.ActiveCfg = Release|Any CPU
		{1341FB74-CF05-4CF0-897F-D181F308848D}.Release_at_HFL|Any CPU.Build.0 = Release|Any CPU
		{1341FB74-CF05-4CF0-897F-D181F308848D}.Release_at_HFL|Mixed Platforms.ActiveCfg = Release|Any CPU
		{1341FB74-CF05-4CF0-897F-D181F308848D}.Release_at_HFL|Mixed Platforms.Build.0 = Release|Any CPU
		{1341FB74-CF05-4CF0-897F-D181F308848D}.Release_at_HFL|x86.ActiveCfg = Release|Any CPU
		{1341FB74-CF05-4CF0-897F-D181F308848D}.Release|Any CPU.ActiveCfg = Release|Any CPU
		{1341FB74-CF05-4CF0-897F-D181F308848D}.Release|Any CPU.Build.0 = Release|Any CPU
		{1341FB74-CF05-4CF0-897F-D181F308848D}.Release|Mixed Platforms.ActiveCfg = Release|Any CPU
		{1341FB74-CF05-4CF0-897F-D181F308848D}.Release|Mixed Platforms.Build.0 = Release|Any CPU
		{1341FB74-CF05-4CF0-897F-D181F308848D}.Release|x86.ActiveCfg = Release|Any CPU
		{AA78D112-D889-414B-A7D4-467B34C7B663}.CodeAnalysis|Any CPU.ActiveCfg = Release|Any CPU
		{AA78D112-D889-414B-A7D4-467B34C7B663}.CodeAnalysis|Any CPU.Build.0 = Release|Any CPU
		{AA78D112-D889-414B-A7D4-467B34C7B663}.CodeAnalysis|Mixed Platforms.ActiveCfg = Release|Any CPU
		{AA78D112-D889-414B-A7D4-467B34C7B663}.CodeAnalysis|Mixed Platforms.Build.0 = Release|Any CPU
		{AA78D112-D889-414B-A7D4-467B34C7B663}.CodeAnalysis|x86.ActiveCfg = Release|Any CPU
		{AA78D112-D889-414B-A7D4-467B34C7B663}.CodeAnalysis|x86.Build.0 = Release|Any CPU
		{AA78D112-D889-414B-A7D4-467B34C7B663}.Debug (x86)|Any CPU.ActiveCfg = Debug|Any CPU
		{AA78D112-D889-414B-A7D4-467B34C7B663}.Debug (x86)|Any CPU.Build.0 = Debug|Any CPU
		{AA78D112-D889-414B-A7D4-467B34C7B663}.Debug (x86)|Mixed Platforms.ActiveCfg = Debug|Any CPU
		{AA78D112-D889-414B-A7D4-467B34C7B663}.Debug (x86)|Mixed Platforms.Build.0 = Debug|Any CPU
		{AA78D112-D889-414B-A7D4-467B34C7B663}.Debug (x86)|x86.ActiveCfg = Debug|Any CPU
		{AA78D112-D889-414B-A7D4-467B34C7B663}.Debug (x86)|x86.Build.0 = Debug|Any CPU
		{AA78D112-D889-414B-A7D4-467B34C7B663}.Debug|Any CPU.ActiveCfg = Debug|Any CPU
		{AA78D112-D889-414B-A7D4-467B34C7B663}.Debug|Any CPU.Build.0 = Debug|Any CPU
		{AA78D112-D889-414B-A7D4-467B34C7B663}.Debug|Mixed Platforms.ActiveCfg = Debug|Any CPU
		{AA78D112-D889-414B-A7D4-467B34C7B663}.Debug|Mixed Platforms.Build.0 = Debug|Any CPU
		{AA78D112-D889-414B-A7D4-467B34C7B663}.Debug|x86.ActiveCfg = Debug|Any CPU
		{AA78D112-D889-414B-A7D4-467B34C7B663}.Debug|x86.Build.0 = Debug|Any CPU
		{AA78D112-D889-414B-A7D4-467B34C7B663}.net_4_0_Debug|Any CPU.ActiveCfg = Debug|Any CPU
		{AA78D112-D889-414B-A7D4-467B34C7B663}.net_4_0_Debug|Any CPU.Build.0 = Debug|Any CPU
		{AA78D112-D889-414B-A7D4-467B34C7B663}.net_4_0_Debug|Mixed Platforms.ActiveCfg = Debug|Any CPU
		{AA78D112-D889-414B-A7D4-467B34C7B663}.net_4_0_Debug|Mixed Platforms.Build.0 = Debug|Any CPU
		{AA78D112-D889-414B-A7D4-467B34C7B663}.net_4_0_Debug|x86.ActiveCfg = Debug|Any CPU
		{AA78D112-D889-414B-A7D4-467B34C7B663}.net_4_0_Debug|x86.Build.0 = Debug|Any CPU
		{AA78D112-D889-414B-A7D4-467B34C7B663}.net_4_0_Release|Any CPU.ActiveCfg = Release|Any CPU
		{AA78D112-D889-414B-A7D4-467B34C7B663}.net_4_0_Release|Any CPU.Build.0 = Release|Any CPU
		{AA78D112-D889-414B-A7D4-467B34C7B663}.net_4_0_Release|Mixed Platforms.ActiveCfg = Release|Any CPU
		{AA78D112-D889-414B-A7D4-467B34C7B663}.net_4_0_Release|Mixed Platforms.Build.0 = Release|Any CPU
		{AA78D112-D889-414B-A7D4-467B34C7B663}.net_4_0_Release|x86.ActiveCfg = Release|Any CPU
		{AA78D112-D889-414B-A7D4-467B34C7B663}.net_4_0_Release|x86.Build.0 = Release|Any CPU
		{AA78D112-D889-414B-A7D4-467B34C7B663}.Release_at_HFL|Any CPU.ActiveCfg = Release|Any CPU
		{AA78D112-D889-414B-A7D4-467B34C7B663}.Release_at_HFL|Any CPU.Build.0 = Release|Any CPU
		{AA78D112-D889-414B-A7D4-467B34C7B663}.Release_at_HFL|Mixed Platforms.ActiveCfg = Release|Any CPU
		{AA78D112-D889-414B-A7D4-467B34C7B663}.Release_at_HFL|Mixed Platforms.Build.0 = Release|Any CPU
		{AA78D112-D889-414B-A7D4-467B34C7B663}.Release_at_HFL|x86.ActiveCfg = Release|Any CPU
		{AA78D112-D889-414B-A7D4-467B34C7B663}.Release_at_HFL|x86.Build.0 = Release|Any CPU
		{AA78D112-D889-414B-A7D4-467B34C7B663}.Release|Any CPU.ActiveCfg = Release|Any CPU
		{AA78D112-D889-414B-A7D4-467B34C7B663}.Release|Any CPU.Build.0 = Release|Any CPU
		{AA78D112-D889-414B-A7D4-467B34C7B663}.Release|Mixed Platforms.ActiveCfg = Release|Any CPU
		{AA78D112-D889-414B-A7D4-467B34C7B663}.Release|Mixed Platforms.Build.0 = Release|Any CPU
		{AA78D112-D889-414B-A7D4-467B34C7B663}.Release|x86.ActiveCfg = Release|Any CPU
		{AA78D112-D889-414B-A7D4-467B34C7B663}.Release|x86.Build.0 = Release|Any CPU
	EndGlobalSection
	GlobalSection(SolutionProperties) = preSolution
		HideSolutionNode = FALSE
	EndGlobalSection
	GlobalSection(ExtensibilityGlobals) = postSolution
		SolutionGuid = {D591115A-6B0E-4465-A9A5-1783E31008B3}
	EndGlobalSection
EndGlobal
