
Microsoft Visual Studio Solution File, Format Version 11.00
# Visual Studio 2010
Project("{FAE04EC0-301F-11D3-BF4B-00C04F79EFBC}") = "RecipeUpload.MindMegette", "RecipeUpload.MindMegette\RecipeUpload.MindMegette.csproj", "{B212328C-8464-4E99-8EB4-1702650284CE}"
EndProject
Project("{FAE04EC0-301F-11D3-BF4B-00C04F79EFBC}") = "Model", "Model\Model.csproj", "{35A67DC3-381C-43E3-B424-6C170E216D49}"
EndProject
Project("{FAE04EC0-301F-11D3-BF4B-00C04F79EFBC}") = "DataAccess", "DataAccess\DataAccess.csproj", "{8BD91A7F-5098-4728-BDBD-02E0802D04D2}"
EndProject
Project("{FAE04EC0-301F-11D3-BF4B-00C04F79EFBC}") = "RecipeUpload.AllRecipes", "RecipeUpload.AllRecipes\RecipeUpload.AllRecipes.csproj", "{C03A6875-EF1A-41EC-8EB1-F4AE9E986F6C}"
EndProject
Project("{FAE04EC0-301F-11D3-BF4B-00C04F79EFBC}") = "Utils", "Utils\Utils.csproj", "{00DAE49E-6106-4252-902D-AACC3D4018D2}"
EndProject
Project("{FAE04EC0-301F-11D3-BF4B-00C04F79EFBC}") = "Web", "Web\Web.csproj", "{F1DD9F8F-8E3B-4F21-B0DA-99B038A1718E}"
EndProject
Project("{FAE04EC0-301F-11D3-BF4B-00C04F79EFBC}") = "Web.Tests", "Web.Tests\Web.Tests.csproj", "{D5561E77-8493-467C-8B81-BCF5BFA8CDAB}"
EndProject
Project("{FAE04EC0-301F-11D3-BF4B-00C04F79EFBC}") = "DotNetOpenAuth.ApplicationBlock", "DotNetOpenAuth.ApplicationBlock\DotNetOpenAuth.ApplicationBlock.csproj", "{AA78D112-D889-414B-A7D4-467B34C7B663}"
EndProject
Project("{FAE04EC0-301F-11D3-BF4B-00C04F79EFBC}") = "Library", "Library\Library.csproj", "{44930A70-2BFF-4634-BD17-1ECB20D9C683}"
EndProject
Project("{FAE04EC0-301F-11D3-BF4B-00C04F79EFBC}") = "LanguageModule.Hun", "LanguageModule.Hun\LanguageModule.Hun.csproj", "{0095CD9F-DB11-451B-940B-E82527974FC2}"
EndProject
Project("{FAE04EC0-301F-11D3-BF4B-00C04F79EFBC}") = "Library.Recipe", "Library.Recipe\Library.Recipe.csproj", "{A11FE062-4069-4EC5-B2FF-967DC473F1CC}"
EndProject
Project("{FAE04EC0-301F-11D3-BF4B-00C04F79EFBC}") = "Processor", "RecipeProcessor\Processor.csproj", "{B6B63F3C-1D38-4AF5-94AE-55B2160A61FE}"
EndProject
Global
	GlobalSection(SolutionConfigurationPlatforms) = preSolution
		CodeAnalysis|Any CPU = CodeAnalysis|Any CPU
		CodeAnalysis|Mixed Platforms = CodeAnalysis|Mixed Platforms
		CodeAnalysis|x86 = CodeAnalysis|x86
		Debug|Any CPU = Debug|Any CPU
		Debug|Mixed Platforms = Debug|Mixed Platforms
		Debug|x86 = Debug|x86
		Release|Any CPU = Release|Any CPU
		Release|Mixed Platforms = Release|Mixed Platforms
		Release|x86 = Release|x86
	EndGlobalSection
	GlobalSection(ProjectConfigurationPlatforms) = postSolution
		{B212328C-8464-4E99-8EB4-1702650284CE}.CodeAnalysis|Any CPU.ActiveCfg = Release|x86
		{B212328C-8464-4E99-8EB4-1702650284CE}.CodeAnalysis|Mixed Platforms.ActiveCfg = Release|x86
		{B212328C-8464-4E99-8EB4-1702650284CE}.CodeAnalysis|Mixed Platforms.Build.0 = Release|x86
		{B212328C-8464-4E99-8EB4-1702650284CE}.CodeAnalysis|x86.ActiveCfg = Release|x86
		{B212328C-8464-4E99-8EB4-1702650284CE}.CodeAnalysis|x86.Build.0 = Release|x86
		{B212328C-8464-4E99-8EB4-1702650284CE}.Debug|Any CPU.ActiveCfg = Debug|x86
		{B212328C-8464-4E99-8EB4-1702650284CE}.Debug|Mixed Platforms.ActiveCfg = Debug|x86
		{B212328C-8464-4E99-8EB4-1702650284CE}.Debug|Mixed Platforms.Build.0 = Debug|x86
		{B212328C-8464-4E99-8EB4-1702650284CE}.Debug|x86.ActiveCfg = Debug|x86
		{B212328C-8464-4E99-8EB4-1702650284CE}.Debug|x86.Build.0 = Debug|x86
		{B212328C-8464-4E99-8EB4-1702650284CE}.Release|Any CPU.ActiveCfg = Release|x86
		{B212328C-8464-4E99-8EB4-1702650284CE}.Release|Mixed Platforms.ActiveCfg = Release|x86
		{B212328C-8464-4E99-8EB4-1702650284CE}.Release|Mixed Platforms.Build.0 = Release|x86
		{B212328C-8464-4E99-8EB4-1702650284CE}.Release|x86.ActiveCfg = Release|x86
		{B212328C-8464-4E99-8EB4-1702650284CE}.Release|x86.Build.0 = Release|x86
		{35A67DC3-381C-43E3-B424-6C170E216D49}.CodeAnalysis|Any CPU.ActiveCfg = Release|Any CPU
		{35A67DC3-381C-43E3-B424-6C170E216D49}.CodeAnalysis|Any CPU.Build.0 = Release|Any CPU
		{35A67DC3-381C-43E3-B424-6C170E216D49}.CodeAnalysis|Mixed Platforms.ActiveCfg = Release|Any CPU
		{35A67DC3-381C-43E3-B424-6C170E216D49}.CodeAnalysis|Mixed Platforms.Build.0 = Release|Any CPU
		{35A67DC3-381C-43E3-B424-6C170E216D49}.CodeAnalysis|x86.ActiveCfg = Release|Any CPU
		{35A67DC3-381C-43E3-B424-6C170E216D49}.Debug|Any CPU.ActiveCfg = Debug|Any CPU
		{35A67DC3-381C-43E3-B424-6C170E216D49}.Debug|Any CPU.Build.0 = Debug|Any CPU
		{35A67DC3-381C-43E3-B424-6C170E216D49}.Debug|Mixed Platforms.ActiveCfg = Debug|Any CPU
		{35A67DC3-381C-43E3-B424-6C170E216D49}.Debug|Mixed Platforms.Build.0 = Debug|Any CPU
		{35A67DC3-381C-43E3-B424-6C170E216D49}.Debug|x86.ActiveCfg = Debug|Any CPU
		{35A67DC3-381C-43E3-B424-6C170E216D49}.Release|Any CPU.ActiveCfg = Release|Any CPU
		{35A67DC3-381C-43E3-B424-6C170E216D49}.Release|Any CPU.Build.0 = Release|Any CPU
		{35A67DC3-381C-43E3-B424-6C170E216D49}.Release|Mixed Platforms.ActiveCfg = Release|Any CPU
		{35A67DC3-381C-43E3-B424-6C170E216D49}.Release|Mixed Platforms.Build.0 = Release|Any CPU
		{35A67DC3-381C-43E3-B424-6C170E216D49}.Release|x86.ActiveCfg = Release|Any CPU
		{8BD91A7F-5098-4728-BDBD-02E0802D04D2}.CodeAnalysis|Any CPU.ActiveCfg = Release|Any CPU
		{8BD91A7F-5098-4728-BDBD-02E0802D04D2}.CodeAnalysis|Any CPU.Build.0 = Release|Any CPU
		{8BD91A7F-5098-4728-BDBD-02E0802D04D2}.CodeAnalysis|Mixed Platforms.ActiveCfg = Release|Any CPU
		{8BD91A7F-5098-4728-BDBD-02E0802D04D2}.CodeAnalysis|Mixed Platforms.Build.0 = Release|Any CPU
		{8BD91A7F-5098-4728-BDBD-02E0802D04D2}.CodeAnalysis|x86.ActiveCfg = Release|Any CPU
		{8BD91A7F-5098-4728-BDBD-02E0802D04D2}.Debug|Any CPU.ActiveCfg = Debug|Any CPU
		{8BD91A7F-5098-4728-BDBD-02E0802D04D2}.Debug|Any CPU.Build.0 = Debug|Any CPU
		{8BD91A7F-5098-4728-BDBD-02E0802D04D2}.Debug|Mixed Platforms.ActiveCfg = Debug|Any CPU
		{8BD91A7F-5098-4728-BDBD-02E0802D04D2}.Debug|Mixed Platforms.Build.0 = Debug|Any CPU
		{8BD91A7F-5098-4728-BDBD-02E0802D04D2}.Debug|x86.ActiveCfg = Debug|Any CPU
		{8BD91A7F-5098-4728-BDBD-02E0802D04D2}.Release|Any CPU.ActiveCfg = Release|Any CPU
		{8BD91A7F-5098-4728-BDBD-02E0802D04D2}.Release|Any CPU.Build.0 = Release|Any CPU
		{8BD91A7F-5098-4728-BDBD-02E0802D04D2}.Release|Mixed Platforms.ActiveCfg = Release|Any CPU
		{8BD91A7F-5098-4728-BDBD-02E0802D04D2}.Release|Mixed Platforms.Build.0 = Release|Any CPU
		{8BD91A7F-5098-4728-BDBD-02E0802D04D2}.Release|x86.ActiveCfg = Release|Any CPU
		{C03A6875-EF1A-41EC-8EB1-F4AE9E986F6C}.CodeAnalysis|Any CPU.ActiveCfg = Release|x86
		{C03A6875-EF1A-41EC-8EB1-F4AE9E986F6C}.CodeAnalysis|Mixed Platforms.ActiveCfg = Release|x86
		{C03A6875-EF1A-41EC-8EB1-F4AE9E986F6C}.CodeAnalysis|Mixed Platforms.Build.0 = Release|x86
		{C03A6875-EF1A-41EC-8EB1-F4AE9E986F6C}.CodeAnalysis|x86.ActiveCfg = Release|x86
		{C03A6875-EF1A-41EC-8EB1-F4AE9E986F6C}.CodeAnalysis|x86.Build.0 = Release|x86
		{C03A6875-EF1A-41EC-8EB1-F4AE9E986F6C}.Debug|Any CPU.ActiveCfg = Debug|x86
		{C03A6875-EF1A-41EC-8EB1-F4AE9E986F6C}.Debug|Mixed Platforms.ActiveCfg = Debug|x86
		{C03A6875-EF1A-41EC-8EB1-F4AE9E986F6C}.Debug|Mixed Platforms.Build.0 = Debug|x86
		{C03A6875-EF1A-41EC-8EB1-F4AE9E986F6C}.Debug|x86.ActiveCfg = Debug|x86
		{C03A6875-EF1A-41EC-8EB1-F4AE9E986F6C}.Debug|x86.Build.0 = Debug|x86
		{C03A6875-EF1A-41EC-8EB1-F4AE9E986F6C}.Release|Any CPU.ActiveCfg = Release|x86
		{C03A6875-EF1A-41EC-8EB1-F4AE9E986F6C}.Release|Mixed Platforms.ActiveCfg = Release|x86
		{C03A6875-EF1A-41EC-8EB1-F4AE9E986F6C}.Release|Mixed Platforms.Build.0 = Release|x86
		{C03A6875-EF1A-41EC-8EB1-F4AE9E986F6C}.Release|x86.ActiveCfg = Release|x86
		{C03A6875-EF1A-41EC-8EB1-F4AE9E986F6C}.Release|x86.Build.0 = Release|x86
		{00DAE49E-6106-4252-902D-AACC3D4018D2}.CodeAnalysis|Any CPU.ActiveCfg = Release|Any CPU
		{00DAE49E-6106-4252-902D-AACC3D4018D2}.CodeAnalysis|Any CPU.Build.0 = Release|Any CPU
		{00DAE49E-6106-4252-902D-AACC3D4018D2}.CodeAnalysis|Mixed Platforms.ActiveCfg = Release|Any CPU
		{00DAE49E-6106-4252-902D-AACC3D4018D2}.CodeAnalysis|Mixed Platforms.Build.0 = Release|Any CPU
		{00DAE49E-6106-4252-902D-AACC3D4018D2}.CodeAnalysis|x86.ActiveCfg = Release|Any CPU
		{00DAE49E-6106-4252-902D-AACC3D4018D2}.Debug|Any CPU.ActiveCfg = Debug|Any CPU
		{00DAE49E-6106-4252-902D-AACC3D4018D2}.Debug|Any CPU.Build.0 = Debug|Any CPU
		{00DAE49E-6106-4252-902D-AACC3D4018D2}.Debug|Mixed Platforms.ActiveCfg = Debug|Any CPU
		{00DAE49E-6106-4252-902D-AACC3D4018D2}.Debug|Mixed Platforms.Build.0 = Debug|Any CPU
		{00DAE49E-6106-4252-902D-AACC3D4018D2}.Debug|x86.ActiveCfg = Debug|Any CPU
		{00DAE49E-6106-4252-902D-AACC3D4018D2}.Release|Any CPU.ActiveCfg = Release|Any CPU
		{00DAE49E-6106-4252-902D-AACC3D4018D2}.Release|Any CPU.Build.0 = Release|Any CPU
		{00DAE49E-6106-4252-902D-AACC3D4018D2}.Release|Mixed Platforms.ActiveCfg = Release|Any CPU
		{00DAE49E-6106-4252-902D-AACC3D4018D2}.Release|Mixed Platforms.Build.0 = Release|Any CPU
		{00DAE49E-6106-4252-902D-AACC3D4018D2}.Release|x86.ActiveCfg = Release|Any CPU
		{F1DD9F8F-8E3B-4F21-B0DA-99B038A1718E}.CodeAnalysis|Any CPU.ActiveCfg = Release|Any CPU
		{F1DD9F8F-8E3B-4F21-B0DA-99B038A1718E}.CodeAnalysis|Any CPU.Build.0 = Release|Any CPU
		{F1DD9F8F-8E3B-4F21-B0DA-99B038A1718E}.CodeAnalysis|Mixed Platforms.ActiveCfg = Release|Any CPU
		{F1DD9F8F-8E3B-4F21-B0DA-99B038A1718E}.CodeAnalysis|Mixed Platforms.Build.0 = Release|Any CPU
		{F1DD9F8F-8E3B-4F21-B0DA-99B038A1718E}.CodeAnalysis|x86.ActiveCfg = Release|Any CPU
		{F1DD9F8F-8E3B-4F21-B0DA-99B038A1718E}.Debug|Any CPU.ActiveCfg = Debug|Any CPU
		{F1DD9F8F-8E3B-4F21-B0DA-99B038A1718E}.Debug|Any CPU.Build.0 = Debug|Any CPU
		{F1DD9F8F-8E3B-4F21-B0DA-99B038A1718E}.Debug|Mixed Platforms.ActiveCfg = Debug|Any CPU
		{F1DD9F8F-8E3B-4F21-B0DA-99B038A1718E}.Debug|Mixed Platforms.Build.0 = Debug|Any CPU
		{F1DD9F8F-8E3B-4F21-B0DA-99B038A1718E}.Debug|x86.ActiveCfg = Debug|Any CPU
		{F1DD9F8F-8E3B-4F21-B0DA-99B038A1718E}.Release|Any CPU.ActiveCfg = Release|Any CPU
		{F1DD9F8F-8E3B-4F21-B0DA-99B038A1718E}.Release|Any CPU.Build.0 = Release|Any CPU
		{F1DD9F8F-8E3B-4F21-B0DA-99B038A1718E}.Release|Mixed Platforms.ActiveCfg = Release|Any CPU
		{F1DD9F8F-8E3B-4F21-B0DA-99B038A1718E}.Release|Mixed Platforms.Build.0 = Release|Any CPU
		{F1DD9F8F-8E3B-4F21-B0DA-99B038A1718E}.Release|x86.ActiveCfg = Release|Any CPU
		{D5561E77-8493-467C-8B81-BCF5BFA8CDAB}.CodeAnalysis|Any CPU.ActiveCfg = Release|Any CPU
		{D5561E77-8493-467C-8B81-BCF5BFA8CDAB}.CodeAnalysis|Any CPU.Build.0 = Release|Any CPU
		{D5561E77-8493-467C-8B81-BCF5BFA8CDAB}.CodeAnalysis|Mixed Platforms.ActiveCfg = Release|Any CPU
		{D5561E77-8493-467C-8B81-BCF5BFA8CDAB}.CodeAnalysis|Mixed Platforms.Build.0 = Release|Any CPU
		{D5561E77-8493-467C-8B81-BCF5BFA8CDAB}.CodeAnalysis|x86.ActiveCfg = Release|Any CPU
		{D5561E77-8493-467C-8B81-BCF5BFA8CDAB}.Debug|Any CPU.ActiveCfg = Debug|Any CPU
		{D5561E77-8493-467C-8B81-BCF5BFA8CDAB}.Debug|Any CPU.Build.0 = Debug|Any CPU
		{D5561E77-8493-467C-8B81-BCF5BFA8CDAB}.Debug|Mixed Platforms.ActiveCfg = Debug|Any CPU
		{D5561E77-8493-467C-8B81-BCF5BFA8CDAB}.Debug|Mixed Platforms.Build.0 = Debug|Any CPU
		{D5561E77-8493-467C-8B81-BCF5BFA8CDAB}.Debug|x86.ActiveCfg = Debug|Any CPU
		{D5561E77-8493-467C-8B81-BCF5BFA8CDAB}.Release|Any CPU.ActiveCfg = Release|Any CPU
		{D5561E77-8493-467C-8B81-BCF5BFA8CDAB}.Release|Any CPU.Build.0 = Release|Any CPU
		{D5561E77-8493-467C-8B81-BCF5BFA8CDAB}.Release|Mixed Platforms.ActiveCfg = Release|Any CPU
		{D5561E77-8493-467C-8B81-BCF5BFA8CDAB}.Release|Mixed Platforms.Build.0 = Release|Any CPU
		{D5561E77-8493-467C-8B81-BCF5BFA8CDAB}.Release|x86.ActiveCfg = Release|Any CPU
		{AA78D112-D889-414B-A7D4-467B34C7B663}.CodeAnalysis|Any CPU.ActiveCfg = CodeAnalysis|Any CPU
		{AA78D112-D889-414B-A7D4-467B34C7B663}.CodeAnalysis|Any CPU.Build.0 = CodeAnalysis|Any CPU
		{AA78D112-D889-414B-A7D4-467B34C7B663}.CodeAnalysis|Mixed Platforms.ActiveCfg = CodeAnalysis|Any CPU
		{AA78D112-D889-414B-A7D4-467B34C7B663}.CodeAnalysis|Mixed Platforms.Build.0 = CodeAnalysis|Any CPU
		{AA78D112-D889-414B-A7D4-467B34C7B663}.CodeAnalysis|x86.ActiveCfg = CodeAnalysis|Any CPU
		{AA78D112-D889-414B-A7D4-467B34C7B663}.Debug|Any CPU.ActiveCfg = Debug|Any CPU
		{AA78D112-D889-414B-A7D4-467B34C7B663}.Debug|Any CPU.Build.0 = Debug|Any CPU
		{AA78D112-D889-414B-A7D4-467B34C7B663}.Debug|Mixed Platforms.ActiveCfg = Debug|Any CPU
		{AA78D112-D889-414B-A7D4-467B34C7B663}.Debug|Mixed Platforms.Build.0 = Debug|Any CPU
		{AA78D112-D889-414B-A7D4-467B34C7B663}.Debug|x86.ActiveCfg = Debug|Any CPU
		{AA78D112-D889-414B-A7D4-467B34C7B663}.Release|Any CPU.ActiveCfg = Release|Any CPU
		{AA78D112-D889-414B-A7D4-467B34C7B663}.Release|Any CPU.Build.0 = Release|Any CPU
		{AA78D112-D889-414B-A7D4-467B34C7B663}.Release|Mixed Platforms.ActiveCfg = Release|Any CPU
		{AA78D112-D889-414B-A7D4-467B34C7B663}.Release|Mixed Platforms.Build.0 = Release|Any CPU
		{AA78D112-D889-414B-A7D4-467B34C7B663}.Release|x86.ActiveCfg = Release|Any CPU
		{44930A70-2BFF-4634-BD17-1ECB20D9C683}.CodeAnalysis|Any CPU.ActiveCfg = Release|Any CPU
		{44930A70-2BFF-4634-BD17-1ECB20D9C683}.CodeAnalysis|Any CPU.Build.0 = Release|Any CPU
		{44930A70-2BFF-4634-BD17-1ECB20D9C683}.CodeAnalysis|Mixed Platforms.ActiveCfg = Release|Any CPU
		{44930A70-2BFF-4634-BD17-1ECB20D9C683}.CodeAnalysis|Mixed Platforms.Build.0 = Release|Any CPU
		{44930A70-2BFF-4634-BD17-1ECB20D9C683}.CodeAnalysis|x86.ActiveCfg = Release|Any CPU
		{44930A70-2BFF-4634-BD17-1ECB20D9C683}.Debug|Any CPU.ActiveCfg = Debug|Any CPU
		{44930A70-2BFF-4634-BD17-1ECB20D9C683}.Debug|Any CPU.Build.0 = Debug|Any CPU
		{44930A70-2BFF-4634-BD17-1ECB20D9C683}.Debug|Mixed Platforms.ActiveCfg = Debug|Any CPU
		{44930A70-2BFF-4634-BD17-1ECB20D9C683}.Debug|Mixed Platforms.Build.0 = Debug|Any CPU
		{44930A70-2BFF-4634-BD17-1ECB20D9C683}.Debug|x86.ActiveCfg = Debug|Any CPU
		{44930A70-2BFF-4634-BD17-1ECB20D9C683}.Release|Any CPU.ActiveCfg = Release|Any CPU
		{44930A70-2BFF-4634-BD17-1ECB20D9C683}.Release|Any CPU.Build.0 = Release|Any CPU
		{44930A70-2BFF-4634-BD17-1ECB20D9C683}.Release|Mixed Platforms.ActiveCfg = Release|Any CPU
		{44930A70-2BFF-4634-BD17-1ECB20D9C683}.Release|Mixed Platforms.Build.0 = Release|Any CPU
		{44930A70-2BFF-4634-BD17-1ECB20D9C683}.Release|x86.ActiveCfg = Release|Any CPU
		{0095CD9F-DB11-451B-940B-E82527974FC2}.CodeAnalysis|Any CPU.ActiveCfg = Release|Any CPU
		{0095CD9F-DB11-451B-940B-E82527974FC2}.CodeAnalysis|Any CPU.Build.0 = Release|Any CPU
		{0095CD9F-DB11-451B-940B-E82527974FC2}.CodeAnalysis|Mixed Platforms.ActiveCfg = Release|Any CPU
		{0095CD9F-DB11-451B-940B-E82527974FC2}.CodeAnalysis|Mixed Platforms.Build.0 = Release|Any CPU
		{0095CD9F-DB11-451B-940B-E82527974FC2}.CodeAnalysis|x86.ActiveCfg = Release|Any CPU
		{0095CD9F-DB11-451B-940B-E82527974FC2}.Debug|Any CPU.ActiveCfg = Debug|Any CPU
		{0095CD9F-DB11-451B-940B-E82527974FC2}.Debug|Any CPU.Build.0 = Debug|Any CPU
		{0095CD9F-DB11-451B-940B-E82527974FC2}.Debug|Mixed Platforms.ActiveCfg = Debug|Any CPU
		{0095CD9F-DB11-451B-940B-E82527974FC2}.Debug|Mixed Platforms.Build.0 = Debug|Any CPU
		{0095CD9F-DB11-451B-940B-E82527974FC2}.Debug|x86.ActiveCfg = Debug|Any CPU
		{0095CD9F-DB11-451B-940B-E82527974FC2}.Release|Any CPU.ActiveCfg = Release|Any CPU
		{0095CD9F-DB11-451B-940B-E82527974FC2}.Release|Any CPU.Build.0 = Release|Any CPU
		{0095CD9F-DB11-451B-940B-E82527974FC2}.Release|Mixed Platforms.ActiveCfg = Release|Any CPU
		{0095CD9F-DB11-451B-940B-E82527974FC2}.Release|Mixed Platforms.Build.0 = Release|Any CPU
		{0095CD9F-DB11-451B-940B-E82527974FC2}.Release|x86.ActiveCfg = Release|Any CPU
		{A11FE062-4069-4EC5-B2FF-967DC473F1CC}.CodeAnalysis|Any CPU.ActiveCfg = Release|Any CPU
		{A11FE062-4069-4EC5-B2FF-967DC473F1CC}.CodeAnalysis|Any CPU.Build.0 = Release|Any CPU
		{A11FE062-4069-4EC5-B2FF-967DC473F1CC}.CodeAnalysis|Mixed Platforms.ActiveCfg = Release|Any CPU
		{A11FE062-4069-4EC5-B2FF-967DC473F1CC}.CodeAnalysis|Mixed Platforms.Build.0 = Release|Any CPU
		{A11FE062-4069-4EC5-B2FF-967DC473F1CC}.CodeAnalysis|x86.ActiveCfg = Release|Any CPU
		{A11FE062-4069-4EC5-B2FF-967DC473F1CC}.Debug|Any CPU.ActiveCfg = Debug|Any CPU
		{A11FE062-4069-4EC5-B2FF-967DC473F1CC}.Debug|Any CPU.Build.0 = Debug|Any CPU
		{A11FE062-4069-4EC5-B2FF-967DC473F1CC}.Debug|Mixed Platforms.ActiveCfg = Debug|Any CPU
		{A11FE062-4069-4EC5-B2FF-967DC473F1CC}.Debug|Mixed Platforms.Build.0 = Debug|Any CPU
		{A11FE062-4069-4EC5-B2FF-967DC473F1CC}.Debug|x86.ActiveCfg = Debug|Any CPU
		{A11FE062-4069-4EC5-B2FF-967DC473F1CC}.Release|Any CPU.ActiveCfg = Release|Any CPU
		{A11FE062-4069-4EC5-B2FF-967DC473F1CC}.Release|Any CPU.Build.0 = Release|Any CPU
		{A11FE062-4069-4EC5-B2FF-967DC473F1CC}.Release|Mixed Platforms.ActiveCfg = Release|Any CPU
		{A11FE062-4069-4EC5-B2FF-967DC473F1CC}.Release|Mixed Platforms.Build.0 = Release|Any CPU
		{A11FE062-4069-4EC5-B2FF-967DC473F1CC}.Release|x86.ActiveCfg = Release|Any CPU
		{B6B63F3C-1D38-4AF5-94AE-55B2160A61FE}.CodeAnalysis|Any CPU.ActiveCfg = Release|Any CPU
		{B6B63F3C-1D38-4AF5-94AE-55B2160A61FE}.CodeAnalysis|Any CPU.Build.0 = Release|Any CPU
		{B6B63F3C-1D38-4AF5-94AE-55B2160A61FE}.CodeAnalysis|Mixed Platforms.ActiveCfg = Release|Any CPU
		{B6B63F3C-1D38-4AF5-94AE-55B2160A61FE}.CodeAnalysis|Mixed Platforms.Build.0 = Release|Any CPU
		{B6B63F3C-1D38-4AF5-94AE-55B2160A61FE}.CodeAnalysis|x86.ActiveCfg = Release|Any CPU
		{B6B63F3C-1D38-4AF5-94AE-55B2160A61FE}.Debug|Any CPU.ActiveCfg = Debug|Any CPU
		{B6B63F3C-1D38-4AF5-94AE-55B2160A61FE}.Debug|Any CPU.Build.0 = Debug|Any CPU
		{B6B63F3C-1D38-4AF5-94AE-55B2160A61FE}.Debug|Mixed Platforms.ActiveCfg = Debug|Any CPU
		{B6B63F3C-1D38-4AF5-94AE-55B2160A61FE}.Debug|Mixed Platforms.Build.0 = Debug|Any CPU
		{B6B63F3C-1D38-4AF5-94AE-55B2160A61FE}.Debug|x86.ActiveCfg = Debug|Any CPU
		{B6B63F3C-1D38-4AF5-94AE-55B2160A61FE}.Release|Any CPU.ActiveCfg = Release|Any CPU
		{B6B63F3C-1D38-4AF5-94AE-55B2160A61FE}.Release|Any CPU.Build.0 = Release|Any CPU
		{B6B63F3C-1D38-4AF5-94AE-55B2160A61FE}.Release|Mixed Platforms.ActiveCfg = Release|Any CPU
		{B6B63F3C-1D38-4AF5-94AE-55B2160A61FE}.Release|Mixed Platforms.Build.0 = Release|Any CPU
		{B6B63F3C-1D38-4AF5-94AE-55B2160A61FE}.Release|x86.ActiveCfg = Release|Any CPU
	EndGlobalSection
	GlobalSection(SolutionProperties) = preSolution
		HideSolutionNode = FALSE
	EndGlobalSection
EndGlobal
