
Microsoft Visual Studio Solution File, Format Version 11.00
# Visual Studio 2010
Project("{FAE04EC0-301F-11D3-BF4B-00C04F79EFBC}") = "MrKupido.RecipeUpload.MindMegette", "MrKupido.RecipeUpload.MindMegette\MrKupido.RecipeUpload.MindMegette.csproj", "{B212328C-8464-4E99-8EB4-1702650284CE}"
EndProject
Project("{FAE04EC0-301F-11D3-BF4B-00C04F79EFBC}") = "MrKupido.Model", "MrKupido.Model\MrKupido.Model.csproj", "{35A67DC3-381C-43E3-B424-6C170E216D49}"
EndProject
Project("{FAE04EC0-301F-11D3-BF4B-00C04F79EFBC}") = "MrKupido.DataAccess", "MrKupido.DataAccess\MrKupido.DataAccess.csproj", "{8BD91A7F-5098-4728-BDBD-02E0802D04D2}"
EndProject
Project("{FAE04EC0-301F-11D3-BF4B-00C04F79EFBC}") = "MrKupido.RecipeUpload.AllRecipes", "MrKupido.RecipeUpload.AllRecipes\MrKupido.RecipeUpload.AllRecipes.csproj", "{C03A6875-EF1A-41EC-8EB1-F4AE9E986F6C}"
EndProject
Project("{FAE04EC0-301F-11D3-BF4B-00C04F79EFBC}") = "MrKupido.Utils", "MrKupido.Utils\MrKupido.Utils.csproj", "{00DAE49E-6106-4252-902D-AACC3D4018D2}"
EndProject
Project("{FAE04EC0-301F-11D3-BF4B-00C04F79EFBC}") = "MrKupido.Web", "MrKupido.Web\MrKupido.Web.csproj", "{F1DD9F8F-8E3B-4F21-B0DA-99B038A1718E}"
EndProject
Project("{FAE04EC0-301F-11D3-BF4B-00C04F79EFBC}") = "Tests", "MrKupido.Web.Tests\Tests.csproj", "{D5561E77-8493-467C-8B81-BCF5BFA8CDAB}"
EndProject
Project("{FAE04EC0-301F-11D3-BF4B-00C04F79EFBC}") = "DotNetOpenAuth.ApplicationBlock", "DotNetOpenAuth.ApplicationBlock\DotNetOpenAuth.ApplicationBlock.csproj", "{AA78D112-D889-414B-A7D4-467B34C7B663}"
EndProject
Project("{FAE04EC0-301F-11D3-BF4B-00C04F79EFBC}") = "MrKupido.Library", "MrKupido.Library\MrKupido.Library.csproj", "{44930A70-2BFF-4634-BD17-1ECB20D9C683}"
EndProject
Project("{FAE04EC0-301F-11D3-BF4B-00C04F79EFBC}") = "MrKupido.Library.Recipe", "MrKupido.Library.Recipe\MrKupido.Library.Recipe.csproj", "{A11FE062-4069-4EC5-B2FF-967DC473F1CC}"
	ProjectSection(ProjectDependencies) = postProject
		{8FEC2D94-732E-4C80-87C0-CD34BF2E5814} = {8FEC2D94-732E-4C80-87C0-CD34BF2E5814}
	EndProjectSection
EndProject
Project("{FAE04EC0-301F-11D3-BF4B-00C04F79EFBC}") = "MrKupido.Processor", "MrKupido.Processor\MrKupido.Processor.csproj", "{B6B63F3C-1D38-4AF5-94AE-55B2160A61FE}"
EndProject
Project("{FAE04EC0-301F-11D3-BF4B-00C04F79EFBC}") = "MrKupido.Patcher", "MrKupido.Patcher\MrKupido.Patcher.csproj", "{8FEC2D94-732E-4C80-87C0-CD34BF2E5814}"
	ProjectSection(ProjectDependencies) = postProject
		{B6B63F3C-1D38-4AF5-94AE-55B2160A61FE} = {B6B63F3C-1D38-4AF5-94AE-55B2160A61FE}
	EndProjectSection
EndProject
Project("{FAE04EC0-301F-11D3-BF4B-00C04F79EFBC}") = "Mono.Cecil", "Cecil\Mono.Cecil.csproj", "{D68133BD-1E63-496E-9EDE-4FBDBF77B486}"
EndProject
Global
	GlobalSection(SolutionConfigurationPlatforms) = preSolution
		CodeAnalysis|Any CPU = CodeAnalysis|Any CPU
		CodeAnalysis|Mixed Platforms = CodeAnalysis|Mixed Platforms
		CodeAnalysis|x86 = CodeAnalysis|x86
		Debug|Any CPU = Debug|Any CPU
		Debug|Mixed Platforms = Debug|Mixed Platforms
		Debug|x86 = Debug|x86
		net_2_0_Debug|Any CPU = net_2_0_Debug|Any CPU
		net_2_0_Debug|Mixed Platforms = net_2_0_Debug|Mixed Platforms
		net_2_0_Debug|x86 = net_2_0_Debug|x86
		net_2_0_Release|Any CPU = net_2_0_Release|Any CPU
		net_2_0_Release|Mixed Platforms = net_2_0_Release|Mixed Platforms
		net_2_0_Release|x86 = net_2_0_Release|x86
		net_3_5_Debug|Any CPU = net_3_5_Debug|Any CPU
		net_3_5_Debug|Mixed Platforms = net_3_5_Debug|Mixed Platforms
		net_3_5_Debug|x86 = net_3_5_Debug|x86
		net_3_5_Release|Any CPU = net_3_5_Release|Any CPU
		net_3_5_Release|Mixed Platforms = net_3_5_Release|Mixed Platforms
		net_3_5_Release|x86 = net_3_5_Release|x86
		net_4_0_Debug|Any CPU = net_4_0_Debug|Any CPU
		net_4_0_Debug|Mixed Platforms = net_4_0_Debug|Mixed Platforms
		net_4_0_Debug|x86 = net_4_0_Debug|x86
		net_4_0_Release|Any CPU = net_4_0_Release|Any CPU
		net_4_0_Release|Mixed Platforms = net_4_0_Release|Mixed Platforms
		net_4_0_Release|x86 = net_4_0_Release|x86
		Release|Any CPU = Release|Any CPU
		Release|Mixed Platforms = Release|Mixed Platforms
		Release|x86 = Release|x86
		silverlight_Debug|Any CPU = silverlight_Debug|Any CPU
		silverlight_Debug|Mixed Platforms = silverlight_Debug|Mixed Platforms
		silverlight_Debug|x86 = silverlight_Debug|x86
		silverlight_Release|Any CPU = silverlight_Release|Any CPU
		silverlight_Release|Mixed Platforms = silverlight_Release|Mixed Platforms
		silverlight_Release|x86 = silverlight_Release|x86
		winphone_Debug|Any CPU = winphone_Debug|Any CPU
		winphone_Debug|Mixed Platforms = winphone_Debug|Mixed Platforms
		winphone_Debug|x86 = winphone_Debug|x86
		winphone_Release|Any CPU = winphone_Release|Any CPU
		winphone_Release|Mixed Platforms = winphone_Release|Mixed Platforms
		winphone_Release|x86 = winphone_Release|x86
	EndGlobalSection
	GlobalSection(ProjectConfigurationPlatforms) = postSolution
		{B212328C-8464-4E99-8EB4-1702650284CE}.CodeAnalysis|Any CPU.ActiveCfg = Release|x86
		{B212328C-8464-4E99-8EB4-1702650284CE}.CodeAnalysis|Mixed Platforms.ActiveCfg = Release|x86
		{B212328C-8464-4E99-8EB4-1702650284CE}.CodeAnalysis|Mixed Platforms.Build.0 = Release|x86
		{B212328C-8464-4E99-8EB4-1702650284CE}.CodeAnalysis|x86.ActiveCfg = Release|x86
		{B212328C-8464-4E99-8EB4-1702650284CE}.CodeAnalysis|x86.Build.0 = Release|x86
		{B212328C-8464-4E99-8EB4-1702650284CE}.Debug|Any CPU.ActiveCfg = Debug|x86
		{B212328C-8464-4E99-8EB4-1702650284CE}.Debug|Mixed Platforms.ActiveCfg = Debug|x86
		{B212328C-8464-4E99-8EB4-1702650284CE}.Debug|Mixed Platforms.Build.0 = Debug|x86
		{B212328C-8464-4E99-8EB4-1702650284CE}.Debug|x86.ActiveCfg = Debug|x86
		{B212328C-8464-4E99-8EB4-1702650284CE}.Debug|x86.Build.0 = Debug|x86
		{B212328C-8464-4E99-8EB4-1702650284CE}.net_2_0_Debug|Any CPU.ActiveCfg = Debug|x86
		{B212328C-8464-4E99-8EB4-1702650284CE}.net_2_0_Debug|Mixed Platforms.ActiveCfg = Debug|x86
		{B212328C-8464-4E99-8EB4-1702650284CE}.net_2_0_Debug|Mixed Platforms.Build.0 = Debug|x86
		{B212328C-8464-4E99-8EB4-1702650284CE}.net_2_0_Debug|x86.ActiveCfg = Debug|x86
		{B212328C-8464-4E99-8EB4-1702650284CE}.net_2_0_Debug|x86.Build.0 = Debug|x86
		{B212328C-8464-4E99-8EB4-1702650284CE}.net_2_0_Release|Any CPU.ActiveCfg = Release|x86
		{B212328C-8464-4E99-8EB4-1702650284CE}.net_2_0_Release|Mixed Platforms.ActiveCfg = Release|x86
		{B212328C-8464-4E99-8EB4-1702650284CE}.net_2_0_Release|Mixed Platforms.Build.0 = Release|x86
		{B212328C-8464-4E99-8EB4-1702650284CE}.net_2_0_Release|x86.ActiveCfg = Release|x86
		{B212328C-8464-4E99-8EB4-1702650284CE}.net_2_0_Release|x86.Build.0 = Release|x86
		{B212328C-8464-4E99-8EB4-1702650284CE}.net_3_5_Debug|Any CPU.ActiveCfg = Debug|x86
		{B212328C-8464-4E99-8EB4-1702650284CE}.net_3_5_Debug|Mixed Platforms.ActiveCfg = Debug|x86
		{B212328C-8464-4E99-8EB4-1702650284CE}.net_3_5_Debug|Mixed Platforms.Build.0 = Debug|x86
		{B212328C-8464-4E99-8EB4-1702650284CE}.net_3_5_Debug|x86.ActiveCfg = Debug|x86
		{B212328C-8464-4E99-8EB4-1702650284CE}.net_3_5_Debug|x86.Build.0 = Debug|x86
		{B212328C-8464-4E99-8EB4-1702650284CE}.net_3_5_Release|Any CPU.ActiveCfg = Release|x86
		{B212328C-8464-4E99-8EB4-1702650284CE}.net_3_5_Release|Mixed Platforms.ActiveCfg = Release|x86
		{B212328C-8464-4E99-8EB4-1702650284CE}.net_3_5_Release|Mixed Platforms.Build.0 = Release|x86
		{B212328C-8464-4E99-8EB4-1702650284CE}.net_3_5_Release|x86.ActiveCfg = Release|x86
		{B212328C-8464-4E99-8EB4-1702650284CE}.net_3_5_Release|x86.Build.0 = Release|x86
		{B212328C-8464-4E99-8EB4-1702650284CE}.net_4_0_Debug|Any CPU.ActiveCfg = Debug|x86
		{B212328C-8464-4E99-8EB4-1702650284CE}.net_4_0_Debug|Mixed Platforms.ActiveCfg = Debug|x86
		{B212328C-8464-4E99-8EB4-1702650284CE}.net_4_0_Debug|Mixed Platforms.Build.0 = Debug|x86
		{B212328C-8464-4E99-8EB4-1702650284CE}.net_4_0_Debug|x86.ActiveCfg = Debug|x86
		{B212328C-8464-4E99-8EB4-1702650284CE}.net_4_0_Debug|x86.Build.0 = Debug|x86
		{B212328C-8464-4E99-8EB4-1702650284CE}.net_4_0_Release|Any CPU.ActiveCfg = Release|x86
		{B212328C-8464-4E99-8EB4-1702650284CE}.net_4_0_Release|Mixed Platforms.ActiveCfg = Release|x86
		{B212328C-8464-4E99-8EB4-1702650284CE}.net_4_0_Release|Mixed Platforms.Build.0 = Release|x86
		{B212328C-8464-4E99-8EB4-1702650284CE}.net_4_0_Release|x86.ActiveCfg = Release|x86
		{B212328C-8464-4E99-8EB4-1702650284CE}.net_4_0_Release|x86.Build.0 = Release|x86
		{B212328C-8464-4E99-8EB4-1702650284CE}.Release|Any CPU.ActiveCfg = Release|x86
		{B212328C-8464-4E99-8EB4-1702650284CE}.Release|Mixed Platforms.ActiveCfg = Release|x86
		{B212328C-8464-4E99-8EB4-1702650284CE}.Release|Mixed Platforms.Build.0 = Release|x86
		{B212328C-8464-4E99-8EB4-1702650284CE}.Release|x86.ActiveCfg = Release|x86
		{B212328C-8464-4E99-8EB4-1702650284CE}.Release|x86.Build.0 = Release|x86
		{B212328C-8464-4E99-8EB4-1702650284CE}.silverlight_Debug|Any CPU.ActiveCfg = Debug|x86
		{B212328C-8464-4E99-8EB4-1702650284CE}.silverlight_Debug|Mixed Platforms.ActiveCfg = Debug|x86
		{B212328C-8464-4E99-8EB4-1702650284CE}.silverlight_Debug|Mixed Platforms.Build.0 = Debug|x86
		{B212328C-8464-4E99-8EB4-1702650284CE}.silverlight_Debug|x86.ActiveCfg = Debug|x86
		{B212328C-8464-4E99-8EB4-1702650284CE}.silverlight_Debug|x86.Build.0 = Debug|x86
		{B212328C-8464-4E99-8EB4-1702650284CE}.silverlight_Release|Any CPU.ActiveCfg = Release|x86
		{B212328C-8464-4E99-8EB4-1702650284CE}.silverlight_Release|Mixed Platforms.ActiveCfg = Release|x86
		{B212328C-8464-4E99-8EB4-1702650284CE}.silverlight_Release|Mixed Platforms.Build.0 = Release|x86
		{B212328C-8464-4E99-8EB4-1702650284CE}.silverlight_Release|x86.ActiveCfg = Release|x86
		{B212328C-8464-4E99-8EB4-1702650284CE}.silverlight_Release|x86.Build.0 = Release|x86
		{B212328C-8464-4E99-8EB4-1702650284CE}.winphone_Debug|Any CPU.ActiveCfg = Debug|x86
		{B212328C-8464-4E99-8EB4-1702650284CE}.winphone_Debug|Mixed Platforms.ActiveCfg = Debug|x86
		{B212328C-8464-4E99-8EB4-1702650284CE}.winphone_Debug|Mixed Platforms.Build.0 = Debug|x86
		{B212328C-8464-4E99-8EB4-1702650284CE}.winphone_Debug|x86.ActiveCfg = Debug|x86
		{B212328C-8464-4E99-8EB4-1702650284CE}.winphone_Debug|x86.Build.0 = Debug|x86
		{B212328C-8464-4E99-8EB4-1702650284CE}.winphone_Release|Any CPU.ActiveCfg = Release|x86
		{B212328C-8464-4E99-8EB4-1702650284CE}.winphone_Release|Mixed Platforms.ActiveCfg = Release|x86
		{B212328C-8464-4E99-8EB4-1702650284CE}.winphone_Release|Mixed Platforms.Build.0 = Release|x86
		{B212328C-8464-4E99-8EB4-1702650284CE}.winphone_Release|x86.ActiveCfg = Release|x86
		{B212328C-8464-4E99-8EB4-1702650284CE}.winphone_Release|x86.Build.0 = Release|x86
		{35A67DC3-381C-43E3-B424-6C170E216D49}.CodeAnalysis|Any CPU.ActiveCfg = Release|Any CPU
		{35A67DC3-381C-43E3-B424-6C170E216D49}.CodeAnalysis|Any CPU.Build.0 = Release|Any CPU
		{35A67DC3-381C-43E3-B424-6C170E216D49}.CodeAnalysis|Mixed Platforms.ActiveCfg = Release|Any CPU
		{35A67DC3-381C-43E3-B424-6C170E216D49}.CodeAnalysis|Mixed Platforms.Build.0 = Release|Any CPU
		{35A67DC3-381C-43E3-B424-6C170E216D49}.CodeAnalysis|x86.ActiveCfg = Release|Any CPU
		{35A67DC3-381C-43E3-B424-6C170E216D49}.Debug|Any CPU.ActiveCfg = Debug|Any CPU
		{35A67DC3-381C-43E3-B424-6C170E216D49}.Debug|Any CPU.Build.0 = Debug|Any CPU
		{35A67DC3-381C-43E3-B424-6C170E216D49}.Debug|Mixed Platforms.ActiveCfg = Debug|Any CPU
		{35A67DC3-381C-43E3-B424-6C170E216D49}.Debug|Mixed Platforms.Build.0 = Debug|Any CPU
		{35A67DC3-381C-43E3-B424-6C170E216D49}.Debug|x86.ActiveCfg = Debug|Any CPU
		{35A67DC3-381C-43E3-B424-6C170E216D49}.net_2_0_Debug|Any CPU.ActiveCfg = Debug|Any CPU
		{35A67DC3-381C-43E3-B424-6C170E216D49}.net_2_0_Debug|Any CPU.Build.0 = Debug|Any CPU
		{35A67DC3-381C-43E3-B424-6C170E216D49}.net_2_0_Debug|Mixed Platforms.ActiveCfg = Debug|Any CPU
		{35A67DC3-381C-43E3-B424-6C170E216D49}.net_2_0_Debug|Mixed Platforms.Build.0 = Debug|Any CPU
		{35A67DC3-381C-43E3-B424-6C170E216D49}.net_2_0_Debug|x86.ActiveCfg = Debug|Any CPU
		{35A67DC3-381C-43E3-B424-6C170E216D49}.net_2_0_Release|Any CPU.ActiveCfg = Release|Any CPU
		{35A67DC3-381C-43E3-B424-6C170E216D49}.net_2_0_Release|Any CPU.Build.0 = Release|Any CPU
		{35A67DC3-381C-43E3-B424-6C170E216D49}.net_2_0_Release|Mixed Platforms.ActiveCfg = Release|Any CPU
		{35A67DC3-381C-43E3-B424-6C170E216D49}.net_2_0_Release|Mixed Platforms.Build.0 = Release|Any CPU
		{35A67DC3-381C-43E3-B424-6C170E216D49}.net_2_0_Release|x86.ActiveCfg = Release|Any CPU
		{35A67DC3-381C-43E3-B424-6C170E216D49}.net_3_5_Debug|Any CPU.ActiveCfg = Debug|Any CPU
		{35A67DC3-381C-43E3-B424-6C170E216D49}.net_3_5_Debug|Any CPU.Build.0 = Debug|Any CPU
		{35A67DC3-381C-43E3-B424-6C170E216D49}.net_3_5_Debug|Mixed Platforms.ActiveCfg = Debug|Any CPU
		{35A67DC3-381C-43E3-B424-6C170E216D49}.net_3_5_Debug|Mixed Platforms.Build.0 = Debug|Any CPU
		{35A67DC3-381C-43E3-B424-6C170E216D49}.net_3_5_Debug|x86.ActiveCfg = Debug|Any CPU
		{35A67DC3-381C-43E3-B424-6C170E216D49}.net_3_5_Release|Any CPU.ActiveCfg = Release|Any CPU
		{35A67DC3-381C-43E3-B424-6C170E216D49}.net_3_5_Release|Any CPU.Build.0 = Release|Any CPU
		{35A67DC3-381C-43E3-B424-6C170E216D49}.net_3_5_Release|Mixed Platforms.ActiveCfg = Release|Any CPU
		{35A67DC3-381C-43E3-B424-6C170E216D49}.net_3_5_Release|Mixed Platforms.Build.0 = Release|Any CPU
		{35A67DC3-381C-43E3-B424-6C170E216D49}.net_3_5_Release|x86.ActiveCfg = Release|Any CPU
		{35A67DC3-381C-43E3-B424-6C170E216D49}.net_4_0_Debug|Any CPU.ActiveCfg = Debug|Any CPU
		{35A67DC3-381C-43E3-B424-6C170E216D49}.net_4_0_Debug|Any CPU.Build.0 = Debug|Any CPU
		{35A67DC3-381C-43E3-B424-6C170E216D49}.net_4_0_Debug|Mixed Platforms.ActiveCfg = Debug|Any CPU
		{35A67DC3-381C-43E3-B424-6C170E216D49}.net_4_0_Debug|Mixed Platforms.Build.0 = Debug|Any CPU
		{35A67DC3-381C-43E3-B424-6C170E216D49}.net_4_0_Debug|x86.ActiveCfg = Debug|Any CPU
		{35A67DC3-381C-43E3-B424-6C170E216D49}.net_4_0_Release|Any CPU.ActiveCfg = Release|Any CPU
		{35A67DC3-381C-43E3-B424-6C170E216D49}.net_4_0_Release|Any CPU.Build.0 = Release|Any CPU
		{35A67DC3-381C-43E3-B424-6C170E216D49}.net_4_0_Release|Mixed Platforms.ActiveCfg = Release|Any CPU
		{35A67DC3-381C-43E3-B424-6C170E216D49}.net_4_0_Release|Mixed Platforms.Build.0 = Release|Any CPU
		{35A67DC3-381C-43E3-B424-6C170E216D49}.net_4_0_Release|x86.ActiveCfg = Release|Any CPU
		{35A67DC3-381C-43E3-B424-6C170E216D49}.Release|Any CPU.ActiveCfg = Release|Any CPU
		{35A67DC3-381C-43E3-B424-6C170E216D49}.Release|Any CPU.Build.0 = Release|Any CPU
		{35A67DC3-381C-43E3-B424-6C170E216D49}.Release|Mixed Platforms.ActiveCfg = Release|Any CPU
		{35A67DC3-381C-43E3-B424-6C170E216D49}.Release|Mixed Platforms.Build.0 = Release|Any CPU
		{35A67DC3-381C-43E3-B424-6C170E216D49}.Release|x86.ActiveCfg = Release|Any CPU
		{35A67DC3-381C-43E3-B424-6C170E216D49}.silverlight_Debug|Any CPU.ActiveCfg = Debug|Any CPU
		{35A67DC3-381C-43E3-B424-6C170E216D49}.silverlight_Debug|Any CPU.Build.0 = Debug|Any CPU
		{35A67DC3-381C-43E3-B424-6C170E216D49}.silverlight_Debug|Mixed Platforms.ActiveCfg = Debug|Any CPU
		{35A67DC3-381C-43E3-B424-6C170E216D49}.silverlight_Debug|Mixed Platforms.Build.0 = Debug|Any CPU
		{35A67DC3-381C-43E3-B424-6C170E216D49}.silverlight_Debug|x86.ActiveCfg = Debug|Any CPU
		{35A67DC3-381C-43E3-B424-6C170E216D49}.silverlight_Release|Any CPU.ActiveCfg = Release|Any CPU
		{35A67DC3-381C-43E3-B424-6C170E216D49}.silverlight_Release|Any CPU.Build.0 = Release|Any CPU
		{35A67DC3-381C-43E3-B424-6C170E216D49}.silverlight_Release|Mixed Platforms.ActiveCfg = Release|Any CPU
		{35A67DC3-381C-43E3-B424-6C170E216D49}.silverlight_Release|Mixed Platforms.Build.0 = Release|Any CPU
		{35A67DC3-381C-43E3-B424-6C170E216D49}.silverlight_Release|x86.ActiveCfg = Release|Any CPU
		{35A67DC3-381C-43E3-B424-6C170E216D49}.winphone_Debug|Any CPU.ActiveCfg = Debug|Any CPU
		{35A67DC3-381C-43E3-B424-6C170E216D49}.winphone_Debug|Any CPU.Build.0 = Debug|Any CPU
		{35A67DC3-381C-43E3-B424-6C170E216D49}.winphone_Debug|Mixed Platforms.ActiveCfg = Debug|Any CPU
		{35A67DC3-381C-43E3-B424-6C170E216D49}.winphone_Debug|Mixed Platforms.Build.0 = Debug|Any CPU
		{35A67DC3-381C-43E3-B424-6C170E216D49}.winphone_Debug|x86.ActiveCfg = Debug|Any CPU
		{35A67DC3-381C-43E3-B424-6C170E216D49}.winphone_Release|Any CPU.ActiveCfg = Release|Any CPU
		{35A67DC3-381C-43E3-B424-6C170E216D49}.winphone_Release|Any CPU.Build.0 = Release|Any CPU
		{35A67DC3-381C-43E3-B424-6C170E216D49}.winphone_Release|Mixed Platforms.ActiveCfg = Release|Any CPU
		{35A67DC3-381C-43E3-B424-6C170E216D49}.winphone_Release|Mixed Platforms.Build.0 = Release|Any CPU
		{35A67DC3-381C-43E3-B424-6C170E216D49}.winphone_Release|x86.ActiveCfg = Release|Any CPU
		{8BD91A7F-5098-4728-BDBD-02E0802D04D2}.CodeAnalysis|Any CPU.ActiveCfg = Release|Any CPU
		{8BD91A7F-5098-4728-BDBD-02E0802D04D2}.CodeAnalysis|Any CPU.Build.0 = Release|Any CPU
		{8BD91A7F-5098-4728-BDBD-02E0802D04D2}.CodeAnalysis|Mixed Platforms.ActiveCfg = Release|Any CPU
		{8BD91A7F-5098-4728-BDBD-02E0802D04D2}.CodeAnalysis|Mixed Platforms.Build.0 = Release|Any CPU
		{8BD91A7F-5098-4728-BDBD-02E0802D04D2}.CodeAnalysis|x86.ActiveCfg = Release|Any CPU
		{8BD91A7F-5098-4728-BDBD-02E0802D04D2}.Debug|Any CPU.ActiveCfg = Debug|Any CPU
		{8BD91A7F-5098-4728-BDBD-02E0802D04D2}.Debug|Any CPU.Build.0 = Debug|Any CPU
		{8BD91A7F-5098-4728-BDBD-02E0802D04D2}.Debug|Mixed Platforms.ActiveCfg = Debug|Any CPU
		{8BD91A7F-5098-4728-BDBD-02E0802D04D2}.Debug|Mixed Platforms.Build.0 = Debug|Any CPU
		{8BD91A7F-5098-4728-BDBD-02E0802D04D2}.Debug|x86.ActiveCfg = Debug|Any CPU
		{8BD91A7F-5098-4728-BDBD-02E0802D04D2}.net_2_0_Debug|Any CPU.ActiveCfg = Debug|Any CPU
		{8BD91A7F-5098-4728-BDBD-02E0802D04D2}.net_2_0_Debug|Any CPU.Build.0 = Debug|Any CPU
		{8BD91A7F-5098-4728-BDBD-02E0802D04D2}.net_2_0_Debug|Mixed Platforms.ActiveCfg = Debug|Any CPU
		{8BD91A7F-5098-4728-BDBD-02E0802D04D2}.net_2_0_Debug|Mixed Platforms.Build.0 = Debug|Any CPU
		{8BD91A7F-5098-4728-BDBD-02E0802D04D2}.net_2_0_Debug|x86.ActiveCfg = Debug|Any CPU
		{8BD91A7F-5098-4728-BDBD-02E0802D04D2}.net_2_0_Release|Any CPU.ActiveCfg = Release|Any CPU
		{8BD91A7F-5098-4728-BDBD-02E0802D04D2}.net_2_0_Release|Any CPU.Build.0 = Release|Any CPU
		{8BD91A7F-5098-4728-BDBD-02E0802D04D2}.net_2_0_Release|Mixed Platforms.ActiveCfg = Release|Any CPU
		{8BD91A7F-5098-4728-BDBD-02E0802D04D2}.net_2_0_Release|Mixed Platforms.Build.0 = Release|Any CPU
		{8BD91A7F-5098-4728-BDBD-02E0802D04D2}.net_2_0_Release|x86.ActiveCfg = Release|Any CPU
		{8BD91A7F-5098-4728-BDBD-02E0802D04D2}.net_3_5_Debug|Any CPU.ActiveCfg = Debug|Any CPU
		{8BD91A7F-5098-4728-BDBD-02E0802D04D2}.net_3_5_Debug|Any CPU.Build.0 = Debug|Any CPU
		{8BD91A7F-5098-4728-BDBD-02E0802D04D2}.net_3_5_Debug|Mixed Platforms.ActiveCfg = Debug|Any CPU
		{8BD91A7F-5098-4728-BDBD-02E0802D04D2}.net_3_5_Debug|Mixed Platforms.Build.0 = Debug|Any CPU
		{8BD91A7F-5098-4728-BDBD-02E0802D04D2}.net_3_5_Debug|x86.ActiveCfg = Debug|Any CPU
		{8BD91A7F-5098-4728-BDBD-02E0802D04D2}.net_3_5_Release|Any CPU.ActiveCfg = Release|Any CPU
		{8BD91A7F-5098-4728-BDBD-02E0802D04D2}.net_3_5_Release|Any CPU.Build.0 = Release|Any CPU
		{8BD91A7F-5098-4728-BDBD-02E0802D04D2}.net_3_5_Release|Mixed Platforms.ActiveCfg = Release|Any CPU
		{8BD91A7F-5098-4728-BDBD-02E0802D04D2}.net_3_5_Release|Mixed Platforms.Build.0 = Release|Any CPU
		{8BD91A7F-5098-4728-BDBD-02E0802D04D2}.net_3_5_Release|x86.ActiveCfg = Release|Any CPU
		{8BD91A7F-5098-4728-BDBD-02E0802D04D2}.net_4_0_Debug|Any CPU.ActiveCfg = Debug|Any CPU
		{8BD91A7F-5098-4728-BDBD-02E0802D04D2}.net_4_0_Debug|Any CPU.Build.0 = Debug|Any CPU
		{8BD91A7F-5098-4728-BDBD-02E0802D04D2}.net_4_0_Debug|Mixed Platforms.ActiveCfg = Debug|Any CPU
		{8BD91A7F-5098-4728-BDBD-02E0802D04D2}.net_4_0_Debug|Mixed Platforms.Build.0 = Debug|Any CPU
		{8BD91A7F-5098-4728-BDBD-02E0802D04D2}.net_4_0_Debug|x86.ActiveCfg = Debug|Any CPU
		{8BD91A7F-5098-4728-BDBD-02E0802D04D2}.net_4_0_Release|Any CPU.ActiveCfg = Release|Any CPU
		{8BD91A7F-5098-4728-BDBD-02E0802D04D2}.net_4_0_Release|Any CPU.Build.0 = Release|Any CPU
		{8BD91A7F-5098-4728-BDBD-02E0802D04D2}.net_4_0_Release|Mixed Platforms.ActiveCfg = Release|Any CPU
		{8BD91A7F-5098-4728-BDBD-02E0802D04D2}.net_4_0_Release|Mixed Platforms.Build.0 = Release|Any CPU
		{8BD91A7F-5098-4728-BDBD-02E0802D04D2}.net_4_0_Release|x86.ActiveCfg = Release|Any CPU
		{8BD91A7F-5098-4728-BDBD-02E0802D04D2}.Release|Any CPU.ActiveCfg = Release|Any CPU
		{8BD91A7F-5098-4728-BDBD-02E0802D04D2}.Release|Any CPU.Build.0 = Release|Any CPU
		{8BD91A7F-5098-4728-BDBD-02E0802D04D2}.Release|Mixed Platforms.ActiveCfg = Release|Any CPU
		{8BD91A7F-5098-4728-BDBD-02E0802D04D2}.Release|Mixed Platforms.Build.0 = Release|Any CPU
		{8BD91A7F-5098-4728-BDBD-02E0802D04D2}.Release|x86.ActiveCfg = Release|Any CPU
		{8BD91A7F-5098-4728-BDBD-02E0802D04D2}.silverlight_Debug|Any CPU.ActiveCfg = Debug|Any CPU
		{8BD91A7F-5098-4728-BDBD-02E0802D04D2}.silverlight_Debug|Any CPU.Build.0 = Debug|Any CPU
		{8BD91A7F-5098-4728-BDBD-02E0802D04D2}.silverlight_Debug|Mixed Platforms.ActiveCfg = Debug|Any CPU
		{8BD91A7F-5098-4728-BDBD-02E0802D04D2}.silverlight_Debug|Mixed Platforms.Build.0 = Debug|Any CPU
		{8BD91A7F-5098-4728-BDBD-02E0802D04D2}.silverlight_Debug|x86.ActiveCfg = Debug|Any CPU
		{8BD91A7F-5098-4728-BDBD-02E0802D04D2}.silverlight_Release|Any CPU.ActiveCfg = Release|Any CPU
		{8BD91A7F-5098-4728-BDBD-02E0802D04D2}.silverlight_Release|Any CPU.Build.0 = Release|Any CPU
		{8BD91A7F-5098-4728-BDBD-02E0802D04D2}.silverlight_Release|Mixed Platforms.ActiveCfg = Release|Any CPU
		{8BD91A7F-5098-4728-BDBD-02E0802D04D2}.silverlight_Release|Mixed Platforms.Build.0 = Release|Any CPU
		{8BD91A7F-5098-4728-BDBD-02E0802D04D2}.silverlight_Release|x86.ActiveCfg = Release|Any CPU
		{8BD91A7F-5098-4728-BDBD-02E0802D04D2}.winphone_Debug|Any CPU.ActiveCfg = Debug|Any CPU
		{8BD91A7F-5098-4728-BDBD-02E0802D04D2}.winphone_Debug|Any CPU.Build.0 = Debug|Any CPU
		{8BD91A7F-5098-4728-BDBD-02E0802D04D2}.winphone_Debug|Mixed Platforms.ActiveCfg = Debug|Any CPU
		{8BD91A7F-5098-4728-BDBD-02E0802D04D2}.winphone_Debug|Mixed Platforms.Build.0 = Debug|Any CPU
		{8BD91A7F-5098-4728-BDBD-02E0802D04D2}.winphone_Debug|x86.ActiveCfg = Debug|Any CPU
		{8BD91A7F-5098-4728-BDBD-02E0802D04D2}.winphone_Release|Any CPU.ActiveCfg = Release|Any CPU
		{8BD91A7F-5098-4728-BDBD-02E0802D04D2}.winphone_Release|Any CPU.Build.0 = Release|Any CPU
		{8BD91A7F-5098-4728-BDBD-02E0802D04D2}.winphone_Release|Mixed Platforms.ActiveCfg = Release|Any CPU
		{8BD91A7F-5098-4728-BDBD-02E0802D04D2}.winphone_Release|Mixed Platforms.Build.0 = Release|Any CPU
		{8BD91A7F-5098-4728-BDBD-02E0802D04D2}.winphone_Release|x86.ActiveCfg = Release|Any CPU
		{C03A6875-EF1A-41EC-8EB1-F4AE9E986F6C}.CodeAnalysis|Any CPU.ActiveCfg = Release|x86
		{C03A6875-EF1A-41EC-8EB1-F4AE9E986F6C}.CodeAnalysis|Mixed Platforms.ActiveCfg = Release|x86
		{C03A6875-EF1A-41EC-8EB1-F4AE9E986F6C}.CodeAnalysis|Mixed Platforms.Build.0 = Release|x86
		{C03A6875-EF1A-41EC-8EB1-F4AE9E986F6C}.CodeAnalysis|x86.ActiveCfg = Release|x86
		{C03A6875-EF1A-41EC-8EB1-F4AE9E986F6C}.CodeAnalysis|x86.Build.0 = Release|x86
		{C03A6875-EF1A-41EC-8EB1-F4AE9E986F6C}.Debug|Any CPU.ActiveCfg = Debug|x86
		{C03A6875-EF1A-41EC-8EB1-F4AE9E986F6C}.Debug|Mixed Platforms.ActiveCfg = Debug|x86
		{C03A6875-EF1A-41EC-8EB1-F4AE9E986F6C}.Debug|Mixed Platforms.Build.0 = Debug|x86
		{C03A6875-EF1A-41EC-8EB1-F4AE9E986F6C}.Debug|x86.ActiveCfg = Debug|x86
		{C03A6875-EF1A-41EC-8EB1-F4AE9E986F6C}.Debug|x86.Build.0 = Debug|x86
		{C03A6875-EF1A-41EC-8EB1-F4AE9E986F6C}.net_2_0_Debug|Any CPU.ActiveCfg = Debug|x86
		{C03A6875-EF1A-41EC-8EB1-F4AE9E986F6C}.net_2_0_Debug|Mixed Platforms.ActiveCfg = Debug|x86
		{C03A6875-EF1A-41EC-8EB1-F4AE9E986F6C}.net_2_0_Debug|Mixed Platforms.Build.0 = Debug|x86
		{C03A6875-EF1A-41EC-8EB1-F4AE9E986F6C}.net_2_0_Debug|x86.ActiveCfg = Debug|x86
		{C03A6875-EF1A-41EC-8EB1-F4AE9E986F6C}.net_2_0_Debug|x86.Build.0 = Debug|x86
		{C03A6875-EF1A-41EC-8EB1-F4AE9E986F6C}.net_2_0_Release|Any CPU.ActiveCfg = Release|x86
		{C03A6875-EF1A-41EC-8EB1-F4AE9E986F6C}.net_2_0_Release|Mixed Platforms.ActiveCfg = Release|x86
		{C03A6875-EF1A-41EC-8EB1-F4AE9E986F6C}.net_2_0_Release|Mixed Platforms.Build.0 = Release|x86
		{C03A6875-EF1A-41EC-8EB1-F4AE9E986F6C}.net_2_0_Release|x86.ActiveCfg = Release|x86
		{C03A6875-EF1A-41EC-8EB1-F4AE9E986F6C}.net_2_0_Release|x86.Build.0 = Release|x86
		{C03A6875-EF1A-41EC-8EB1-F4AE9E986F6C}.net_3_5_Debug|Any CPU.ActiveCfg = Debug|x86
		{C03A6875-EF1A-41EC-8EB1-F4AE9E986F6C}.net_3_5_Debug|Mixed Platforms.ActiveCfg = Debug|x86
		{C03A6875-EF1A-41EC-8EB1-F4AE9E986F6C}.net_3_5_Debug|Mixed Platforms.Build.0 = Debug|x86
		{C03A6875-EF1A-41EC-8EB1-F4AE9E986F6C}.net_3_5_Debug|x86.ActiveCfg = Debug|x86
		{C03A6875-EF1A-41EC-8EB1-F4AE9E986F6C}.net_3_5_Debug|x86.Build.0 = Debug|x86
		{C03A6875-EF1A-41EC-8EB1-F4AE9E986F6C}.net_3_5_Release|Any CPU.ActiveCfg = Release|x86
		{C03A6875-EF1A-41EC-8EB1-F4AE9E986F6C}.net_3_5_Release|Mixed Platforms.ActiveCfg = Release|x86
		{C03A6875-EF1A-41EC-8EB1-F4AE9E986F6C}.net_3_5_Release|Mixed Platforms.Build.0 = Release|x86
		{C03A6875-EF1A-41EC-8EB1-F4AE9E986F6C}.net_3_5_Release|x86.ActiveCfg = Release|x86
		{C03A6875-EF1A-41EC-8EB1-F4AE9E986F6C}.net_3_5_Release|x86.Build.0 = Release|x86
		{C03A6875-EF1A-41EC-8EB1-F4AE9E986F6C}.net_4_0_Debug|Any CPU.ActiveCfg = Debug|x86
		{C03A6875-EF1A-41EC-8EB1-F4AE9E986F6C}.net_4_0_Debug|Mixed Platforms.ActiveCfg = Debug|x86
		{C03A6875-EF1A-41EC-8EB1-F4AE9E986F6C}.net_4_0_Debug|Mixed Platforms.Build.0 = Debug|x86
		{C03A6875-EF1A-41EC-8EB1-F4AE9E986F6C}.net_4_0_Debug|x86.ActiveCfg = Debug|x86
		{C03A6875-EF1A-41EC-8EB1-F4AE9E986F6C}.net_4_0_Debug|x86.Build.0 = Debug|x86
		{C03A6875-EF1A-41EC-8EB1-F4AE9E986F6C}.net_4_0_Release|Any CPU.ActiveCfg = Release|x86
		{C03A6875-EF1A-41EC-8EB1-F4AE9E986F6C}.net_4_0_Release|Mixed Platforms.ActiveCfg = Release|x86
		{C03A6875-EF1A-41EC-8EB1-F4AE9E986F6C}.net_4_0_Release|Mixed Platforms.Build.0 = Release|x86
		{C03A6875-EF1A-41EC-8EB1-F4AE9E986F6C}.net_4_0_Release|x86.ActiveCfg = Release|x86
		{C03A6875-EF1A-41EC-8EB1-F4AE9E986F6C}.net_4_0_Release|x86.Build.0 = Release|x86
		{C03A6875-EF1A-41EC-8EB1-F4AE9E986F6C}.Release|Any CPU.ActiveCfg = Release|x86
		{C03A6875-EF1A-41EC-8EB1-F4AE9E986F6C}.Release|Mixed Platforms.ActiveCfg = Release|x86
		{C03A6875-EF1A-41EC-8EB1-F4AE9E986F6C}.Release|Mixed Platforms.Build.0 = Release|x86
		{C03A6875-EF1A-41EC-8EB1-F4AE9E986F6C}.Release|x86.ActiveCfg = Release|x86
		{C03A6875-EF1A-41EC-8EB1-F4AE9E986F6C}.Release|x86.Build.0 = Release|x86
		{C03A6875-EF1A-41EC-8EB1-F4AE9E986F6C}.silverlight_Debug|Any CPU.ActiveCfg = Debug|x86
		{C03A6875-EF1A-41EC-8EB1-F4AE9E986F6C}.silverlight_Debug|Mixed Platforms.ActiveCfg = Debug|x86
		{C03A6875-EF1A-41EC-8EB1-F4AE9E986F6C}.silverlight_Debug|Mixed Platforms.Build.0 = Debug|x86
		{C03A6875-EF1A-41EC-8EB1-F4AE9E986F6C}.silverlight_Debug|x86.ActiveCfg = Debug|x86
		{C03A6875-EF1A-41EC-8EB1-F4AE9E986F6C}.silverlight_Debug|x86.Build.0 = Debug|x86
		{C03A6875-EF1A-41EC-8EB1-F4AE9E986F6C}.silverlight_Release|Any CPU.ActiveCfg = Release|x86
		{C03A6875-EF1A-41EC-8EB1-F4AE9E986F6C}.silverlight_Release|Mixed Platforms.ActiveCfg = Release|x86
		{C03A6875-EF1A-41EC-8EB1-F4AE9E986F6C}.silverlight_Release|Mixed Platforms.Build.0 = Release|x86
		{C03A6875-EF1A-41EC-8EB1-F4AE9E986F6C}.silverlight_Release|x86.ActiveCfg = Release|x86
		{C03A6875-EF1A-41EC-8EB1-F4AE9E986F6C}.silverlight_Release|x86.Build.0 = Release|x86
		{C03A6875-EF1A-41EC-8EB1-F4AE9E986F6C}.winphone_Debug|Any CPU.ActiveCfg = Debug|x86
		{C03A6875-EF1A-41EC-8EB1-F4AE9E986F6C}.winphone_Debug|Mixed Platforms.ActiveCfg = Debug|x86
		{C03A6875-EF1A-41EC-8EB1-F4AE9E986F6C}.winphone_Debug|Mixed Platforms.Build.0 = Debug|x86
		{C03A6875-EF1A-41EC-8EB1-F4AE9E986F6C}.winphone_Debug|x86.ActiveCfg = Debug|x86
		{C03A6875-EF1A-41EC-8EB1-F4AE9E986F6C}.winphone_Debug|x86.Build.0 = Debug|x86
		{C03A6875-EF1A-41EC-8EB1-F4AE9E986F6C}.winphone_Release|Any CPU.ActiveCfg = Release|x86
		{C03A6875-EF1A-41EC-8EB1-F4AE9E986F6C}.winphone_Release|Mixed Platforms.ActiveCfg = Release|x86
		{C03A6875-EF1A-41EC-8EB1-F4AE9E986F6C}.winphone_Release|Mixed Platforms.Build.0 = Release|x86
		{C03A6875-EF1A-41EC-8EB1-F4AE9E986F6C}.winphone_Release|x86.ActiveCfg = Release|x86
		{C03A6875-EF1A-41EC-8EB1-F4AE9E986F6C}.winphone_Release|x86.Build.0 = Release|x86
		{00DAE49E-6106-4252-902D-AACC3D4018D2}.CodeAnalysis|Any CPU.ActiveCfg = Release|Any CPU
		{00DAE49E-6106-4252-902D-AACC3D4018D2}.CodeAnalysis|Any CPU.Build.0 = Release|Any CPU
		{00DAE49E-6106-4252-902D-AACC3D4018D2}.CodeAnalysis|Mixed Platforms.ActiveCfg = Release|Any CPU
		{00DAE49E-6106-4252-902D-AACC3D4018D2}.CodeAnalysis|Mixed Platforms.Build.0 = Release|Any CPU
		{00DAE49E-6106-4252-902D-AACC3D4018D2}.CodeAnalysis|x86.ActiveCfg = Release|Any CPU
		{00DAE49E-6106-4252-902D-AACC3D4018D2}.Debug|Any CPU.ActiveCfg = Debug|Any CPU
		{00DAE49E-6106-4252-902D-AACC3D4018D2}.Debug|Any CPU.Build.0 = Debug|Any CPU
		{00DAE49E-6106-4252-902D-AACC3D4018D2}.Debug|Mixed Platforms.ActiveCfg = Debug|Any CPU
		{00DAE49E-6106-4252-902D-AACC3D4018D2}.Debug|Mixed Platforms.Build.0 = Debug|Any CPU
		{00DAE49E-6106-4252-902D-AACC3D4018D2}.Debug|x86.ActiveCfg = Debug|Any CPU
		{00DAE49E-6106-4252-902D-AACC3D4018D2}.net_2_0_Debug|Any CPU.ActiveCfg = Debug|Any CPU
		{00DAE49E-6106-4252-902D-AACC3D4018D2}.net_2_0_Debug|Any CPU.Build.0 = Debug|Any CPU
		{00DAE49E-6106-4252-902D-AACC3D4018D2}.net_2_0_Debug|Mixed Platforms.ActiveCfg = Debug|Any CPU
		{00DAE49E-6106-4252-902D-AACC3D4018D2}.net_2_0_Debug|Mixed Platforms.Build.0 = Debug|Any CPU
		{00DAE49E-6106-4252-902D-AACC3D4018D2}.net_2_0_Debug|x86.ActiveCfg = Debug|Any CPU
		{00DAE49E-6106-4252-902D-AACC3D4018D2}.net_2_0_Release|Any CPU.ActiveCfg = Release|Any CPU
		{00DAE49E-6106-4252-902D-AACC3D4018D2}.net_2_0_Release|Any CPU.Build.0 = Release|Any CPU
		{00DAE49E-6106-4252-902D-AACC3D4018D2}.net_2_0_Release|Mixed Platforms.ActiveCfg = Release|Any CPU
		{00DAE49E-6106-4252-902D-AACC3D4018D2}.net_2_0_Release|Mixed Platforms.Build.0 = Release|Any CPU
		{00DAE49E-6106-4252-902D-AACC3D4018D2}.net_2_0_Release|x86.ActiveCfg = Release|Any CPU
		{00DAE49E-6106-4252-902D-AACC3D4018D2}.net_3_5_Debug|Any CPU.ActiveCfg = Debug|Any CPU
		{00DAE49E-6106-4252-902D-AACC3D4018D2}.net_3_5_Debug|Any CPU.Build.0 = Debug|Any CPU
		{00DAE49E-6106-4252-902D-AACC3D4018D2}.net_3_5_Debug|Mixed Platforms.ActiveCfg = Debug|Any CPU
		{00DAE49E-6106-4252-902D-AACC3D4018D2}.net_3_5_Debug|Mixed Platforms.Build.0 = Debug|Any CPU
		{00DAE49E-6106-4252-902D-AACC3D4018D2}.net_3_5_Debug|x86.ActiveCfg = Debug|Any CPU
		{00DAE49E-6106-4252-902D-AACC3D4018D2}.net_3_5_Release|Any CPU.ActiveCfg = Release|Any CPU
		{00DAE49E-6106-4252-902D-AACC3D4018D2}.net_3_5_Release|Any CPU.Build.0 = Release|Any CPU
		{00DAE49E-6106-4252-902D-AACC3D4018D2}.net_3_5_Release|Mixed Platforms.ActiveCfg = Release|Any CPU
		{00DAE49E-6106-4252-902D-AACC3D4018D2}.net_3_5_Release|Mixed Platforms.Build.0 = Release|Any CPU
		{00DAE49E-6106-4252-902D-AACC3D4018D2}.net_3_5_Release|x86.ActiveCfg = Release|Any CPU
		{00DAE49E-6106-4252-902D-AACC3D4018D2}.net_4_0_Debug|Any CPU.ActiveCfg = Debug|Any CPU
		{00DAE49E-6106-4252-902D-AACC3D4018D2}.net_4_0_Debug|Any CPU.Build.0 = Debug|Any CPU
		{00DAE49E-6106-4252-902D-AACC3D4018D2}.net_4_0_Debug|Mixed Platforms.ActiveCfg = Debug|Any CPU
		{00DAE49E-6106-4252-902D-AACC3D4018D2}.net_4_0_Debug|Mixed Platforms.Build.0 = Debug|Any CPU
		{00DAE49E-6106-4252-902D-AACC3D4018D2}.net_4_0_Debug|x86.ActiveCfg = Debug|Any CPU
		{00DAE49E-6106-4252-902D-AACC3D4018D2}.net_4_0_Release|Any CPU.ActiveCfg = Release|Any CPU
		{00DAE49E-6106-4252-902D-AACC3D4018D2}.net_4_0_Release|Any CPU.Build.0 = Release|Any CPU
		{00DAE49E-6106-4252-902D-AACC3D4018D2}.net_4_0_Release|Mixed Platforms.ActiveCfg = Release|Any CPU
		{00DAE49E-6106-4252-902D-AACC3D4018D2}.net_4_0_Release|Mixed Platforms.Build.0 = Release|Any CPU
		{00DAE49E-6106-4252-902D-AACC3D4018D2}.net_4_0_Release|x86.ActiveCfg = Release|Any CPU
		{00DAE49E-6106-4252-902D-AACC3D4018D2}.Release|Any CPU.ActiveCfg = Release|Any CPU
		{00DAE49E-6106-4252-902D-AACC3D4018D2}.Release|Any CPU.Build.0 = Release|Any CPU
		{00DAE49E-6106-4252-902D-AACC3D4018D2}.Release|Mixed Platforms.ActiveCfg = Release|Any CPU
		{00DAE49E-6106-4252-902D-AACC3D4018D2}.Release|Mixed Platforms.Build.0 = Release|Any CPU
		{00DAE49E-6106-4252-902D-AACC3D4018D2}.Release|x86.ActiveCfg = Release|Any CPU
		{00DAE49E-6106-4252-902D-AACC3D4018D2}.silverlight_Debug|Any CPU.ActiveCfg = Debug|Any CPU
		{00DAE49E-6106-4252-902D-AACC3D4018D2}.silverlight_Debug|Any CPU.Build.0 = Debug|Any CPU
		{00DAE49E-6106-4252-902D-AACC3D4018D2}.silverlight_Debug|Mixed Platforms.ActiveCfg = Debug|Any CPU
		{00DAE49E-6106-4252-902D-AACC3D4018D2}.silverlight_Debug|Mixed Platforms.Build.0 = Debug|Any CPU
		{00DAE49E-6106-4252-902D-AACC3D4018D2}.silverlight_Debug|x86.ActiveCfg = Debug|Any CPU
		{00DAE49E-6106-4252-902D-AACC3D4018D2}.silverlight_Release|Any CPU.ActiveCfg = Release|Any CPU
		{00DAE49E-6106-4252-902D-AACC3D4018D2}.silverlight_Release|Any CPU.Build.0 = Release|Any CPU
		{00DAE49E-6106-4252-902D-AACC3D4018D2}.silverlight_Release|Mixed Platforms.ActiveCfg = Release|Any CPU
		{00DAE49E-6106-4252-902D-AACC3D4018D2}.silverlight_Release|Mixed Platforms.Build.0 = Release|Any CPU
		{00DAE49E-6106-4252-902D-AACC3D4018D2}.silverlight_Release|x86.ActiveCfg = Release|Any CPU
		{00DAE49E-6106-4252-902D-AACC3D4018D2}.winphone_Debug|Any CPU.ActiveCfg = Debug|Any CPU
		{00DAE49E-6106-4252-902D-AACC3D4018D2}.winphone_Debug|Any CPU.Build.0 = Debug|Any CPU
		{00DAE49E-6106-4252-902D-AACC3D4018D2}.winphone_Debug|Mixed Platforms.ActiveCfg = Debug|Any CPU
		{00DAE49E-6106-4252-902D-AACC3D4018D2}.winphone_Debug|Mixed Platforms.Build.0 = Debug|Any CPU
		{00DAE49E-6106-4252-902D-AACC3D4018D2}.winphone_Debug|x86.ActiveCfg = Debug|Any CPU
		{00DAE49E-6106-4252-902D-AACC3D4018D2}.winphone_Release|Any CPU.ActiveCfg = Release|Any CPU
		{00DAE49E-6106-4252-902D-AACC3D4018D2}.winphone_Release|Any CPU.Build.0 = Release|Any CPU
		{00DAE49E-6106-4252-902D-AACC3D4018D2}.winphone_Release|Mixed Platforms.ActiveCfg = Release|Any CPU
		{00DAE49E-6106-4252-902D-AACC3D4018D2}.winphone_Release|Mixed Platforms.Build.0 = Release|Any CPU
		{00DAE49E-6106-4252-902D-AACC3D4018D2}.winphone_Release|x86.ActiveCfg = Release|Any CPU
		{F1DD9F8F-8E3B-4F21-B0DA-99B038A1718E}.CodeAnalysis|Any CPU.ActiveCfg = Release|Any CPU
		{F1DD9F8F-8E3B-4F21-B0DA-99B038A1718E}.CodeAnalysis|Any CPU.Build.0 = Release|Any CPU
		{F1DD9F8F-8E3B-4F21-B0DA-99B038A1718E}.CodeAnalysis|Mixed Platforms.ActiveCfg = Release|Any CPU
		{F1DD9F8F-8E3B-4F21-B0DA-99B038A1718E}.CodeAnalysis|Mixed Platforms.Build.0 = Release|Any CPU
		{F1DD9F8F-8E3B-4F21-B0DA-99B038A1718E}.CodeAnalysis|x86.ActiveCfg = Release|Any CPU
		{F1DD9F8F-8E3B-4F21-B0DA-99B038A1718E}.Debug|Any CPU.ActiveCfg = Debug|Any CPU
		{F1DD9F8F-8E3B-4F21-B0DA-99B038A1718E}.Debug|Any CPU.Build.0 = Debug|Any CPU
		{F1DD9F8F-8E3B-4F21-B0DA-99B038A1718E}.Debug|Mixed Platforms.ActiveCfg = Debug|Any CPU
		{F1DD9F8F-8E3B-4F21-B0DA-99B038A1718E}.Debug|Mixed Platforms.Build.0 = Debug|Any CPU
		{F1DD9F8F-8E3B-4F21-B0DA-99B038A1718E}.Debug|x86.ActiveCfg = Debug|Any CPU
		{F1DD9F8F-8E3B-4F21-B0DA-99B038A1718E}.net_2_0_Debug|Any CPU.ActiveCfg = Debug|Any CPU
		{F1DD9F8F-8E3B-4F21-B0DA-99B038A1718E}.net_2_0_Debug|Any CPU.Build.0 = Debug|Any CPU
		{F1DD9F8F-8E3B-4F21-B0DA-99B038A1718E}.net_2_0_Debug|Mixed Platforms.ActiveCfg = Debug|Any CPU
		{F1DD9F8F-8E3B-4F21-B0DA-99B038A1718E}.net_2_0_Debug|Mixed Platforms.Build.0 = Debug|Any CPU
		{F1DD9F8F-8E3B-4F21-B0DA-99B038A1718E}.net_2_0_Debug|x86.ActiveCfg = Debug|Any CPU
		{F1DD9F8F-8E3B-4F21-B0DA-99B038A1718E}.net_2_0_Release|Any CPU.ActiveCfg = Release|Any CPU
		{F1DD9F8F-8E3B-4F21-B0DA-99B038A1718E}.net_2_0_Release|Any CPU.Build.0 = Release|Any CPU
		{F1DD9F8F-8E3B-4F21-B0DA-99B038A1718E}.net_2_0_Release|Mixed Platforms.ActiveCfg = Release|Any CPU
		{F1DD9F8F-8E3B-4F21-B0DA-99B038A1718E}.net_2_0_Release|Mixed Platforms.Build.0 = Release|Any CPU
		{F1DD9F8F-8E3B-4F21-B0DA-99B038A1718E}.net_2_0_Release|x86.ActiveCfg = Release|Any CPU
		{F1DD9F8F-8E3B-4F21-B0DA-99B038A1718E}.net_3_5_Debug|Any CPU.ActiveCfg = Debug|Any CPU
		{F1DD9F8F-8E3B-4F21-B0DA-99B038A1718E}.net_3_5_Debug|Any CPU.Build.0 = Debug|Any CPU
		{F1DD9F8F-8E3B-4F21-B0DA-99B038A1718E}.net_3_5_Debug|Mixed Platforms.ActiveCfg = Debug|Any CPU
		{F1DD9F8F-8E3B-4F21-B0DA-99B038A1718E}.net_3_5_Debug|Mixed Platforms.Build.0 = Debug|Any CPU
		{F1DD9F8F-8E3B-4F21-B0DA-99B038A1718E}.net_3_5_Debug|x86.ActiveCfg = Debug|Any CPU
		{F1DD9F8F-8E3B-4F21-B0DA-99B038A1718E}.net_3_5_Release|Any CPU.ActiveCfg = Release|Any CPU
		{F1DD9F8F-8E3B-4F21-B0DA-99B038A1718E}.net_3_5_Release|Any CPU.Build.0 = Release|Any CPU
		{F1DD9F8F-8E3B-4F21-B0DA-99B038A1718E}.net_3_5_Release|Mixed Platforms.ActiveCfg = Release|Any CPU
		{F1DD9F8F-8E3B-4F21-B0DA-99B038A1718E}.net_3_5_Release|Mixed Platforms.Build.0 = Release|Any CPU
		{F1DD9F8F-8E3B-4F21-B0DA-99B038A1718E}.net_3_5_Release|x86.ActiveCfg = Release|Any CPU
		{F1DD9F8F-8E3B-4F21-B0DA-99B038A1718E}.net_4_0_Debug|Any CPU.ActiveCfg = Debug|Any CPU
		{F1DD9F8F-8E3B-4F21-B0DA-99B038A1718E}.net_4_0_Debug|Any CPU.Build.0 = Debug|Any CPU
		{F1DD9F8F-8E3B-4F21-B0DA-99B038A1718E}.net_4_0_Debug|Mixed Platforms.ActiveCfg = Debug|Any CPU
		{F1DD9F8F-8E3B-4F21-B0DA-99B038A1718E}.net_4_0_Debug|Mixed Platforms.Build.0 = Debug|Any CPU
		{F1DD9F8F-8E3B-4F21-B0DA-99B038A1718E}.net_4_0_Debug|x86.ActiveCfg = Debug|Any CPU
		{F1DD9F8F-8E3B-4F21-B0DA-99B038A1718E}.net_4_0_Release|Any CPU.ActiveCfg = Release|Any CPU
		{F1DD9F8F-8E3B-4F21-B0DA-99B038A1718E}.net_4_0_Release|Any CPU.Build.0 = Release|Any CPU
		{F1DD9F8F-8E3B-4F21-B0DA-99B038A1718E}.net_4_0_Release|Mixed Platforms.ActiveCfg = Release|Any CPU
		{F1DD9F8F-8E3B-4F21-B0DA-99B038A1718E}.net_4_0_Release|Mixed Platforms.Build.0 = Release|Any CPU
		{F1DD9F8F-8E3B-4F21-B0DA-99B038A1718E}.net_4_0_Release|x86.ActiveCfg = Release|Any CPU
		{F1DD9F8F-8E3B-4F21-B0DA-99B038A1718E}.Release|Any CPU.ActiveCfg = Release|Any CPU
		{F1DD9F8F-8E3B-4F21-B0DA-99B038A1718E}.Release|Any CPU.Build.0 = Release|Any CPU
		{F1DD9F8F-8E3B-4F21-B0DA-99B038A1718E}.Release|Mixed Platforms.ActiveCfg = Release|Any CPU
		{F1DD9F8F-8E3B-4F21-B0DA-99B038A1718E}.Release|Mixed Platforms.Build.0 = Release|Any CPU
		{F1DD9F8F-8E3B-4F21-B0DA-99B038A1718E}.Release|x86.ActiveCfg = Release|Any CPU
		{F1DD9F8F-8E3B-4F21-B0DA-99B038A1718E}.silverlight_Debug|Any CPU.ActiveCfg = Debug|Any CPU
		{F1DD9F8F-8E3B-4F21-B0DA-99B038A1718E}.silverlight_Debug|Any CPU.Build.0 = Debug|Any CPU
		{F1DD9F8F-8E3B-4F21-B0DA-99B038A1718E}.silverlight_Debug|Mixed Platforms.ActiveCfg = Debug|Any CPU
		{F1DD9F8F-8E3B-4F21-B0DA-99B038A1718E}.silverlight_Debug|Mixed Platforms.Build.0 = Debug|Any CPU
		{F1DD9F8F-8E3B-4F21-B0DA-99B038A1718E}.silverlight_Debug|x86.ActiveCfg = Debug|Any CPU
		{F1DD9F8F-8E3B-4F21-B0DA-99B038A1718E}.silverlight_Release|Any CPU.ActiveCfg = Release|Any CPU
		{F1DD9F8F-8E3B-4F21-B0DA-99B038A1718E}.silverlight_Release|Any CPU.Build.0 = Release|Any CPU
		{F1DD9F8F-8E3B-4F21-B0DA-99B038A1718E}.silverlight_Release|Mixed Platforms.ActiveCfg = Release|Any CPU
		{F1DD9F8F-8E3B-4F21-B0DA-99B038A1718E}.silverlight_Release|Mixed Platforms.Build.0 = Release|Any CPU
		{F1DD9F8F-8E3B-4F21-B0DA-99B038A1718E}.silverlight_Release|x86.ActiveCfg = Release|Any CPU
		{F1DD9F8F-8E3B-4F21-B0DA-99B038A1718E}.winphone_Debug|Any CPU.ActiveCfg = Debug|Any CPU
		{F1DD9F8F-8E3B-4F21-B0DA-99B038A1718E}.winphone_Debug|Any CPU.Build.0 = Debug|Any CPU
		{F1DD9F8F-8E3B-4F21-B0DA-99B038A1718E}.winphone_Debug|Mixed Platforms.ActiveCfg = Debug|Any CPU
		{F1DD9F8F-8E3B-4F21-B0DA-99B038A1718E}.winphone_Debug|Mixed Platforms.Build.0 = Debug|Any CPU
		{F1DD9F8F-8E3B-4F21-B0DA-99B038A1718E}.winphone_Debug|x86.ActiveCfg = Debug|Any CPU
		{F1DD9F8F-8E3B-4F21-B0DA-99B038A1718E}.winphone_Release|Any CPU.ActiveCfg = Release|Any CPU
		{F1DD9F8F-8E3B-4F21-B0DA-99B038A1718E}.winphone_Release|Any CPU.Build.0 = Release|Any CPU
		{F1DD9F8F-8E3B-4F21-B0DA-99B038A1718E}.winphone_Release|Mixed Platforms.ActiveCfg = Release|Any CPU
		{F1DD9F8F-8E3B-4F21-B0DA-99B038A1718E}.winphone_Release|Mixed Platforms.Build.0 = Release|Any CPU
		{F1DD9F8F-8E3B-4F21-B0DA-99B038A1718E}.winphone_Release|x86.ActiveCfg = Release|Any CPU
		{D5561E77-8493-467C-8B81-BCF5BFA8CDAB}.CodeAnalysis|Any CPU.ActiveCfg = Release|Any CPU
		{D5561E77-8493-467C-8B81-BCF5BFA8CDAB}.CodeAnalysis|Any CPU.Build.0 = Release|Any CPU
		{D5561E77-8493-467C-8B81-BCF5BFA8CDAB}.CodeAnalysis|Mixed Platforms.ActiveCfg = Release|Any CPU
		{D5561E77-8493-467C-8B81-BCF5BFA8CDAB}.CodeAnalysis|Mixed Platforms.Build.0 = Release|Any CPU
		{D5561E77-8493-467C-8B81-BCF5BFA8CDAB}.CodeAnalysis|x86.ActiveCfg = Release|Any CPU
		{D5561E77-8493-467C-8B81-BCF5BFA8CDAB}.Debug|Any CPU.ActiveCfg = Debug|Any CPU
		{D5561E77-8493-467C-8B81-BCF5BFA8CDAB}.Debug|Any CPU.Build.0 = Debug|Any CPU
		{D5561E77-8493-467C-8B81-BCF5BFA8CDAB}.Debug|Mixed Platforms.ActiveCfg = Debug|Any CPU
		{D5561E77-8493-467C-8B81-BCF5BFA8CDAB}.Debug|Mixed Platforms.Build.0 = Debug|Any CPU
		{D5561E77-8493-467C-8B81-BCF5BFA8CDAB}.Debug|x86.ActiveCfg = Debug|Any CPU
		{D5561E77-8493-467C-8B81-BCF5BFA8CDAB}.net_2_0_Debug|Any CPU.ActiveCfg = Debug|Any CPU
		{D5561E77-8493-467C-8B81-BCF5BFA8CDAB}.net_2_0_Debug|Any CPU.Build.0 = Debug|Any CPU
		{D5561E77-8493-467C-8B81-BCF5BFA8CDAB}.net_2_0_Debug|Mixed Platforms.ActiveCfg = Debug|Any CPU
		{D5561E77-8493-467C-8B81-BCF5BFA8CDAB}.net_2_0_Debug|Mixed Platforms.Build.0 = Debug|Any CPU
		{D5561E77-8493-467C-8B81-BCF5BFA8CDAB}.net_2_0_Debug|x86.ActiveCfg = Debug|Any CPU
		{D5561E77-8493-467C-8B81-BCF5BFA8CDAB}.net_2_0_Release|Any CPU.ActiveCfg = Release|Any CPU
		{D5561E77-8493-467C-8B81-BCF5BFA8CDAB}.net_2_0_Release|Any CPU.Build.0 = Release|Any CPU
		{D5561E77-8493-467C-8B81-BCF5BFA8CDAB}.net_2_0_Release|Mixed Platforms.ActiveCfg = Release|Any CPU
		{D5561E77-8493-467C-8B81-BCF5BFA8CDAB}.net_2_0_Release|Mixed Platforms.Build.0 = Release|Any CPU
		{D5561E77-8493-467C-8B81-BCF5BFA8CDAB}.net_2_0_Release|x86.ActiveCfg = Release|Any CPU
		{D5561E77-8493-467C-8B81-BCF5BFA8CDAB}.net_3_5_Debug|Any CPU.ActiveCfg = Debug|Any CPU
		{D5561E77-8493-467C-8B81-BCF5BFA8CDAB}.net_3_5_Debug|Any CPU.Build.0 = Debug|Any CPU
		{D5561E77-8493-467C-8B81-BCF5BFA8CDAB}.net_3_5_Debug|Mixed Platforms.ActiveCfg = Debug|Any CPU
		{D5561E77-8493-467C-8B81-BCF5BFA8CDAB}.net_3_5_Debug|Mixed Platforms.Build.0 = Debug|Any CPU
		{D5561E77-8493-467C-8B81-BCF5BFA8CDAB}.net_3_5_Debug|x86.ActiveCfg = Debug|Any CPU
		{D5561E77-8493-467C-8B81-BCF5BFA8CDAB}.net_3_5_Release|Any CPU.ActiveCfg = Release|Any CPU
		{D5561E77-8493-467C-8B81-BCF5BFA8CDAB}.net_3_5_Release|Any CPU.Build.0 = Release|Any CPU
		{D5561E77-8493-467C-8B81-BCF5BFA8CDAB}.net_3_5_Release|Mixed Platforms.ActiveCfg = Release|Any CPU
		{D5561E77-8493-467C-8B81-BCF5BFA8CDAB}.net_3_5_Release|Mixed Platforms.Build.0 = Release|Any CPU
		{D5561E77-8493-467C-8B81-BCF5BFA8CDAB}.net_3_5_Release|x86.ActiveCfg = Release|Any CPU
		{D5561E77-8493-467C-8B81-BCF5BFA8CDAB}.net_4_0_Debug|Any CPU.ActiveCfg = Debug|Any CPU
		{D5561E77-8493-467C-8B81-BCF5BFA8CDAB}.net_4_0_Debug|Any CPU.Build.0 = Debug|Any CPU
		{D5561E77-8493-467C-8B81-BCF5BFA8CDAB}.net_4_0_Debug|Mixed Platforms.ActiveCfg = Debug|Any CPU
		{D5561E77-8493-467C-8B81-BCF5BFA8CDAB}.net_4_0_Debug|Mixed Platforms.Build.0 = Debug|Any CPU
		{D5561E77-8493-467C-8B81-BCF5BFA8CDAB}.net_4_0_Debug|x86.ActiveCfg = Debug|Any CPU
		{D5561E77-8493-467C-8B81-BCF5BFA8CDAB}.net_4_0_Release|Any CPU.ActiveCfg = Release|Any CPU
		{D5561E77-8493-467C-8B81-BCF5BFA8CDAB}.net_4_0_Release|Any CPU.Build.0 = Release|Any CPU
		{D5561E77-8493-467C-8B81-BCF5BFA8CDAB}.net_4_0_Release|Mixed Platforms.ActiveCfg = Release|Any CPU
		{D5561E77-8493-467C-8B81-BCF5BFA8CDAB}.net_4_0_Release|Mixed Platforms.Build.0 = Release|Any CPU
		{D5561E77-8493-467C-8B81-BCF5BFA8CDAB}.net_4_0_Release|x86.ActiveCfg = Release|Any CPU
		{D5561E77-8493-467C-8B81-BCF5BFA8CDAB}.Release|Any CPU.ActiveCfg = Release|Any CPU
		{D5561E77-8493-467C-8B81-BCF5BFA8CDAB}.Release|Any CPU.Build.0 = Release|Any CPU
		{D5561E77-8493-467C-8B81-BCF5BFA8CDAB}.Release|Mixed Platforms.ActiveCfg = Release|Any CPU
		{D5561E77-8493-467C-8B81-BCF5BFA8CDAB}.Release|Mixed Platforms.Build.0 = Release|Any CPU
		{D5561E77-8493-467C-8B81-BCF5BFA8CDAB}.Release|x86.ActiveCfg = Release|Any CPU
		{D5561E77-8493-467C-8B81-BCF5BFA8CDAB}.silverlight_Debug|Any CPU.ActiveCfg = Debug|Any CPU
		{D5561E77-8493-467C-8B81-BCF5BFA8CDAB}.silverlight_Debug|Any CPU.Build.0 = Debug|Any CPU
		{D5561E77-8493-467C-8B81-BCF5BFA8CDAB}.silverlight_Debug|Mixed Platforms.ActiveCfg = Debug|Any CPU
		{D5561E77-8493-467C-8B81-BCF5BFA8CDAB}.silverlight_Debug|Mixed Platforms.Build.0 = Debug|Any CPU
		{D5561E77-8493-467C-8B81-BCF5BFA8CDAB}.silverlight_Debug|x86.ActiveCfg = Debug|Any CPU
		{D5561E77-8493-467C-8B81-BCF5BFA8CDAB}.silverlight_Release|Any CPU.ActiveCfg = Release|Any CPU
		{D5561E77-8493-467C-8B81-BCF5BFA8CDAB}.silverlight_Release|Any CPU.Build.0 = Release|Any CPU
		{D5561E77-8493-467C-8B81-BCF5BFA8CDAB}.silverlight_Release|Mixed Platforms.ActiveCfg = Release|Any CPU
		{D5561E77-8493-467C-8B81-BCF5BFA8CDAB}.silverlight_Release|Mixed Platforms.Build.0 = Release|Any CPU
		{D5561E77-8493-467C-8B81-BCF5BFA8CDAB}.silverlight_Release|x86.ActiveCfg = Release|Any CPU
		{D5561E77-8493-467C-8B81-BCF5BFA8CDAB}.winphone_Debug|Any CPU.ActiveCfg = Debug|Any CPU
		{D5561E77-8493-467C-8B81-BCF5BFA8CDAB}.winphone_Debug|Any CPU.Build.0 = Debug|Any CPU
		{D5561E77-8493-467C-8B81-BCF5BFA8CDAB}.winphone_Debug|Mixed Platforms.ActiveCfg = Debug|Any CPU
		{D5561E77-8493-467C-8B81-BCF5BFA8CDAB}.winphone_Debug|Mixed Platforms.Build.0 = Debug|Any CPU
		{D5561E77-8493-467C-8B81-BCF5BFA8CDAB}.winphone_Debug|x86.ActiveCfg = Debug|Any CPU
		{D5561E77-8493-467C-8B81-BCF5BFA8CDAB}.winphone_Release|Any CPU.ActiveCfg = Release|Any CPU
		{D5561E77-8493-467C-8B81-BCF5BFA8CDAB}.winphone_Release|Any CPU.Build.0 = Release|Any CPU
		{D5561E77-8493-467C-8B81-BCF5BFA8CDAB}.winphone_Release|Mixed Platforms.ActiveCfg = Release|Any CPU
		{D5561E77-8493-467C-8B81-BCF5BFA8CDAB}.winphone_Release|Mixed Platforms.Build.0 = Release|Any CPU
		{D5561E77-8493-467C-8B81-BCF5BFA8CDAB}.winphone_Release|x86.ActiveCfg = Release|Any CPU
		{AA78D112-D889-414B-A7D4-467B34C7B663}.CodeAnalysis|Any CPU.ActiveCfg = CodeAnalysis|Any CPU
		{AA78D112-D889-414B-A7D4-467B34C7B663}.CodeAnalysis|Any CPU.Build.0 = CodeAnalysis|Any CPU
		{AA78D112-D889-414B-A7D4-467B34C7B663}.CodeAnalysis|Mixed Platforms.ActiveCfg = CodeAnalysis|Any CPU
		{AA78D112-D889-414B-A7D4-467B34C7B663}.CodeAnalysis|Mixed Platforms.Build.0 = CodeAnalysis|Any CPU
		{AA78D112-D889-414B-A7D4-467B34C7B663}.CodeAnalysis|x86.ActiveCfg = CodeAnalysis|Any CPU
		{AA78D112-D889-414B-A7D4-467B34C7B663}.Debug|Any CPU.ActiveCfg = Debug|Any CPU
		{AA78D112-D889-414B-A7D4-467B34C7B663}.Debug|Any CPU.Build.0 = Debug|Any CPU
		{AA78D112-D889-414B-A7D4-467B34C7B663}.Debug|Mixed Platforms.ActiveCfg = Debug|Any CPU
		{AA78D112-D889-414B-A7D4-467B34C7B663}.Debug|Mixed Platforms.Build.0 = Debug|Any CPU
		{AA78D112-D889-414B-A7D4-467B34C7B663}.Debug|x86.ActiveCfg = Debug|Any CPU
		{AA78D112-D889-414B-A7D4-467B34C7B663}.net_2_0_Debug|Any CPU.ActiveCfg = Debug|Any CPU
		{AA78D112-D889-414B-A7D4-467B34C7B663}.net_2_0_Debug|Any CPU.Build.0 = Debug|Any CPU
		{AA78D112-D889-414B-A7D4-467B34C7B663}.net_2_0_Debug|Mixed Platforms.ActiveCfg = Debug|Any CPU
		{AA78D112-D889-414B-A7D4-467B34C7B663}.net_2_0_Debug|Mixed Platforms.Build.0 = Debug|Any CPU
		{AA78D112-D889-414B-A7D4-467B34C7B663}.net_2_0_Debug|x86.ActiveCfg = Debug|Any CPU
		{AA78D112-D889-414B-A7D4-467B34C7B663}.net_2_0_Release|Any CPU.ActiveCfg = Release|Any CPU
		{AA78D112-D889-414B-A7D4-467B34C7B663}.net_2_0_Release|Any CPU.Build.0 = Release|Any CPU
		{AA78D112-D889-414B-A7D4-467B34C7B663}.net_2_0_Release|Mixed Platforms.ActiveCfg = Release|Any CPU
		{AA78D112-D889-414B-A7D4-467B34C7B663}.net_2_0_Release|Mixed Platforms.Build.0 = Release|Any CPU
		{AA78D112-D889-414B-A7D4-467B34C7B663}.net_2_0_Release|x86.ActiveCfg = Release|Any CPU
		{AA78D112-D889-414B-A7D4-467B34C7B663}.net_3_5_Debug|Any CPU.ActiveCfg = Debug|Any CPU
		{AA78D112-D889-414B-A7D4-467B34C7B663}.net_3_5_Debug|Any CPU.Build.0 = Debug|Any CPU
		{AA78D112-D889-414B-A7D4-467B34C7B663}.net_3_5_Debug|Mixed Platforms.ActiveCfg = Debug|Any CPU
		{AA78D112-D889-414B-A7D4-467B34C7B663}.net_3_5_Debug|Mixed Platforms.Build.0 = Debug|Any CPU
		{AA78D112-D889-414B-A7D4-467B34C7B663}.net_3_5_Debug|x86.ActiveCfg = Debug|Any CPU
		{AA78D112-D889-414B-A7D4-467B34C7B663}.net_3_5_Release|Any CPU.ActiveCfg = Release|Any CPU
		{AA78D112-D889-414B-A7D4-467B34C7B663}.net_3_5_Release|Any CPU.Build.0 = Release|Any CPU
		{AA78D112-D889-414B-A7D4-467B34C7B663}.net_3_5_Release|Mixed Platforms.ActiveCfg = Release|Any CPU
		{AA78D112-D889-414B-A7D4-467B34C7B663}.net_3_5_Release|Mixed Platforms.Build.0 = Release|Any CPU
		{AA78D112-D889-414B-A7D4-467B34C7B663}.net_3_5_Release|x86.ActiveCfg = Release|Any CPU
		{AA78D112-D889-414B-A7D4-467B34C7B663}.net_4_0_Debug|Any CPU.ActiveCfg = Debug|Any CPU
		{AA78D112-D889-414B-A7D4-467B34C7B663}.net_4_0_Debug|Any CPU.Build.0 = Debug|Any CPU
		{AA78D112-D889-414B-A7D4-467B34C7B663}.net_4_0_Debug|Mixed Platforms.ActiveCfg = Debug|Any CPU
		{AA78D112-D889-414B-A7D4-467B34C7B663}.net_4_0_Debug|Mixed Platforms.Build.0 = Debug|Any CPU
		{AA78D112-D889-414B-A7D4-467B34C7B663}.net_4_0_Debug|x86.ActiveCfg = Debug|Any CPU
		{AA78D112-D889-414B-A7D4-467B34C7B663}.net_4_0_Release|Any CPU.ActiveCfg = Release|Any CPU
		{AA78D112-D889-414B-A7D4-467B34C7B663}.net_4_0_Release|Any CPU.Build.0 = Release|Any CPU
		{AA78D112-D889-414B-A7D4-467B34C7B663}.net_4_0_Release|Mixed Platforms.ActiveCfg = Release|Any CPU
		{AA78D112-D889-414B-A7D4-467B34C7B663}.net_4_0_Release|Mixed Platforms.Build.0 = Release|Any CPU
		{AA78D112-D889-414B-A7D4-467B34C7B663}.net_4_0_Release|x86.ActiveCfg = Release|Any CPU
		{AA78D112-D889-414B-A7D4-467B34C7B663}.Release|Any CPU.ActiveCfg = Release|Any CPU
		{AA78D112-D889-414B-A7D4-467B34C7B663}.Release|Any CPU.Build.0 = Release|Any CPU
		{AA78D112-D889-414B-A7D4-467B34C7B663}.Release|Mixed Platforms.ActiveCfg = Release|Any CPU
		{AA78D112-D889-414B-A7D4-467B34C7B663}.Release|Mixed Platforms.Build.0 = Release|Any CPU
		{AA78D112-D889-414B-A7D4-467B34C7B663}.Release|x86.ActiveCfg = Release|Any CPU
		{AA78D112-D889-414B-A7D4-467B34C7B663}.silverlight_Debug|Any CPU.ActiveCfg = Debug|Any CPU
		{AA78D112-D889-414B-A7D4-467B34C7B663}.silverlight_Debug|Any CPU.Build.0 = Debug|Any CPU
		{AA78D112-D889-414B-A7D4-467B34C7B663}.silverlight_Debug|Mixed Platforms.ActiveCfg = Debug|Any CPU
		{AA78D112-D889-414B-A7D4-467B34C7B663}.silverlight_Debug|Mixed Platforms.Build.0 = Debug|Any CPU
		{AA78D112-D889-414B-A7D4-467B34C7B663}.silverlight_Debug|x86.ActiveCfg = Debug|Any CPU
		{AA78D112-D889-414B-A7D4-467B34C7B663}.silverlight_Release|Any CPU.ActiveCfg = Release|Any CPU
		{AA78D112-D889-414B-A7D4-467B34C7B663}.silverlight_Release|Any CPU.Build.0 = Release|Any CPU
		{AA78D112-D889-414B-A7D4-467B34C7B663}.silverlight_Release|Mixed Platforms.ActiveCfg = Release|Any CPU
		{AA78D112-D889-414B-A7D4-467B34C7B663}.silverlight_Release|Mixed Platforms.Build.0 = Release|Any CPU
		{AA78D112-D889-414B-A7D4-467B34C7B663}.silverlight_Release|x86.ActiveCfg = Release|Any CPU
		{AA78D112-D889-414B-A7D4-467B34C7B663}.winphone_Debug|Any CPU.ActiveCfg = Debug|Any CPU
		{AA78D112-D889-414B-A7D4-467B34C7B663}.winphone_Debug|Any CPU.Build.0 = Debug|Any CPU
		{AA78D112-D889-414B-A7D4-467B34C7B663}.winphone_Debug|Mixed Platforms.ActiveCfg = Debug|Any CPU
		{AA78D112-D889-414B-A7D4-467B34C7B663}.winphone_Debug|Mixed Platforms.Build.0 = Debug|Any CPU
		{AA78D112-D889-414B-A7D4-467B34C7B663}.winphone_Debug|x86.ActiveCfg = Debug|Any CPU
		{AA78D112-D889-414B-A7D4-467B34C7B663}.winphone_Release|Any CPU.ActiveCfg = Release|Any CPU
		{AA78D112-D889-414B-A7D4-467B34C7B663}.winphone_Release|Any CPU.Build.0 = Release|Any CPU
		{AA78D112-D889-414B-A7D4-467B34C7B663}.winphone_Release|Mixed Platforms.ActiveCfg = Release|Any CPU
		{AA78D112-D889-414B-A7D4-467B34C7B663}.winphone_Release|Mixed Platforms.Build.0 = Release|Any CPU
		{AA78D112-D889-414B-A7D4-467B34C7B663}.winphone_Release|x86.ActiveCfg = Release|Any CPU
		{44930A70-2BFF-4634-BD17-1ECB20D9C683}.CodeAnalysis|Any CPU.ActiveCfg = Release|Any CPU
		{44930A70-2BFF-4634-BD17-1ECB20D9C683}.CodeAnalysis|Any CPU.Build.0 = Release|Any CPU
		{44930A70-2BFF-4634-BD17-1ECB20D9C683}.CodeAnalysis|Mixed Platforms.ActiveCfg = Release|Any CPU
		{44930A70-2BFF-4634-BD17-1ECB20D9C683}.CodeAnalysis|Mixed Platforms.Build.0 = Release|Any CPU
		{44930A70-2BFF-4634-BD17-1ECB20D9C683}.CodeAnalysis|x86.ActiveCfg = Release|Any CPU
		{44930A70-2BFF-4634-BD17-1ECB20D9C683}.Debug|Any CPU.ActiveCfg = Debug|Any CPU
		{44930A70-2BFF-4634-BD17-1ECB20D9C683}.Debug|Any CPU.Build.0 = Debug|Any CPU
		{44930A70-2BFF-4634-BD17-1ECB20D9C683}.Debug|Mixed Platforms.ActiveCfg = Debug|Any CPU
		{44930A70-2BFF-4634-BD17-1ECB20D9C683}.Debug|Mixed Platforms.Build.0 = Debug|Any CPU
		{44930A70-2BFF-4634-BD17-1ECB20D9C683}.Debug|x86.ActiveCfg = Debug|Any CPU
		{44930A70-2BFF-4634-BD17-1ECB20D9C683}.net_2_0_Debug|Any CPU.ActiveCfg = Debug|Any CPU
		{44930A70-2BFF-4634-BD17-1ECB20D9C683}.net_2_0_Debug|Any CPU.Build.0 = Debug|Any CPU
		{44930A70-2BFF-4634-BD17-1ECB20D9C683}.net_2_0_Debug|Mixed Platforms.ActiveCfg = Debug|Any CPU
		{44930A70-2BFF-4634-BD17-1ECB20D9C683}.net_2_0_Debug|Mixed Platforms.Build.0 = Debug|Any CPU
		{44930A70-2BFF-4634-BD17-1ECB20D9C683}.net_2_0_Debug|x86.ActiveCfg = Debug|Any CPU
		{44930A70-2BFF-4634-BD17-1ECB20D9C683}.net_2_0_Release|Any CPU.ActiveCfg = Release|Any CPU
		{44930A70-2BFF-4634-BD17-1ECB20D9C683}.net_2_0_Release|Any CPU.Build.0 = Release|Any CPU
		{44930A70-2BFF-4634-BD17-1ECB20D9C683}.net_2_0_Release|Mixed Platforms.ActiveCfg = Release|Any CPU
		{44930A70-2BFF-4634-BD17-1ECB20D9C683}.net_2_0_Release|Mixed Platforms.Build.0 = Release|Any CPU
		{44930A70-2BFF-4634-BD17-1ECB20D9C683}.net_2_0_Release|x86.ActiveCfg = Release|Any CPU
		{44930A70-2BFF-4634-BD17-1ECB20D9C683}.net_3_5_Debug|Any CPU.ActiveCfg = Debug|Any CPU
		{44930A70-2BFF-4634-BD17-1ECB20D9C683}.net_3_5_Debug|Any CPU.Build.0 = Debug|Any CPU
		{44930A70-2BFF-4634-BD17-1ECB20D9C683}.net_3_5_Debug|Mixed Platforms.ActiveCfg = Debug|Any CPU
		{44930A70-2BFF-4634-BD17-1ECB20D9C683}.net_3_5_Debug|Mixed Platforms.Build.0 = Debug|Any CPU
		{44930A70-2BFF-4634-BD17-1ECB20D9C683}.net_3_5_Debug|x86.ActiveCfg = Debug|Any CPU
		{44930A70-2BFF-4634-BD17-1ECB20D9C683}.net_3_5_Release|Any CPU.ActiveCfg = Release|Any CPU
		{44930A70-2BFF-4634-BD17-1ECB20D9C683}.net_3_5_Release|Any CPU.Build.0 = Release|Any CPU
		{44930A70-2BFF-4634-BD17-1ECB20D9C683}.net_3_5_Release|Mixed Platforms.ActiveCfg = Release|Any CPU
		{44930A70-2BFF-4634-BD17-1ECB20D9C683}.net_3_5_Release|Mixed Platforms.Build.0 = Release|Any CPU
		{44930A70-2BFF-4634-BD17-1ECB20D9C683}.net_3_5_Release|x86.ActiveCfg = Release|Any CPU
		{44930A70-2BFF-4634-BD17-1ECB20D9C683}.net_4_0_Debug|Any CPU.ActiveCfg = Debug|Any CPU
		{44930A70-2BFF-4634-BD17-1ECB20D9C683}.net_4_0_Debug|Any CPU.Build.0 = Debug|Any CPU
		{44930A70-2BFF-4634-BD17-1ECB20D9C683}.net_4_0_Debug|Mixed Platforms.ActiveCfg = Debug|Any CPU
		{44930A70-2BFF-4634-BD17-1ECB20D9C683}.net_4_0_Debug|Mixed Platforms.Build.0 = Debug|Any CPU
		{44930A70-2BFF-4634-BD17-1ECB20D9C683}.net_4_0_Debug|x86.ActiveCfg = Debug|Any CPU
		{44930A70-2BFF-4634-BD17-1ECB20D9C683}.net_4_0_Release|Any CPU.ActiveCfg = Release|Any CPU
		{44930A70-2BFF-4634-BD17-1ECB20D9C683}.net_4_0_Release|Any CPU.Build.0 = Release|Any CPU
		{44930A70-2BFF-4634-BD17-1ECB20D9C683}.net_4_0_Release|Mixed Platforms.ActiveCfg = Release|Any CPU
		{44930A70-2BFF-4634-BD17-1ECB20D9C683}.net_4_0_Release|Mixed Platforms.Build.0 = Release|Any CPU
		{44930A70-2BFF-4634-BD17-1ECB20D9C683}.net_4_0_Release|x86.ActiveCfg = Release|Any CPU
		{44930A70-2BFF-4634-BD17-1ECB20D9C683}.Release|Any CPU.ActiveCfg = Release|Any CPU
		{44930A70-2BFF-4634-BD17-1ECB20D9C683}.Release|Any CPU.Build.0 = Release|Any CPU
		{44930A70-2BFF-4634-BD17-1ECB20D9C683}.Release|Mixed Platforms.ActiveCfg = Release|Any CPU
		{44930A70-2BFF-4634-BD17-1ECB20D9C683}.Release|Mixed Platforms.Build.0 = Release|Any CPU
		{44930A70-2BFF-4634-BD17-1ECB20D9C683}.Release|x86.ActiveCfg = Release|Any CPU
		{44930A70-2BFF-4634-BD17-1ECB20D9C683}.silverlight_Debug|Any CPU.ActiveCfg = Debug|Any CPU
		{44930A70-2BFF-4634-BD17-1ECB20D9C683}.silverlight_Debug|Any CPU.Build.0 = Debug|Any CPU
		{44930A70-2BFF-4634-BD17-1ECB20D9C683}.silverlight_Debug|Mixed Platforms.ActiveCfg = Debug|Any CPU
		{44930A70-2BFF-4634-BD17-1ECB20D9C683}.silverlight_Debug|Mixed Platforms.Build.0 = Debug|Any CPU
		{44930A70-2BFF-4634-BD17-1ECB20D9C683}.silverlight_Debug|x86.ActiveCfg = Debug|Any CPU
		{44930A70-2BFF-4634-BD17-1ECB20D9C683}.silverlight_Release|Any CPU.ActiveCfg = Release|Any CPU
		{44930A70-2BFF-4634-BD17-1ECB20D9C683}.silverlight_Release|Any CPU.Build.0 = Release|Any CPU
		{44930A70-2BFF-4634-BD17-1ECB20D9C683}.silverlight_Release|Mixed Platforms.ActiveCfg = Release|Any CPU
		{44930A70-2BFF-4634-BD17-1ECB20D9C683}.silverlight_Release|Mixed Platforms.Build.0 = Release|Any CPU
		{44930A70-2BFF-4634-BD17-1ECB20D9C683}.silverlight_Release|x86.ActiveCfg = Release|Any CPU
		{44930A70-2BFF-4634-BD17-1ECB20D9C683}.winphone_Debug|Any CPU.ActiveCfg = Debug|Any CPU
		{44930A70-2BFF-4634-BD17-1ECB20D9C683}.winphone_Debug|Any CPU.Build.0 = Debug|Any CPU
		{44930A70-2BFF-4634-BD17-1ECB20D9C683}.winphone_Debug|Mixed Platforms.ActiveCfg = Debug|Any CPU
		{44930A70-2BFF-4634-BD17-1ECB20D9C683}.winphone_Debug|Mixed Platforms.Build.0 = Debug|Any CPU
		{44930A70-2BFF-4634-BD17-1ECB20D9C683}.winphone_Debug|x86.ActiveCfg = Debug|Any CPU
		{44930A70-2BFF-4634-BD17-1ECB20D9C683}.winphone_Release|Any CPU.ActiveCfg = Release|Any CPU
		{44930A70-2BFF-4634-BD17-1ECB20D9C683}.winphone_Release|Any CPU.Build.0 = Release|Any CPU
		{44930A70-2BFF-4634-BD17-1ECB20D9C683}.winphone_Release|Mixed Platforms.ActiveCfg = Release|Any CPU
		{44930A70-2BFF-4634-BD17-1ECB20D9C683}.winphone_Release|Mixed Platforms.Build.0 = Release|Any CPU
		{44930A70-2BFF-4634-BD17-1ECB20D9C683}.winphone_Release|x86.ActiveCfg = Release|Any CPU
		{A11FE062-4069-4EC5-B2FF-967DC473F1CC}.CodeAnalysis|Any CPU.ActiveCfg = Release|Any CPU
		{A11FE062-4069-4EC5-B2FF-967DC473F1CC}.CodeAnalysis|Any CPU.Build.0 = Release|Any CPU
		{A11FE062-4069-4EC5-B2FF-967DC473F1CC}.CodeAnalysis|Mixed Platforms.ActiveCfg = Release|Any CPU
		{A11FE062-4069-4EC5-B2FF-967DC473F1CC}.CodeAnalysis|Mixed Platforms.Build.0 = Release|Any CPU
		{A11FE062-4069-4EC5-B2FF-967DC473F1CC}.CodeAnalysis|x86.ActiveCfg = Release|Any CPU
		{A11FE062-4069-4EC5-B2FF-967DC473F1CC}.Debug|Any CPU.ActiveCfg = Debug|Any CPU
		{A11FE062-4069-4EC5-B2FF-967DC473F1CC}.Debug|Any CPU.Build.0 = Debug|Any CPU
		{A11FE062-4069-4EC5-B2FF-967DC473F1CC}.Debug|Mixed Platforms.ActiveCfg = Debug|Any CPU
		{A11FE062-4069-4EC5-B2FF-967DC473F1CC}.Debug|Mixed Platforms.Build.0 = Debug|Any CPU
		{A11FE062-4069-4EC5-B2FF-967DC473F1CC}.Debug|x86.ActiveCfg = Debug|Any CPU
		{A11FE062-4069-4EC5-B2FF-967DC473F1CC}.net_2_0_Debug|Any CPU.ActiveCfg = Debug|Any CPU
		{A11FE062-4069-4EC5-B2FF-967DC473F1CC}.net_2_0_Debug|Any CPU.Build.0 = Debug|Any CPU
		{A11FE062-4069-4EC5-B2FF-967DC473F1CC}.net_2_0_Debug|Mixed Platforms.ActiveCfg = Debug|Any CPU
		{A11FE062-4069-4EC5-B2FF-967DC473F1CC}.net_2_0_Debug|Mixed Platforms.Build.0 = Debug|Any CPU
		{A11FE062-4069-4EC5-B2FF-967DC473F1CC}.net_2_0_Debug|x86.ActiveCfg = Debug|Any CPU
		{A11FE062-4069-4EC5-B2FF-967DC473F1CC}.net_2_0_Release|Any CPU.ActiveCfg = Release|Any CPU
		{A11FE062-4069-4EC5-B2FF-967DC473F1CC}.net_2_0_Release|Any CPU.Build.0 = Release|Any CPU
		{A11FE062-4069-4EC5-B2FF-967DC473F1CC}.net_2_0_Release|Mixed Platforms.ActiveCfg = Release|Any CPU
		{A11FE062-4069-4EC5-B2FF-967DC473F1CC}.net_2_0_Release|Mixed Platforms.Build.0 = Release|Any CPU
		{A11FE062-4069-4EC5-B2FF-967DC473F1CC}.net_2_0_Release|x86.ActiveCfg = Release|Any CPU
		{A11FE062-4069-4EC5-B2FF-967DC473F1CC}.net_3_5_Debug|Any CPU.ActiveCfg = Debug|Any CPU
		{A11FE062-4069-4EC5-B2FF-967DC473F1CC}.net_3_5_Debug|Any CPU.Build.0 = Debug|Any CPU
		{A11FE062-4069-4EC5-B2FF-967DC473F1CC}.net_3_5_Debug|Mixed Platforms.ActiveCfg = Debug|Any CPU
		{A11FE062-4069-4EC5-B2FF-967DC473F1CC}.net_3_5_Debug|Mixed Platforms.Build.0 = Debug|Any CPU
		{A11FE062-4069-4EC5-B2FF-967DC473F1CC}.net_3_5_Debug|x86.ActiveCfg = Debug|Any CPU
		{A11FE062-4069-4EC5-B2FF-967DC473F1CC}.net_3_5_Release|Any CPU.ActiveCfg = Release|Any CPU
		{A11FE062-4069-4EC5-B2FF-967DC473F1CC}.net_3_5_Release|Any CPU.Build.0 = Release|Any CPU
		{A11FE062-4069-4EC5-B2FF-967DC473F1CC}.net_3_5_Release|Mixed Platforms.ActiveCfg = Release|Any CPU
		{A11FE062-4069-4EC5-B2FF-967DC473F1CC}.net_3_5_Release|Mixed Platforms.Build.0 = Release|Any CPU
		{A11FE062-4069-4EC5-B2FF-967DC473F1CC}.net_3_5_Release|x86.ActiveCfg = Release|Any CPU
		{A11FE062-4069-4EC5-B2FF-967DC473F1CC}.net_4_0_Debug|Any CPU.ActiveCfg = Debug|Any CPU
		{A11FE062-4069-4EC5-B2FF-967DC473F1CC}.net_4_0_Debug|Any CPU.Build.0 = Debug|Any CPU
		{A11FE062-4069-4EC5-B2FF-967DC473F1CC}.net_4_0_Debug|Mixed Platforms.ActiveCfg = Debug|Any CPU
		{A11FE062-4069-4EC5-B2FF-967DC473F1CC}.net_4_0_Debug|Mixed Platforms.Build.0 = Debug|Any CPU
		{A11FE062-4069-4EC5-B2FF-967DC473F1CC}.net_4_0_Debug|x86.ActiveCfg = Debug|Any CPU
		{A11FE062-4069-4EC5-B2FF-967DC473F1CC}.net_4_0_Release|Any CPU.ActiveCfg = Release|Any CPU
		{A11FE062-4069-4EC5-B2FF-967DC473F1CC}.net_4_0_Release|Any CPU.Build.0 = Release|Any CPU
		{A11FE062-4069-4EC5-B2FF-967DC473F1CC}.net_4_0_Release|Mixed Platforms.ActiveCfg = Release|Any CPU
		{A11FE062-4069-4EC5-B2FF-967DC473F1CC}.net_4_0_Release|Mixed Platforms.Build.0 = Release|Any CPU
		{A11FE062-4069-4EC5-B2FF-967DC473F1CC}.net_4_0_Release|x86.ActiveCfg = Release|Any CPU
		{A11FE062-4069-4EC5-B2FF-967DC473F1CC}.Release|Any CPU.ActiveCfg = Release|Any CPU
		{A11FE062-4069-4EC5-B2FF-967DC473F1CC}.Release|Any CPU.Build.0 = Release|Any CPU
		{A11FE062-4069-4EC5-B2FF-967DC473F1CC}.Release|Mixed Platforms.ActiveCfg = Release|Any CPU
		{A11FE062-4069-4EC5-B2FF-967DC473F1CC}.Release|Mixed Platforms.Build.0 = Release|Any CPU
		{A11FE062-4069-4EC5-B2FF-967DC473F1CC}.Release|x86.ActiveCfg = Release|Any CPU
		{A11FE062-4069-4EC5-B2FF-967DC473F1CC}.silverlight_Debug|Any CPU.ActiveCfg = Debug|Any CPU
		{A11FE062-4069-4EC5-B2FF-967DC473F1CC}.silverlight_Debug|Any CPU.Build.0 = Debug|Any CPU
		{A11FE062-4069-4EC5-B2FF-967DC473F1CC}.silverlight_Debug|Mixed Platforms.ActiveCfg = Debug|Any CPU
		{A11FE062-4069-4EC5-B2FF-967DC473F1CC}.silverlight_Debug|Mixed Platforms.Build.0 = Debug|Any CPU
		{A11FE062-4069-4EC5-B2FF-967DC473F1CC}.silverlight_Debug|x86.ActiveCfg = Debug|Any CPU
		{A11FE062-4069-4EC5-B2FF-967DC473F1CC}.silverlight_Release|Any CPU.ActiveCfg = Release|Any CPU
		{A11FE062-4069-4EC5-B2FF-967DC473F1CC}.silverlight_Release|Any CPU.Build.0 = Release|Any CPU
		{A11FE062-4069-4EC5-B2FF-967DC473F1CC}.silverlight_Release|Mixed Platforms.ActiveCfg = Release|Any CPU
		{A11FE062-4069-4EC5-B2FF-967DC473F1CC}.silverlight_Release|Mixed Platforms.Build.0 = Release|Any CPU
		{A11FE062-4069-4EC5-B2FF-967DC473F1CC}.silverlight_Release|x86.ActiveCfg = Release|Any CPU
		{A11FE062-4069-4EC5-B2FF-967DC473F1CC}.winphone_Debug|Any CPU.ActiveCfg = Debug|Any CPU
		{A11FE062-4069-4EC5-B2FF-967DC473F1CC}.winphone_Debug|Any CPU.Build.0 = Debug|Any CPU
		{A11FE062-4069-4EC5-B2FF-967DC473F1CC}.winphone_Debug|Mixed Platforms.ActiveCfg = Debug|Any CPU
		{A11FE062-4069-4EC5-B2FF-967DC473F1CC}.winphone_Debug|Mixed Platforms.Build.0 = Debug|Any CPU
		{A11FE062-4069-4EC5-B2FF-967DC473F1CC}.winphone_Debug|x86.ActiveCfg = Debug|Any CPU
		{A11FE062-4069-4EC5-B2FF-967DC473F1CC}.winphone_Release|Any CPU.ActiveCfg = Release|Any CPU
		{A11FE062-4069-4EC5-B2FF-967DC473F1CC}.winphone_Release|Any CPU.Build.0 = Release|Any CPU
		{A11FE062-4069-4EC5-B2FF-967DC473F1CC}.winphone_Release|Mixed Platforms.ActiveCfg = Release|Any CPU
		{A11FE062-4069-4EC5-B2FF-967DC473F1CC}.winphone_Release|Mixed Platforms.Build.0 = Release|Any CPU
		{A11FE062-4069-4EC5-B2FF-967DC473F1CC}.winphone_Release|x86.ActiveCfg = Release|Any CPU
		{B6B63F3C-1D38-4AF5-94AE-55B2160A61FE}.CodeAnalysis|Any CPU.ActiveCfg = Release|Any CPU
		{B6B63F3C-1D38-4AF5-94AE-55B2160A61FE}.CodeAnalysis|Any CPU.Build.0 = Release|Any CPU
		{B6B63F3C-1D38-4AF5-94AE-55B2160A61FE}.CodeAnalysis|Mixed Platforms.ActiveCfg = Release|Any CPU
		{B6B63F3C-1D38-4AF5-94AE-55B2160A61FE}.CodeAnalysis|Mixed Platforms.Build.0 = Release|Any CPU
		{B6B63F3C-1D38-4AF5-94AE-55B2160A61FE}.CodeAnalysis|x86.ActiveCfg = Release|Any CPU
		{B6B63F3C-1D38-4AF5-94AE-55B2160A61FE}.Debug|Any CPU.ActiveCfg = Debug|Any CPU
		{B6B63F3C-1D38-4AF5-94AE-55B2160A61FE}.Debug|Any CPU.Build.0 = Debug|Any CPU
		{B6B63F3C-1D38-4AF5-94AE-55B2160A61FE}.Debug|Mixed Platforms.ActiveCfg = Debug|Any CPU
		{B6B63F3C-1D38-4AF5-94AE-55B2160A61FE}.Debug|Mixed Platforms.Build.0 = Debug|Any CPU
		{B6B63F3C-1D38-4AF5-94AE-55B2160A61FE}.Debug|x86.ActiveCfg = Debug|Any CPU
		{B6B63F3C-1D38-4AF5-94AE-55B2160A61FE}.net_2_0_Debug|Any CPU.ActiveCfg = Debug|Any CPU
		{B6B63F3C-1D38-4AF5-94AE-55B2160A61FE}.net_2_0_Debug|Any CPU.Build.0 = Debug|Any CPU
		{B6B63F3C-1D38-4AF5-94AE-55B2160A61FE}.net_2_0_Debug|Mixed Platforms.ActiveCfg = Debug|Any CPU
		{B6B63F3C-1D38-4AF5-94AE-55B2160A61FE}.net_2_0_Debug|Mixed Platforms.Build.0 = Debug|Any CPU
		{B6B63F3C-1D38-4AF5-94AE-55B2160A61FE}.net_2_0_Debug|x86.ActiveCfg = Debug|Any CPU
		{B6B63F3C-1D38-4AF5-94AE-55B2160A61FE}.net_2_0_Release|Any CPU.ActiveCfg = Release|Any CPU
		{B6B63F3C-1D38-4AF5-94AE-55B2160A61FE}.net_2_0_Release|Any CPU.Build.0 = Release|Any CPU
		{B6B63F3C-1D38-4AF5-94AE-55B2160A61FE}.net_2_0_Release|Mixed Platforms.ActiveCfg = Release|Any CPU
		{B6B63F3C-1D38-4AF5-94AE-55B2160A61FE}.net_2_0_Release|Mixed Platforms.Build.0 = Release|Any CPU
		{B6B63F3C-1D38-4AF5-94AE-55B2160A61FE}.net_2_0_Release|x86.ActiveCfg = Release|Any CPU
		{B6B63F3C-1D38-4AF5-94AE-55B2160A61FE}.net_3_5_Debug|Any CPU.ActiveCfg = Debug|Any CPU
		{B6B63F3C-1D38-4AF5-94AE-55B2160A61FE}.net_3_5_Debug|Any CPU.Build.0 = Debug|Any CPU
		{B6B63F3C-1D38-4AF5-94AE-55B2160A61FE}.net_3_5_Debug|Mixed Platforms.ActiveCfg = Debug|Any CPU
		{B6B63F3C-1D38-4AF5-94AE-55B2160A61FE}.net_3_5_Debug|Mixed Platforms.Build.0 = Debug|Any CPU
		{B6B63F3C-1D38-4AF5-94AE-55B2160A61FE}.net_3_5_Debug|x86.ActiveCfg = Debug|Any CPU
		{B6B63F3C-1D38-4AF5-94AE-55B2160A61FE}.net_3_5_Release|Any CPU.ActiveCfg = Release|Any CPU
		{B6B63F3C-1D38-4AF5-94AE-55B2160A61FE}.net_3_5_Release|Any CPU.Build.0 = Release|Any CPU
		{B6B63F3C-1D38-4AF5-94AE-55B2160A61FE}.net_3_5_Release|Mixed Platforms.ActiveCfg = Release|Any CPU
		{B6B63F3C-1D38-4AF5-94AE-55B2160A61FE}.net_3_5_Release|Mixed Platforms.Build.0 = Release|Any CPU
		{B6B63F3C-1D38-4AF5-94AE-55B2160A61FE}.net_3_5_Release|x86.ActiveCfg = Release|Any CPU
		{B6B63F3C-1D38-4AF5-94AE-55B2160A61FE}.net_4_0_Debug|Any CPU.ActiveCfg = Debug|Any CPU
		{B6B63F3C-1D38-4AF5-94AE-55B2160A61FE}.net_4_0_Debug|Any CPU.Build.0 = Debug|Any CPU
		{B6B63F3C-1D38-4AF5-94AE-55B2160A61FE}.net_4_0_Debug|Mixed Platforms.ActiveCfg = Debug|Any CPU
		{B6B63F3C-1D38-4AF5-94AE-55B2160A61FE}.net_4_0_Debug|Mixed Platforms.Build.0 = Debug|Any CPU
		{B6B63F3C-1D38-4AF5-94AE-55B2160A61FE}.net_4_0_Debug|x86.ActiveCfg = Debug|Any CPU
		{B6B63F3C-1D38-4AF5-94AE-55B2160A61FE}.net_4_0_Release|Any CPU.ActiveCfg = Release|Any CPU
		{B6B63F3C-1D38-4AF5-94AE-55B2160A61FE}.net_4_0_Release|Any CPU.Build.0 = Release|Any CPU
		{B6B63F3C-1D38-4AF5-94AE-55B2160A61FE}.net_4_0_Release|Mixed Platforms.ActiveCfg = Release|Any CPU
		{B6B63F3C-1D38-4AF5-94AE-55B2160A61FE}.net_4_0_Release|Mixed Platforms.Build.0 = Release|Any CPU
		{B6B63F3C-1D38-4AF5-94AE-55B2160A61FE}.net_4_0_Release|x86.ActiveCfg = Release|Any CPU
		{B6B63F3C-1D38-4AF5-94AE-55B2160A61FE}.Release|Any CPU.ActiveCfg = Release|Any CPU
		{B6B63F3C-1D38-4AF5-94AE-55B2160A61FE}.Release|Any CPU.Build.0 = Release|Any CPU
		{B6B63F3C-1D38-4AF5-94AE-55B2160A61FE}.Release|Mixed Platforms.ActiveCfg = Release|Any CPU
		{B6B63F3C-1D38-4AF5-94AE-55B2160A61FE}.Release|Mixed Platforms.Build.0 = Release|Any CPU
		{B6B63F3C-1D38-4AF5-94AE-55B2160A61FE}.Release|x86.ActiveCfg = Release|Any CPU
		{B6B63F3C-1D38-4AF5-94AE-55B2160A61FE}.silverlight_Debug|Any CPU.ActiveCfg = Debug|Any CPU
		{B6B63F3C-1D38-4AF5-94AE-55B2160A61FE}.silverlight_Debug|Any CPU.Build.0 = Debug|Any CPU
		{B6B63F3C-1D38-4AF5-94AE-55B2160A61FE}.silverlight_Debug|Mixed Platforms.ActiveCfg = Debug|Any CPU
		{B6B63F3C-1D38-4AF5-94AE-55B2160A61FE}.silverlight_Debug|Mixed Platforms.Build.0 = Debug|Any CPU
		{B6B63F3C-1D38-4AF5-94AE-55B2160A61FE}.silverlight_Debug|x86.ActiveCfg = Debug|Any CPU
		{B6B63F3C-1D38-4AF5-94AE-55B2160A61FE}.silverlight_Release|Any CPU.ActiveCfg = Release|Any CPU
		{B6B63F3C-1D38-4AF5-94AE-55B2160A61FE}.silverlight_Release|Any CPU.Build.0 = Release|Any CPU
		{B6B63F3C-1D38-4AF5-94AE-55B2160A61FE}.silverlight_Release|Mixed Platforms.ActiveCfg = Release|Any CPU
		{B6B63F3C-1D38-4AF5-94AE-55B2160A61FE}.silverlight_Release|Mixed Platforms.Build.0 = Release|Any CPU
		{B6B63F3C-1D38-4AF5-94AE-55B2160A61FE}.silverlight_Release|x86.ActiveCfg = Release|Any CPU
		{B6B63F3C-1D38-4AF5-94AE-55B2160A61FE}.winphone_Debug|Any CPU.ActiveCfg = Debug|Any CPU
		{B6B63F3C-1D38-4AF5-94AE-55B2160A61FE}.winphone_Debug|Any CPU.Build.0 = Debug|Any CPU
		{B6B63F3C-1D38-4AF5-94AE-55B2160A61FE}.winphone_Debug|Mixed Platforms.ActiveCfg = Debug|Any CPU
		{B6B63F3C-1D38-4AF5-94AE-55B2160A61FE}.winphone_Debug|Mixed Platforms.Build.0 = Debug|Any CPU
		{B6B63F3C-1D38-4AF5-94AE-55B2160A61FE}.winphone_Debug|x86.ActiveCfg = Debug|Any CPU
		{B6B63F3C-1D38-4AF5-94AE-55B2160A61FE}.winphone_Release|Any CPU.ActiveCfg = Release|Any CPU
		{B6B63F3C-1D38-4AF5-94AE-55B2160A61FE}.winphone_Release|Any CPU.Build.0 = Release|Any CPU
		{B6B63F3C-1D38-4AF5-94AE-55B2160A61FE}.winphone_Release|Mixed Platforms.ActiveCfg = Release|Any CPU
		{B6B63F3C-1D38-4AF5-94AE-55B2160A61FE}.winphone_Release|Mixed Platforms.Build.0 = Release|Any CPU
		{B6B63F3C-1D38-4AF5-94AE-55B2160A61FE}.winphone_Release|x86.ActiveCfg = Release|Any CPU
		{8FEC2D94-732E-4C80-87C0-CD34BF2E5814}.CodeAnalysis|Any CPU.ActiveCfg = Release|x86
		{8FEC2D94-732E-4C80-87C0-CD34BF2E5814}.CodeAnalysis|Mixed Platforms.ActiveCfg = Release|x86
		{8FEC2D94-732E-4C80-87C0-CD34BF2E5814}.CodeAnalysis|Mixed Platforms.Build.0 = Release|x86
		{8FEC2D94-732E-4C80-87C0-CD34BF2E5814}.CodeAnalysis|x86.ActiveCfg = Release|x86
		{8FEC2D94-732E-4C80-87C0-CD34BF2E5814}.CodeAnalysis|x86.Build.0 = Release|x86
		{8FEC2D94-732E-4C80-87C0-CD34BF2E5814}.Debug|Any CPU.ActiveCfg = Debug|x86
		{8FEC2D94-732E-4C80-87C0-CD34BF2E5814}.Debug|Mixed Platforms.ActiveCfg = Debug|x86
		{8FEC2D94-732E-4C80-87C0-CD34BF2E5814}.Debug|Mixed Platforms.Build.0 = Debug|x86
		{8FEC2D94-732E-4C80-87C0-CD34BF2E5814}.Debug|x86.ActiveCfg = Debug|x86
		{8FEC2D94-732E-4C80-87C0-CD34BF2E5814}.Debug|x86.Build.0 = Debug|x86
		{8FEC2D94-732E-4C80-87C0-CD34BF2E5814}.net_2_0_Debug|Any CPU.ActiveCfg = Debug|x86
		{8FEC2D94-732E-4C80-87C0-CD34BF2E5814}.net_2_0_Debug|Mixed Platforms.ActiveCfg = Debug|x86
		{8FEC2D94-732E-4C80-87C0-CD34BF2E5814}.net_2_0_Debug|Mixed Platforms.Build.0 = Debug|x86
		{8FEC2D94-732E-4C80-87C0-CD34BF2E5814}.net_2_0_Debug|x86.ActiveCfg = Debug|x86
		{8FEC2D94-732E-4C80-87C0-CD34BF2E5814}.net_2_0_Debug|x86.Build.0 = Debug|x86
		{8FEC2D94-732E-4C80-87C0-CD34BF2E5814}.net_2_0_Release|Any CPU.ActiveCfg = Release|x86
		{8FEC2D94-732E-4C80-87C0-CD34BF2E5814}.net_2_0_Release|Mixed Platforms.ActiveCfg = Release|x86
		{8FEC2D94-732E-4C80-87C0-CD34BF2E5814}.net_2_0_Release|Mixed Platforms.Build.0 = Release|x86
		{8FEC2D94-732E-4C80-87C0-CD34BF2E5814}.net_2_0_Release|x86.ActiveCfg = Release|x86
		{8FEC2D94-732E-4C80-87C0-CD34BF2E5814}.net_2_0_Release|x86.Build.0 = Release|x86
		{8FEC2D94-732E-4C80-87C0-CD34BF2E5814}.net_3_5_Debug|Any CPU.ActiveCfg = Debug|x86
		{8FEC2D94-732E-4C80-87C0-CD34BF2E5814}.net_3_5_Debug|Mixed Platforms.ActiveCfg = Debug|x86
		{8FEC2D94-732E-4C80-87C0-CD34BF2E5814}.net_3_5_Debug|Mixed Platforms.Build.0 = Debug|x86
		{8FEC2D94-732E-4C80-87C0-CD34BF2E5814}.net_3_5_Debug|x86.ActiveCfg = Debug|x86
		{8FEC2D94-732E-4C80-87C0-CD34BF2E5814}.net_3_5_Debug|x86.Build.0 = Debug|x86
		{8FEC2D94-732E-4C80-87C0-CD34BF2E5814}.net_3_5_Release|Any CPU.ActiveCfg = Release|x86
		{8FEC2D94-732E-4C80-87C0-CD34BF2E5814}.net_3_5_Release|Mixed Platforms.ActiveCfg = Release|x86
		{8FEC2D94-732E-4C80-87C0-CD34BF2E5814}.net_3_5_Release|Mixed Platforms.Build.0 = Release|x86
		{8FEC2D94-732E-4C80-87C0-CD34BF2E5814}.net_3_5_Release|x86.ActiveCfg = Release|x86
		{8FEC2D94-732E-4C80-87C0-CD34BF2E5814}.net_3_5_Release|x86.Build.0 = Release|x86
		{8FEC2D94-732E-4C80-87C0-CD34BF2E5814}.net_4_0_Debug|Any CPU.ActiveCfg = Debug|x86
		{8FEC2D94-732E-4C80-87C0-CD34BF2E5814}.net_4_0_Debug|Mixed Platforms.ActiveCfg = Debug|x86
		{8FEC2D94-732E-4C80-87C0-CD34BF2E5814}.net_4_0_Debug|Mixed Platforms.Build.0 = Debug|x86
		{8FEC2D94-732E-4C80-87C0-CD34BF2E5814}.net_4_0_Debug|x86.ActiveCfg = Debug|x86
		{8FEC2D94-732E-4C80-87C0-CD34BF2E5814}.net_4_0_Debug|x86.Build.0 = Debug|x86
		{8FEC2D94-732E-4C80-87C0-CD34BF2E5814}.net_4_0_Release|Any CPU.ActiveCfg = Release|x86
		{8FEC2D94-732E-4C80-87C0-CD34BF2E5814}.net_4_0_Release|Mixed Platforms.ActiveCfg = Release|x86
		{8FEC2D94-732E-4C80-87C0-CD34BF2E5814}.net_4_0_Release|Mixed Platforms.Build.0 = Release|x86
		{8FEC2D94-732E-4C80-87C0-CD34BF2E5814}.net_4_0_Release|x86.ActiveCfg = Release|x86
		{8FEC2D94-732E-4C80-87C0-CD34BF2E5814}.net_4_0_Release|x86.Build.0 = Release|x86
		{8FEC2D94-732E-4C80-87C0-CD34BF2E5814}.Release|Any CPU.ActiveCfg = Release|x86
		{8FEC2D94-732E-4C80-87C0-CD34BF2E5814}.Release|Mixed Platforms.ActiveCfg = Release|x86
		{8FEC2D94-732E-4C80-87C0-CD34BF2E5814}.Release|Mixed Platforms.Build.0 = Release|x86
		{8FEC2D94-732E-4C80-87C0-CD34BF2E5814}.Release|x86.ActiveCfg = Release|x86
		{8FEC2D94-732E-4C80-87C0-CD34BF2E5814}.Release|x86.Build.0 = Release|x86
		{8FEC2D94-732E-4C80-87C0-CD34BF2E5814}.silverlight_Debug|Any CPU.ActiveCfg = Debug|x86
		{8FEC2D94-732E-4C80-87C0-CD34BF2E5814}.silverlight_Debug|Mixed Platforms.ActiveCfg = Debug|x86
		{8FEC2D94-732E-4C80-87C0-CD34BF2E5814}.silverlight_Debug|Mixed Platforms.Build.0 = Debug|x86
		{8FEC2D94-732E-4C80-87C0-CD34BF2E5814}.silverlight_Debug|x86.ActiveCfg = Debug|x86
		{8FEC2D94-732E-4C80-87C0-CD34BF2E5814}.silverlight_Debug|x86.Build.0 = Debug|x86
		{8FEC2D94-732E-4C80-87C0-CD34BF2E5814}.silverlight_Release|Any CPU.ActiveCfg = Release|x86
		{8FEC2D94-732E-4C80-87C0-CD34BF2E5814}.silverlight_Release|Mixed Platforms.ActiveCfg = Release|x86
		{8FEC2D94-732E-4C80-87C0-CD34BF2E5814}.silverlight_Release|Mixed Platforms.Build.0 = Release|x86
		{8FEC2D94-732E-4C80-87C0-CD34BF2E5814}.silverlight_Release|x86.ActiveCfg = Release|x86
		{8FEC2D94-732E-4C80-87C0-CD34BF2E5814}.silverlight_Release|x86.Build.0 = Release|x86
		{8FEC2D94-732E-4C80-87C0-CD34BF2E5814}.winphone_Debug|Any CPU.ActiveCfg = Debug|x86
		{8FEC2D94-732E-4C80-87C0-CD34BF2E5814}.winphone_Debug|Mixed Platforms.ActiveCfg = Debug|x86
		{8FEC2D94-732E-4C80-87C0-CD34BF2E5814}.winphone_Debug|Mixed Platforms.Build.0 = Debug|x86
		{8FEC2D94-732E-4C80-87C0-CD34BF2E5814}.winphone_Debug|x86.ActiveCfg = Debug|x86
		{8FEC2D94-732E-4C80-87C0-CD34BF2E5814}.winphone_Debug|x86.Build.0 = Debug|x86
		{8FEC2D94-732E-4C80-87C0-CD34BF2E5814}.winphone_Release|Any CPU.ActiveCfg = Release|x86
		{8FEC2D94-732E-4C80-87C0-CD34BF2E5814}.winphone_Release|Mixed Platforms.ActiveCfg = Release|x86
		{8FEC2D94-732E-4C80-87C0-CD34BF2E5814}.winphone_Release|Mixed Platforms.Build.0 = Release|x86
		{8FEC2D94-732E-4C80-87C0-CD34BF2E5814}.winphone_Release|x86.ActiveCfg = Release|x86
		{8FEC2D94-732E-4C80-87C0-CD34BF2E5814}.winphone_Release|x86.Build.0 = Release|x86
		{D68133BD-1E63-496E-9EDE-4FBDBF77B486}.CodeAnalysis|Any CPU.ActiveCfg = winphone_Release|Any CPU
		{D68133BD-1E63-496E-9EDE-4FBDBF77B486}.CodeAnalysis|Any CPU.Build.0 = winphone_Release|Any CPU
		{D68133BD-1E63-496E-9EDE-4FBDBF77B486}.CodeAnalysis|Mixed Platforms.ActiveCfg = winphone_Release|Any CPU
		{D68133BD-1E63-496E-9EDE-4FBDBF77B486}.CodeAnalysis|Mixed Platforms.Build.0 = winphone_Release|Any CPU
		{D68133BD-1E63-496E-9EDE-4FBDBF77B486}.CodeAnalysis|x86.ActiveCfg = winphone_Release|Any CPU
		{D68133BD-1E63-496E-9EDE-4FBDBF77B486}.Debug|Any CPU.ActiveCfg = winphone_Debug|Any CPU
		{D68133BD-1E63-496E-9EDE-4FBDBF77B486}.Debug|Any CPU.Build.0 = winphone_Debug|Any CPU
		{D68133BD-1E63-496E-9EDE-4FBDBF77B486}.Debug|Mixed Platforms.ActiveCfg = net_4_0_Debug|Any CPU
		{D68133BD-1E63-496E-9EDE-4FBDBF77B486}.Debug|Mixed Platforms.Build.0 = net_4_0_Debug|Any CPU
		{D68133BD-1E63-496E-9EDE-4FBDBF77B486}.Debug|x86.ActiveCfg = winphone_Release|Any CPU
		{D68133BD-1E63-496E-9EDE-4FBDBF77B486}.net_2_0_Debug|Any CPU.ActiveCfg = net_2_0_Debug|Any CPU
		{D68133BD-1E63-496E-9EDE-4FBDBF77B486}.net_2_0_Debug|Any CPU.Build.0 = net_2_0_Debug|Any CPU
		{D68133BD-1E63-496E-9EDE-4FBDBF77B486}.net_2_0_Debug|Mixed Platforms.ActiveCfg = net_2_0_Debug|Any CPU
		{D68133BD-1E63-496E-9EDE-4FBDBF77B486}.net_2_0_Debug|Mixed Platforms.Build.0 = net_2_0_Debug|Any CPU
		{D68133BD-1E63-496E-9EDE-4FBDBF77B486}.net_2_0_Debug|x86.ActiveCfg = net_2_0_Debug|Any CPU
		{D68133BD-1E63-496E-9EDE-4FBDBF77B486}.net_2_0_Release|Any CPU.ActiveCfg = net_2_0_Release|Any CPU
		{D68133BD-1E63-496E-9EDE-4FBDBF77B486}.net_2_0_Release|Any CPU.Build.0 = net_2_0_Release|Any CPU
		{D68133BD-1E63-496E-9EDE-4FBDBF77B486}.net_2_0_Release|Mixed Platforms.ActiveCfg = net_2_0_Release|Any CPU
		{D68133BD-1E63-496E-9EDE-4FBDBF77B486}.net_2_0_Release|Mixed Platforms.Build.0 = net_2_0_Release|Any CPU
		{D68133BD-1E63-496E-9EDE-4FBDBF77B486}.net_2_0_Release|x86.ActiveCfg = net_2_0_Release|Any CPU
		{D68133BD-1E63-496E-9EDE-4FBDBF77B486}.net_3_5_Debug|Any CPU.ActiveCfg = net_3_5_Debug|Any CPU
		{D68133BD-1E63-496E-9EDE-4FBDBF77B486}.net_3_5_Debug|Any CPU.Build.0 = net_3_5_Debug|Any CPU
		{D68133BD-1E63-496E-9EDE-4FBDBF77B486}.net_3_5_Debug|Mixed Platforms.ActiveCfg = net_3_5_Debug|Any CPU
		{D68133BD-1E63-496E-9EDE-4FBDBF77B486}.net_3_5_Debug|Mixed Platforms.Build.0 = net_3_5_Debug|Any CPU
		{D68133BD-1E63-496E-9EDE-4FBDBF77B486}.net_3_5_Debug|x86.ActiveCfg = net_3_5_Debug|Any CPU
		{D68133BD-1E63-496E-9EDE-4FBDBF77B486}.net_3_5_Release|Any CPU.ActiveCfg = net_3_5_Release|Any CPU
		{D68133BD-1E63-496E-9EDE-4FBDBF77B486}.net_3_5_Release|Any CPU.Build.0 = net_3_5_Release|Any CPU
		{D68133BD-1E63-496E-9EDE-4FBDBF77B486}.net_3_5_Release|Mixed Platforms.ActiveCfg = net_3_5_Release|Any CPU
		{D68133BD-1E63-496E-9EDE-4FBDBF77B486}.net_3_5_Release|Mixed Platforms.Build.0 = net_3_5_Release|Any CPU
		{D68133BD-1E63-496E-9EDE-4FBDBF77B486}.net_3_5_Release|x86.ActiveCfg = net_3_5_Release|Any CPU
		{D68133BD-1E63-496E-9EDE-4FBDBF77B486}.net_4_0_Debug|Any CPU.ActiveCfg = net_4_0_Debug|Any CPU
		{D68133BD-1E63-496E-9EDE-4FBDBF77B486}.net_4_0_Debug|Any CPU.Build.0 = net_4_0_Debug|Any CPU
		{D68133BD-1E63-496E-9EDE-4FBDBF77B486}.net_4_0_Debug|Mixed Platforms.ActiveCfg = net_4_0_Debug|Any CPU
		{D68133BD-1E63-496E-9EDE-4FBDBF77B486}.net_4_0_Debug|Mixed Platforms.Build.0 = net_4_0_Debug|Any CPU
		{D68133BD-1E63-496E-9EDE-4FBDBF77B486}.net_4_0_Debug|x86.ActiveCfg = net_4_0_Debug|Any CPU
		{D68133BD-1E63-496E-9EDE-4FBDBF77B486}.net_4_0_Release|Any CPU.ActiveCfg = net_4_0_Release|Any CPU
		{D68133BD-1E63-496E-9EDE-4FBDBF77B486}.net_4_0_Release|Any CPU.Build.0 = net_4_0_Release|Any CPU
		{D68133BD-1E63-496E-9EDE-4FBDBF77B486}.net_4_0_Release|Mixed Platforms.ActiveCfg = net_4_0_Release|Any CPU
		{D68133BD-1E63-496E-9EDE-4FBDBF77B486}.net_4_0_Release|Mixed Platforms.Build.0 = net_4_0_Release|Any CPU
		{D68133BD-1E63-496E-9EDE-4FBDBF77B486}.net_4_0_Release|x86.ActiveCfg = net_4_0_Release|Any CPU
		{D68133BD-1E63-496E-9EDE-4FBDBF77B486}.Release|Any CPU.ActiveCfg = winphone_Release|Any CPU
		{D68133BD-1E63-496E-9EDE-4FBDBF77B486}.Release|Any CPU.Build.0 = winphone_Release|Any CPU
		{D68133BD-1E63-496E-9EDE-4FBDBF77B486}.Release|Mixed Platforms.ActiveCfg = net_4_0_Release|Any CPU
		{D68133BD-1E63-496E-9EDE-4FBDBF77B486}.Release|Mixed Platforms.Build.0 = net_4_0_Release|Any CPU
		{D68133BD-1E63-496E-9EDE-4FBDBF77B486}.Release|x86.ActiveCfg = winphone_Release|Any CPU
		{D68133BD-1E63-496E-9EDE-4FBDBF77B486}.silverlight_Debug|Any CPU.ActiveCfg = silverlight_Debug|Any CPU
		{D68133BD-1E63-496E-9EDE-4FBDBF77B486}.silverlight_Debug|Any CPU.Build.0 = silverlight_Debug|Any CPU
		{D68133BD-1E63-496E-9EDE-4FBDBF77B486}.silverlight_Debug|Mixed Platforms.ActiveCfg = silverlight_Debug|Any CPU
		{D68133BD-1E63-496E-9EDE-4FBDBF77B486}.silverlight_Debug|Mixed Platforms.Build.0 = silverlight_Debug|Any CPU
		{D68133BD-1E63-496E-9EDE-4FBDBF77B486}.silverlight_Debug|x86.ActiveCfg = silverlight_Debug|Any CPU
		{D68133BD-1E63-496E-9EDE-4FBDBF77B486}.silverlight_Release|Any CPU.ActiveCfg = silverlight_Release|Any CPU
		{D68133BD-1E63-496E-9EDE-4FBDBF77B486}.silverlight_Release|Any CPU.Build.0 = silverlight_Release|Any CPU
		{D68133BD-1E63-496E-9EDE-4FBDBF77B486}.silverlight_Release|Mixed Platforms.ActiveCfg = silverlight_Release|Any CPU
		{D68133BD-1E63-496E-9EDE-4FBDBF77B486}.silverlight_Release|Mixed Platforms.Build.0 = silverlight_Release|Any CPU
		{D68133BD-1E63-496E-9EDE-4FBDBF77B486}.silverlight_Release|x86.ActiveCfg = silverlight_Release|Any CPU
		{D68133BD-1E63-496E-9EDE-4FBDBF77B486}.winphone_Debug|Any CPU.ActiveCfg = winphone_Debug|Any CPU
		{D68133BD-1E63-496E-9EDE-4FBDBF77B486}.winphone_Debug|Any CPU.Build.0 = winphone_Debug|Any CPU
		{D68133BD-1E63-496E-9EDE-4FBDBF77B486}.winphone_Debug|Mixed Platforms.ActiveCfg = winphone_Debug|Any CPU
		{D68133BD-1E63-496E-9EDE-4FBDBF77B486}.winphone_Debug|Mixed Platforms.Build.0 = winphone_Debug|Any CPU
		{D68133BD-1E63-496E-9EDE-4FBDBF77B486}.winphone_Debug|x86.ActiveCfg = winphone_Debug|Any CPU
		{D68133BD-1E63-496E-9EDE-4FBDBF77B486}.winphone_Release|Any CPU.ActiveCfg = winphone_Release|Any CPU
		{D68133BD-1E63-496E-9EDE-4FBDBF77B486}.winphone_Release|Any CPU.Build.0 = winphone_Release|Any CPU
		{D68133BD-1E63-496E-9EDE-4FBDBF77B486}.winphone_Release|Mixed Platforms.ActiveCfg = winphone_Release|Any CPU
		{D68133BD-1E63-496E-9EDE-4FBDBF77B486}.winphone_Release|Mixed Platforms.Build.0 = winphone_Release|Any CPU
		{D68133BD-1E63-496E-9EDE-4FBDBF77B486}.winphone_Release|x86.ActiveCfg = winphone_Release|Any CPU
	EndGlobalSection
	GlobalSection(SolutionProperties) = preSolution
		HideSolutionNode = FALSE
	EndGlobalSection
EndGlobal
